// !$*UTF8*$!
{
	archiveVersion = 1;
	classes = {
	};
	objectVersion = 48;
	objects = {

/* Begin PBXBuildFile section */
		4523723B20C94B8B00156C58 /* res in CopyFiles */ = {isa = PBXBuildFile; fileRef = 4523723A20C8ECA500156C58 /* res */; };
		4523723C20C94B9300156C58 /* lib in CopyFiles */ = {isa = PBXBuildFile; fileRef = 4523723920C8EC8C00156C58 /* lib */; };
		457248E22020AAC600349683 /* main.swift in Sources */ = {isa = PBXBuildFile; fileRef = 457248E12020AAC600349683 /* main.swift */; };
		457248EB2020ABE200349683 /* invoke.c in Sources */ = {isa = PBXBuildFile; fileRef = 457248EA2020ABE200349683 /* invoke.c */; };
		457249342020AFAA00349683 /* libc.tbd in Frameworks */ = {isa = PBXBuildFile; fileRef = 457249332020AFAA00349683 /* libc.tbd */; };
		457249362020AFB400349683 /* libpthread.tbd in Frameworks */ = {isa = PBXBuildFile; fileRef = 457249352020AFB400349683 /* libpthread.tbd */; };
		4581C6C9226DAA3600E88538 /* garbage.c in Sources */ = {isa = PBXBuildFile; fileRef = 4581C62B226DAA3500E88538 /* garbage.c */; };
		4581C6CA226DAA3600E88538 /* runtime.c in Sources */ = {isa = PBXBuildFile; fileRef = 4581C62C226DAA3500E88538 /* runtime.c */; };
		4581C6CB226DAA3600E88538 /* jvm.c in Sources */ = {isa = PBXBuildFile; fileRef = 4581C62D226DAA3500E88538 /* jvm.c */; };
		4581C6CC226DAA3600E88538 /* class.c in Sources */ = {isa = PBXBuildFile; fileRef = 4581C62F226DAA3500E88538 /* class.c */; };
		4581C6CD226DAA3600E88538 /* jvm_util.c in Sources */ = {isa = PBXBuildFile; fileRef = 4581C630226DAA3500E88538 /* jvm_util.c */; };
		4581C6CE226DAA3600E88538 /* java_native_std.c in Sources */ = {isa = PBXBuildFile; fileRef = 4581C636226DAA3500E88538 /* java_native_std.c */; };
		4581C6CF226DAA3600E88538 /* class_load.c in Sources */ = {isa = PBXBuildFile; fileRef = 4581C638226DAA3500E88538 /* class_load.c */; };
		4581C6D0226DAA3600E88538 /* jdwp.c in Sources */ = {isa = PBXBuildFile; fileRef = 4581C639226DAA3500E88538 /* jdwp.c */; };
		4581C6D1226DAA3600E88538 /* interpreter.c in Sources */ = {isa = PBXBuildFile; fileRef = 4581C63A226DAA3500E88538 /* interpreter.c */; };
		4581C6D2226DAA3600E88538 /* java_native_reflect.c in Sources */ = {isa = PBXBuildFile; fileRef = 4581C63B226DAA3500E88538 /* java_native_reflect.c */; };
		4581C6D3226DAA3600E88538 /* global.c in Sources */ = {isa = PBXBuildFile; fileRef = 4581C63C226DAA3500E88538 /* global.c */; };
		4581C6D4226DAA3600E88538 /* java_native_io.c in Sources */ = {isa = PBXBuildFile; fileRef = 4581C63D226DAA3500E88538 /* java_native_io.c */; };
		4581C6D5226DAA3600E88538 /* ltalloc.c in Sources */ = {isa = PBXBuildFile; fileRef = 4581C641226DAA3500E88538 /* ltalloc.c */; };
		4581C6D6226DAA3600E88538 /* miniz.c in Sources */ = {isa = PBXBuildFile; fileRef = 4581C642226DAA3500E88538 /* miniz.c */; };
		4581C6D7226DAA3600E88538 /* hashset.c in Sources */ = {isa = PBXBuildFile; fileRef = 4581C646226DAA3500E88538 /* hashset.c */; };
		4581C6D8226DAA3600E88538 /* tinycthread.c in Sources */ = {isa = PBXBuildFile; fileRef = 4581C647226DAA3500E88538 /* tinycthread.c */; };
		4581C6D9226DAA3600E88538 /* arraylist.c in Sources */ = {isa = PBXBuildFile; fileRef = 4581C648226DAA3500E88538 /* arraylist.c */; };
		4581C6DA226DAA3600E88538 /* utf8_string.c in Sources */ = {isa = PBXBuildFile; fileRef = 4581C649226DAA3500E88538 /* utf8_string.c */; };
		4581C6DB226DAA3600E88538 /* d_type.c in Sources */ = {isa = PBXBuildFile; fileRef = 4581C64B226DAA3500E88538 /* d_type.c */; };
		4581C6DC226DAA3600E88538 /* hashtable.c in Sources */ = {isa = PBXBuildFile; fileRef = 4581C64F226DAA3500E88538 /* hashtable.c */; };
		4581C6DD226DAA3600E88538 /* miniz_wrapper.c in Sources */ = {isa = PBXBuildFile; fileRef = 4581C650226DAA3500E88538 /* miniz_wrapper.c */; };
		4581C6DE226DAA3600E88538 /* bytebuf.c in Sources */ = {isa = PBXBuildFile; fileRef = 4581C651226DAA3500E88538 /* bytebuf.c */; };
		4581C6DF226DAA3600E88538 /* linkedlist.c in Sources */ = {isa = PBXBuildFile; fileRef = 4581C657226DAA3500E88538 /* linkedlist.c */; };
		4581C6FE226DBEE100E88538 /* libex in CopyFiles */ = {isa = PBXBuildFile; fileRef = 4581C6FD226DBE5E00E88538 /* libex */; };
		459A79C323A32B19007C85C6 /* jit.c in Sources */ = {isa = PBXBuildFile; fileRef = 459A79C123A32B18007C85C6 /* jit.c */; };
		459A79EA23A32B29007C85C6 /* sljitLir.c in Sources */ = {isa = PBXBuildFile; fileRef = 459A79D523A32B29007C85C6 /* sljitLir.c */; };
		45EAB02820DCDC2300896201 /* pcallstack.m in Sources */ = {isa = PBXBuildFile; fileRef = 45EAB02720DCDC2300896201 /* pcallstack.m */; };
		45ECB7A3206D01C700CF9E7F /* libjnitest.dylib in CopyFiles */ = {isa = PBXBuildFile; fileRef = 45ECB79C206D017900CF9E7F /* libjnitest.dylib */; };
		45ECB7A4206D01CC00CF9E7F /* libgui.dylib in CopyFiles */ = {isa = PBXBuildFile; fileRef = 45ECB79E206D017A00CF9E7F /* libgui.dylib */; };
		45F9974B253B6A9E0053E7A0 /* https.c in Sources */ = {isa = PBXBuildFile; fileRef = 45F9974A253B6A9E0053E7A0 /* https.c */; };
		45F99794253B6AAE0053E7A0 /* version_features.c in Sources */ = {isa = PBXBuildFile; fileRef = 45F9974D253B6AAB0053E7A0 /* version_features.c */; };
		45F99795253B6AAE0053E7A0 /* x509write_csr.c in Sources */ = {isa = PBXBuildFile; fileRef = 45F9974E253B6AAB0053E7A0 /* x509write_csr.c */; };
		45F99796253B6AAE0053E7A0 /* havege.c in Sources */ = {isa = PBXBuildFile; fileRef = 45F9974F253B6AAB0053E7A0 /* havege.c */; };
		45F99797253B6AAE0053E7A0 /* gcm.c in Sources */ = {isa = PBXBuildFile; fileRef = 45F99750253B6AAB0053E7A0 /* gcm.c */; };
		45F99798253B6AAE0053E7A0 /* error.c in Sources */ = {isa = PBXBuildFile; fileRef = 45F99751253B6AAB0053E7A0 /* error.c */; };
		45F99799253B6AAE0053E7A0 /* entropy.c in Sources */ = {isa = PBXBuildFile; fileRef = 45F99752253B6AAB0053E7A0 /* entropy.c */; };
		45F9979A253B6AAE0053E7A0 /* ecdh.c in Sources */ = {isa = PBXBuildFile; fileRef = 45F99753253B6AAB0053E7A0 /* ecdh.c */; };
		45F9979B253B6AAE0053E7A0 /* ecdsa.c in Sources */ = {isa = PBXBuildFile; fileRef = 45F99754253B6AAB0053E7A0 /* ecdsa.c */; };
		45F9979C253B6AAE0053E7A0 /* asn1parse.c in Sources */ = {isa = PBXBuildFile; fileRef = 45F99755253B6AAB0053E7A0 /* asn1parse.c */; };
		45F9979D253B6AAE0053E7A0 /* ecp.c in Sources */ = {isa = PBXBuildFile; fileRef = 45F99756253B6AAB0053E7A0 /* ecp.c */; };
		45F9979E253B6AAE0053E7A0 /* pkcs5.c in Sources */ = {isa = PBXBuildFile; fileRef = 45F99757253B6AAB0053E7A0 /* pkcs5.c */; };
		45F9979F253B6AAE0053E7A0 /* sha256.c in Sources */ = {isa = PBXBuildFile; fileRef = 45F99758253B6AAB0053E7A0 /* sha256.c */; };
		45F997A0253B6AAE0053E7A0 /* aesni.c in Sources */ = {isa = PBXBuildFile; fileRef = 45F99759253B6AAC0053E7A0 /* aesni.c */; };
		45F997A1253B6AAE0053E7A0 /* x509_crt.c in Sources */ = {isa = PBXBuildFile; fileRef = 45F9975A253B6AAC0053E7A0 /* x509_crt.c */; };
		45F997A2253B6AAE0053E7A0 /* ecp_curves.c in Sources */ = {isa = PBXBuildFile; fileRef = 45F9975B253B6AAC0053E7A0 /* ecp_curves.c */; };
		45F997A3253B6AAE0053E7A0 /* rsa.c in Sources */ = {isa = PBXBuildFile; fileRef = 45F9975C253B6AAC0053E7A0 /* rsa.c */; };
		45F997A4253B6AAE0053E7A0 /* ssl_ticket.c in Sources */ = {isa = PBXBuildFile; fileRef = 45F9975D253B6AAC0053E7A0 /* ssl_ticket.c */; };
		45F997A5253B6AAE0053E7A0 /* camellia.c in Sources */ = {isa = PBXBuildFile; fileRef = 45F9975E253B6AAC0053E7A0 /* camellia.c */; };
		45F997A6253B6AAE0053E7A0 /* pk_wrap.c in Sources */ = {isa = PBXBuildFile; fileRef = 45F9975F253B6AAC0053E7A0 /* pk_wrap.c */; };
		45F997A7253B6AAE0053E7A0 /* md.c in Sources */ = {isa = PBXBuildFile; fileRef = 45F99760253B6AAC0053E7A0 /* md.c */; };
		45F997A8253B6AAE0053E7A0 /* ripemd160.c in Sources */ = {isa = PBXBuildFile; fileRef = 45F99761253B6AAC0053E7A0 /* ripemd160.c */; };
		45F997A9253B6AAE0053E7A0 /* ssl_ciphersuites.c in Sources */ = {isa = PBXBuildFile; fileRef = 45F99762253B6AAC0053E7A0 /* ssl_ciphersuites.c */; };
		45F997AA253B6AAE0053E7A0 /* arc4.c in Sources */ = {isa = PBXBuildFile; fileRef = 45F99763253B6AAC0053E7A0 /* arc4.c */; };
		45F997AB253B6AAE0053E7A0 /* threading.c in Sources */ = {isa = PBXBuildFile; fileRef = 45F99764253B6AAC0053E7A0 /* threading.c */; };
		45F997AC253B6AAE0053E7A0 /* xtea.c in Sources */ = {isa = PBXBuildFile; fileRef = 45F99765253B6AAC0053E7A0 /* xtea.c */; };
		45F997AD253B6AAE0053E7A0 /* platform.c in Sources */ = {isa = PBXBuildFile; fileRef = 45F99766253B6AAC0053E7A0 /* platform.c */; };
		45F997AE253B6AAE0053E7A0 /* memory_buffer_alloc.c in Sources */ = {isa = PBXBuildFile; fileRef = 45F99767253B6AAC0053E7A0 /* memory_buffer_alloc.c */; };
		45F997AF253B6AAE0053E7A0 /* ccm.c in Sources */ = {isa = PBXBuildFile; fileRef = 45F99768253B6AAC0053E7A0 /* ccm.c */; };
		45F997B0253B6AAE0053E7A0 /* pk.c in Sources */ = {isa = PBXBuildFile; fileRef = 45F99769253B6AAC0053E7A0 /* pk.c */; };
		45F997B1253B6AAE0053E7A0 /* version.c in Sources */ = {isa = PBXBuildFile; fileRef = 45F9976A253B6AAC0053E7A0 /* version.c */; };
		45F997B2253B6AAE0053E7A0 /* hmac_drbg.c in Sources */ = {isa = PBXBuildFile; fileRef = 45F9976B253B6AAD0053E7A0 /* hmac_drbg.c */; };
		45F997B3253B6AAE0053E7A0 /* base64.c in Sources */ = {isa = PBXBuildFile; fileRef = 45F9976C253B6AAD0053E7A0 /* base64.c */; };
		45F997B4253B6AAE0053E7A0 /* cipher.c in Sources */ = {isa = PBXBuildFile; fileRef = 45F9976D253B6AAD0053E7A0 /* cipher.c */; };
		45F997B5253B6AAE0053E7A0 /* certs.c in Sources */ = {isa = PBXBuildFile; fileRef = 45F9976E253B6AAD0053E7A0 /* certs.c */; };
		45F997B6253B6AAE0053E7A0 /* blowfish.c in Sources */ = {isa = PBXBuildFile; fileRef = 45F9976F253B6AAD0053E7A0 /* blowfish.c */; };
		45F997B7253B6AAE0053E7A0 /* x509_create.c in Sources */ = {isa = PBXBuildFile; fileRef = 45F99770253B6AAD0053E7A0 /* x509_create.c */; };
		45F997B8253B6AAE0053E7A0 /* pem.c in Sources */ = {isa = PBXBuildFile; fileRef = 45F99771253B6AAD0053E7A0 /* pem.c */; };
		45F997B9253B6AAE0053E7A0 /* ssl_cli.c in Sources */ = {isa = PBXBuildFile; fileRef = 45F99772253B6AAD0053E7A0 /* ssl_cli.c */; };
		45F997BA253B6AAE0053E7A0 /* oid.c in Sources */ = {isa = PBXBuildFile; fileRef = 45F99773253B6AAD0053E7A0 /* oid.c */; };
		45F997BB253B6AAE0053E7A0 /* md5.c in Sources */ = {isa = PBXBuildFile; fileRef = 45F99774253B6AAD0053E7A0 /* md5.c */; };
		45F997BC253B6AAE0053E7A0 /* bignum.c in Sources */ = {isa = PBXBuildFile; fileRef = 45F99775253B6AAD0053E7A0 /* bignum.c */; };
		45F997BD253B6AAE0053E7A0 /* x509write_crt.c in Sources */ = {isa = PBXBuildFile; fileRef = 45F99776253B6AAD0053E7A0 /* x509write_crt.c */; };
		45F997BE253B6AAE0053E7A0 /* ssl_tls.c in Sources */ = {isa = PBXBuildFile; fileRef = 45F99777253B6AAD0053E7A0 /* ssl_tls.c */; };
		45F997BF253B6AAE0053E7A0 /* timing.c in Sources */ = {isa = PBXBuildFile; fileRef = 45F99778253B6AAD0053E7A0 /* timing.c */; };
		45F997C0253B6AAE0053E7A0 /* pkcs12.c in Sources */ = {isa = PBXBuildFile; fileRef = 45F99779253B6AAD0053E7A0 /* pkcs12.c */; };
		45F997C1253B6AAE0053E7A0 /* ctr_drbg.c in Sources */ = {isa = PBXBuildFile; fileRef = 45F9977A253B6AAD0053E7A0 /* ctr_drbg.c */; };
		45F997C2253B6AAE0053E7A0 /* pkwrite.c in Sources */ = {isa = PBXBuildFile; fileRef = 45F9977B253B6AAD0053E7A0 /* pkwrite.c */; };
		45F997C3253B6AAE0053E7A0 /* asn1write.c in Sources */ = {isa = PBXBuildFile; fileRef = 45F9977C253B6AAD0053E7A0 /* asn1write.c */; };
		45F997C4253B6AAE0053E7A0 /* sha512.c in Sources */ = {isa = PBXBuildFile; fileRef = 45F9977D253B6AAD0053E7A0 /* sha512.c */; };
		45F997C5253B6AAE0053E7A0 /* x509_csr.c in Sources */ = {isa = PBXBuildFile; fileRef = 45F9977E253B6AAD0053E7A0 /* x509_csr.c */; };
		45F997C6253B6AAE0053E7A0 /* pkcs11.c in Sources */ = {isa = PBXBuildFile; fileRef = 45F9977F253B6AAD0053E7A0 /* pkcs11.c */; };
		45F997C7253B6AAE0053E7A0 /* md4.c in Sources */ = {isa = PBXBuildFile; fileRef = 45F99780253B6AAD0053E7A0 /* md4.c */; };
		45F997C8253B6AAE0053E7A0 /* ssl_cookie.c in Sources */ = {isa = PBXBuildFile; fileRef = 45F99781253B6AAD0053E7A0 /* ssl_cookie.c */; };
		45F997C9253B6AAE0053E7A0 /* debug.c in Sources */ = {isa = PBXBuildFile; fileRef = 45F99782253B6AAE0053E7A0 /* debug.c */; };
		45F997CA253B6AAE0053E7A0 /* aes.c in Sources */ = {isa = PBXBuildFile; fileRef = 45F99783253B6AAE0053E7A0 /* aes.c */; };
		45F997CB253B6AAE0053E7A0 /* md_wrap.c in Sources */ = {isa = PBXBuildFile; fileRef = 45F99784253B6AAE0053E7A0 /* md_wrap.c */; };
		45F997CC253B6AAE0053E7A0 /* net_sockets.c in Sources */ = {isa = PBXBuildFile; fileRef = 45F99785253B6AAE0053E7A0 /* net_sockets.c */; };
		45F997CD253B6AAE0053E7A0 /* ecjpake.c in Sources */ = {isa = PBXBuildFile; fileRef = 45F99786253B6AAE0053E7A0 /* ecjpake.c */; };
		45F997CE253B6AAE0053E7A0 /* des.c in Sources */ = {isa = PBXBuildFile; fileRef = 45F99787253B6AAE0053E7A0 /* des.c */; };
		45F997CF253B6AAE0053E7A0 /* pkparse.c in Sources */ = {isa = PBXBuildFile; fileRef = 45F99788253B6AAE0053E7A0 /* pkparse.c */; };
		45F997D0253B6AAE0053E7A0 /* cipher_wrap.c in Sources */ = {isa = PBXBuildFile; fileRef = 45F99789253B6AAE0053E7A0 /* cipher_wrap.c */; };
		45F997D1253B6AAE0053E7A0 /* x509_crl.c in Sources */ = {isa = PBXBuildFile; fileRef = 45F9978A253B6AAE0053E7A0 /* x509_crl.c */; };
		45F997D2253B6AAE0053E7A0 /* x509.c in Sources */ = {isa = PBXBuildFile; fileRef = 45F9978B253B6AAE0053E7A0 /* x509.c */; };
		45F997D3253B6AAE0053E7A0 /* entropy_poll.c in Sources */ = {isa = PBXBuildFile; fileRef = 45F9978C253B6AAE0053E7A0 /* entropy_poll.c */; };
		45F997D4253B6AAE0053E7A0 /* ssl_srv.c in Sources */ = {isa = PBXBuildFile; fileRef = 45F9978D253B6AAE0053E7A0 /* ssl_srv.c */; };
		45F997D5253B6AAE0053E7A0 /* sha1.c in Sources */ = {isa = PBXBuildFile; fileRef = 45F9978E253B6AAE0053E7A0 /* sha1.c */; };
		45F997D6253B6AAE0053E7A0 /* cmac.c in Sources */ = {isa = PBXBuildFile; fileRef = 45F9978F253B6AAE0053E7A0 /* cmac.c */; };
		45F997D7253B6AAE0053E7A0 /* padlock.c in Sources */ = {isa = PBXBuildFile; fileRef = 45F99790253B6AAE0053E7A0 /* padlock.c */; };
		45F997D8253B6AAE0053E7A0 /* dhm.c in Sources */ = {isa = PBXBuildFile; fileRef = 45F99791253B6AAE0053E7A0 /* dhm.c */; };
		45F997D9253B6AAE0053E7A0 /* md2.c in Sources */ = {isa = PBXBuildFile; fileRef = 45F99792253B6AAE0053E7A0 /* md2.c */; };
		45F997DA253B6AAE0053E7A0 /* ssl_cache.c in Sources */ = {isa = PBXBuildFile; fileRef = 45F99793253B6AAE0053E7A0 /* ssl_cache.c */; };
/* End PBXBuildFile section */

/* Begin PBXCopyFilesBuildPhase section */
		457248DC2020AAC600349683 /* CopyFiles */ = {
			isa = PBXCopyFilesBuildPhase;
			buildActionMask = 12;
			dstPath = "";
			dstSubfolderSpec = 16;
			files = (
				4581C6FE226DBEE100E88538 /* libex in CopyFiles */,
				4523723C20C94B9300156C58 /* lib in CopyFiles */,
				4523723B20C94B8B00156C58 /* res in CopyFiles */,
				45ECB7A4206D01CC00CF9E7F /* libgui.dylib in CopyFiles */,
				45ECB7A3206D01C700CF9E7F /* libjnitest.dylib in CopyFiles */,
			);
			runOnlyForDeploymentPostprocessing = 0;
		};
/* End PBXCopyFilesBuildPhase section */

/* Begin PBXFileReference section */
		4523723920C8EC8C00156C58 /* lib */ = {isa = PBXFileReference; lastKnownFileType = folder; name = lib; path = ../../binary/lib; sourceTree = "<group>"; };
		4523723A20C8ECA500156C58 /* res */ = {isa = PBXFileReference; lastKnownFileType = folder; name = res; path = ../../binary/res; sourceTree = "<group>"; };
		457248DE2020AAC600349683 /* jvm_macos */ = {isa = PBXFileReference; explicitFileType = "compiled.mach-o.executable"; includeInIndex = 0; path = jvm_macos; sourceTree = BUILT_PRODUCTS_DIR; };
		457248E12020AAC600349683 /* main.swift */ = {isa = PBXFileReference; lastKnownFileType = sourcecode.swift; path = main.swift; sourceTree = "<group>"; };
		457248E82020ABE100349683 /* jvm_macos-Bridging-Header.h */ = {isa = PBXFileReference; lastKnownFileType = sourcecode.c.h; path = "jvm_macos-Bridging-Header.h"; sourceTree = "<group>"; };
		457248EA2020ABE200349683 /* invoke.c */ = {isa = PBXFileReference; lastKnownFileType = sourcecode.c.c; path = invoke.c; sourceTree = "<group>"; };
		457249332020AFAA00349683 /* libc.tbd */ = {isa = PBXFileReference; lastKnownFileType = "sourcecode.text-based-dylib-definition"; name = libc.tbd; path = usr/lib/libc.tbd; sourceTree = SDKROOT; };
		457249352020AFB400349683 /* libpthread.tbd */ = {isa = PBXFileReference; lastKnownFileType = "sourcecode.text-based-dylib-definition"; name = libpthread.tbd; path = usr/lib/libpthread.tbd; sourceTree = SDKROOT; };
		4581C62B226DAA3500E88538 /* garbage.c */ = {isa = PBXFileReference; fileEncoding = 4; lastKnownFileType = sourcecode.c.c; path = garbage.c; sourceTree = "<group>"; };
		4581C62C226DAA3500E88538 /* runtime.c */ = {isa = PBXFileReference; fileEncoding = 4; lastKnownFileType = sourcecode.c.c; path = runtime.c; sourceTree = "<group>"; };
		4581C62D226DAA3500E88538 /* jvm.c */ = {isa = PBXFileReference; fileEncoding = 4; lastKnownFileType = sourcecode.c.c; path = jvm.c; sourceTree = "<group>"; };
		4581C62E226DAA3500E88538 /* jdwp.h */ = {isa = PBXFileReference; fileEncoding = 4; lastKnownFileType = sourcecode.c.h; path = jdwp.h; sourceTree = "<group>"; };
		4581C62F226DAA3500E88538 /* class.c */ = {isa = PBXFileReference; fileEncoding = 4; lastKnownFileType = sourcecode.c.c; path = class.c; sourceTree = "<group>"; };
		4581C630226DAA3500E88538 /* jvm_util.c */ = {isa = PBXFileReference; fileEncoding = 4; lastKnownFileType = sourcecode.c.c; path = jvm_util.c; sourceTree = "<group>"; };
		4581C631226DAA3500E88538 /* java_native_std.h */ = {isa = PBXFileReference; fileEncoding = 4; lastKnownFileType = sourcecode.c.h; path = java_native_std.h; sourceTree = "<group>"; };
		4581C632226DAA3500E88538 /* java_native_reflect.h */ = {isa = PBXFileReference; fileEncoding = 4; lastKnownFileType = sourcecode.c.h; path = java_native_reflect.h; sourceTree = "<group>"; };
		4581C633226DAA3500E88538 /* java_native_io.h */ = {isa = PBXFileReference; fileEncoding = 4; lastKnownFileType = sourcecode.c.h; path = java_native_io.h; sourceTree = "<group>"; };
		4581C634226DAA3500E88538 /* jvm.h */ = {isa = PBXFileReference; fileEncoding = 4; lastKnownFileType = sourcecode.c.h; path = jvm.h; sourceTree = "<group>"; };
		4581C635226DAA3500E88538 /* garbage.h */ = {isa = PBXFileReference; fileEncoding = 4; lastKnownFileType = sourcecode.c.h; path = garbage.h; sourceTree = "<group>"; };
		4581C636226DAA3500E88538 /* java_native_std.c */ = {isa = PBXFileReference; fileEncoding = 4; lastKnownFileType = sourcecode.c.c; path = java_native_std.c; sourceTree = "<group>"; };
		4581C637226DAA3500E88538 /* jvm_util.h */ = {isa = PBXFileReference; fileEncoding = 4; lastKnownFileType = sourcecode.c.h; path = jvm_util.h; sourceTree = "<group>"; };
		4581C638226DAA3500E88538 /* class_load.c */ = {isa = PBXFileReference; fileEncoding = 4; lastKnownFileType = sourcecode.c.c; path = class_load.c; sourceTree = "<group>"; };
		4581C639226DAA3500E88538 /* jdwp.c */ = {isa = PBXFileReference; fileEncoding = 4; lastKnownFileType = sourcecode.c.c; path = jdwp.c; sourceTree = "<group>"; };
		4581C63A226DAA3500E88538 /* interpreter.c */ = {isa = PBXFileReference; fileEncoding = 4; lastKnownFileType = sourcecode.c.c; path = interpreter.c; sourceTree = "<group>"; };
		4581C63B226DAA3500E88538 /* java_native_reflect.c */ = {isa = PBXFileReference; fileEncoding = 4; lastKnownFileType = sourcecode.c.c; path = java_native_reflect.c; sourceTree = "<group>"; };
		4581C63C226DAA3500E88538 /* global.c */ = {isa = PBXFileReference; fileEncoding = 4; lastKnownFileType = sourcecode.c.c; path = global.c; sourceTree = "<group>"; };
		4581C63D226DAA3500E88538 /* java_native_io.c */ = {isa = PBXFileReference; fileEncoding = 4; lastKnownFileType = sourcecode.c.c; path = java_native_io.c; sourceTree = "<group>"; };
		4581C63F226DAA3500E88538 /* dirent_win.h */ = {isa = PBXFileReference; fileEncoding = 4; lastKnownFileType = sourcecode.c.h; path = dirent_win.h; sourceTree = "<group>"; };
		4581C640226DAA3500E88538 /* spinlock.h */ = {isa = PBXFileReference; fileEncoding = 4; lastKnownFileType = sourcecode.c.h; path = spinlock.h; sourceTree = "<group>"; };
		4581C641226DAA3500E88538 /* ltalloc.c */ = {isa = PBXFileReference; fileEncoding = 4; lastKnownFileType = sourcecode.c.c; path = ltalloc.c; sourceTree = "<group>"; };
		4581C642226DAA3500E88538 /* miniz.c */ = {isa = PBXFileReference; fileEncoding = 4; lastKnownFileType = sourcecode.c.c; path = miniz.c; sourceTree = "<group>"; };
		4581C643226DAA3500E88538 /* bytebuf.h */ = {isa = PBXFileReference; fileEncoding = 4; lastKnownFileType = sourcecode.c.h; path = bytebuf.h; sourceTree = "<group>"; };
		4581C644226DAA3500E88538 /* miniz_wrapper.h */ = {isa = PBXFileReference; fileEncoding = 4; lastKnownFileType = sourcecode.c.h; path = miniz_wrapper.h; sourceTree = "<group>"; };
		4581C645226DAA3500E88538 /* hashtable.h */ = {isa = PBXFileReference; fileEncoding = 4; lastKnownFileType = sourcecode.c.h; path = hashtable.h; sourceTree = "<group>"; };
		4581C646226DAA3500E88538 /* hashset.c */ = {isa = PBXFileReference; fileEncoding = 4; lastKnownFileType = sourcecode.c.c; path = hashset.c; sourceTree = "<group>"; };
		4581C647226DAA3500E88538 /* tinycthread.c */ = {isa = PBXFileReference; fileEncoding = 4; lastKnownFileType = sourcecode.c.c; path = tinycthread.c; sourceTree = "<group>"; };
		4581C648226DAA3500E88538 /* arraylist.c */ = {isa = PBXFileReference; fileEncoding = 4; lastKnownFileType = sourcecode.c.c; path = arraylist.c; sourceTree = "<group>"; };
		4581C649226DAA3500E88538 /* utf8_string.c */ = {isa = PBXFileReference; fileEncoding = 4; lastKnownFileType = sourcecode.c.c; path = utf8_string.c; sourceTree = "<group>"; };
		4581C64A226DAA3500E88538 /* linkedlist.h */ = {isa = PBXFileReference; fileEncoding = 4; lastKnownFileType = sourcecode.c.h; path = linkedlist.h; sourceTree = "<group>"; };
		4581C64B226DAA3500E88538 /* d_type.c */ = {isa = PBXFileReference; fileEncoding = 4; lastKnownFileType = sourcecode.c.c; path = d_type.c; sourceTree = "<group>"; };
		4581C64C226DAA3500E88538 /* miniz.h */ = {isa = PBXFileReference; fileEncoding = 4; lastKnownFileType = sourcecode.c.h; path = miniz.h; sourceTree = "<group>"; };
		4581C64D226DAA3500E88538 /* ltalloc.h */ = {isa = PBXFileReference; fileEncoding = 4; lastKnownFileType = sourcecode.c.h; path = ltalloc.h; sourceTree = "<group>"; };
		4581C64E226DAA3500E88538 /* hashset.h */ = {isa = PBXFileReference; fileEncoding = 4; lastKnownFileType = sourcecode.c.h; path = hashset.h; sourceTree = "<group>"; };
		4581C64F226DAA3500E88538 /* hashtable.c */ = {isa = PBXFileReference; fileEncoding = 4; lastKnownFileType = sourcecode.c.c; path = hashtable.c; sourceTree = "<group>"; };
		4581C650226DAA3500E88538 /* miniz_wrapper.c */ = {isa = PBXFileReference; fileEncoding = 4; lastKnownFileType = sourcecode.c.c; path = miniz_wrapper.c; sourceTree = "<group>"; };
		4581C651226DAA3500E88538 /* bytebuf.c */ = {isa = PBXFileReference; fileEncoding = 4; lastKnownFileType = sourcecode.c.c; path = bytebuf.c; sourceTree = "<group>"; };
		4581C652226DAA3500E88538 /* pairlist.h */ = {isa = PBXFileReference; fileEncoding = 4; lastKnownFileType = sourcecode.c.h; path = pairlist.h; sourceTree = "<group>"; };
		4581C653226DAA3500E88538 /* utf8_string.h */ = {isa = PBXFileReference; fileEncoding = 4; lastKnownFileType = sourcecode.c.h; path = utf8_string.h; sourceTree = "<group>"; };
		4581C654226DAA3500E88538 /* arraylist.h */ = {isa = PBXFileReference; fileEncoding = 4; lastKnownFileType = sourcecode.c.h; path = arraylist.h; sourceTree = "<group>"; };
		4581C655226DAA3500E88538 /* tinycthread.h */ = {isa = PBXFileReference; fileEncoding = 4; lastKnownFileType = sourcecode.c.h; path = tinycthread.h; sourceTree = "<group>"; };
		4581C656226DAA3500E88538 /* d_type.h */ = {isa = PBXFileReference; fileEncoding = 4; lastKnownFileType = sourcecode.c.h; path = d_type.h; sourceTree = "<group>"; };
		4581C657226DAA3500E88538 /* linkedlist.c */ = {isa = PBXFileReference; fileEncoding = 4; lastKnownFileType = sourcecode.c.c; path = linkedlist.c; sourceTree = "<group>"; };
		4581C6FD226DBE5E00E88538 /* libex */ = {isa = PBXFileReference; lastKnownFileType = folder; name = libex; path = ../../binary/libex; sourceTree = "<group>"; };
		459A79C123A32B18007C85C6 /* jit.c */ = {isa = PBXFileReference; fileEncoding = 4; lastKnownFileType = sourcecode.c.c; path = jit.c; sourceTree = "<group>"; };
		459A79C223A32B18007C85C6 /* jit.h */ = {isa = PBXFileReference; fileEncoding = 4; lastKnownFileType = sourcecode.c.h; path = jit.h; sourceTree = "<group>"; };
		459A79CC23A32B29007C85C6 /* sljitLir.h */ = {isa = PBXFileReference; fileEncoding = 4; lastKnownFileType = sourcecode.c.h; path = sljitLir.h; sourceTree = "<group>"; };
		459A79D523A32B29007C85C6 /* sljitLir.c */ = {isa = PBXFileReference; fileEncoding = 4; lastKnownFileType = sourcecode.c.c; path = sljitLir.c; sourceTree = "<group>"; };
		45EAB02720DCDC2300896201 /* pcallstack.m */ = {isa = PBXFileReference; lastKnownFileType = sourcecode.c.objc; path = pcallstack.m; sourceTree = "<group>"; };
		45ECB79C206D017900CF9E7F /* libjnitest.dylib */ = {isa = PBXFileReference; lastKnownFileType = "compiled.mach-o.dylib"; name = libjnitest.dylib; path = ../../binary/macos/libjnitest.dylib; sourceTree = "<group>"; };
		45ECB79E206D017A00CF9E7F /* libgui.dylib */ = {isa = PBXFileReference; lastKnownFileType = "compiled.mach-o.dylib"; name = libgui.dylib; path = ../../binary/macos/libgui.dylib; sourceTree = "<group>"; };
		45F99748253B6A9E0053E7A0 /* ca_cert.h */ = {isa = PBXFileReference; fileEncoding = 4; lastKnownFileType = sourcecode.c.h; name = ca_cert.h; path = https/ca_cert.h; sourceTree = "<group>"; };
		45F99749253B6A9E0053E7A0 /* https.h */ = {isa = PBXFileReference; fileEncoding = 4; lastKnownFileType = sourcecode.c.h; name = https.h; path = https/https.h; sourceTree = "<group>"; };
		45F9974A253B6A9E0053E7A0 /* https.c */ = {isa = PBXFileReference; fileEncoding = 4; lastKnownFileType = sourcecode.c.c; name = https.c; path = https/https.c; sourceTree = "<group>"; };
		45F9974D253B6AAB0053E7A0 /* version_features.c */ = {isa = PBXFileReference; fileEncoding = 4; lastKnownFileType = sourcecode.c.c; name = version_features.c; path = https/mbedtls/library/version_features.c; sourceTree = "<group>"; };
		45F9974E253B6AAB0053E7A0 /* x509write_csr.c */ = {isa = PBXFileReference; fileEncoding = 4; lastKnownFileType = sourcecode.c.c; name = x509write_csr.c; path = https/mbedtls/library/x509write_csr.c; sourceTree = "<group>"; };
		45F9974F253B6AAB0053E7A0 /* havege.c */ = {isa = PBXFileReference; fileEncoding = 4; lastKnownFileType = sourcecode.c.c; name = havege.c; path = https/mbedtls/library/havege.c; sourceTree = "<group>"; };
		45F99750253B6AAB0053E7A0 /* gcm.c */ = {isa = PBXFileReference; fileEncoding = 4; lastKnownFileType = sourcecode.c.c; name = gcm.c; path = https/mbedtls/library/gcm.c; sourceTree = "<group>"; };
		45F99751253B6AAB0053E7A0 /* error.c */ = {isa = PBXFileReference; fileEncoding = 4; lastKnownFileType = sourcecode.c.c; name = error.c; path = https/mbedtls/library/error.c; sourceTree = "<group>"; };
		45F99752253B6AAB0053E7A0 /* entropy.c */ = {isa = PBXFileReference; fileEncoding = 4; lastKnownFileType = sourcecode.c.c; name = entropy.c; path = https/mbedtls/library/entropy.c; sourceTree = "<group>"; };
		45F99753253B6AAB0053E7A0 /* ecdh.c */ = {isa = PBXFileReference; fileEncoding = 4; lastKnownFileType = sourcecode.c.c; name = ecdh.c; path = https/mbedtls/library/ecdh.c; sourceTree = "<group>"; };
		45F99754253B6AAB0053E7A0 /* ecdsa.c */ = {isa = PBXFileReference; fileEncoding = 4; lastKnownFileType = sourcecode.c.c; name = ecdsa.c; path = https/mbedtls/library/ecdsa.c; sourceTree = "<group>"; };
		45F99755253B6AAB0053E7A0 /* asn1parse.c */ = {isa = PBXFileReference; fileEncoding = 4; lastKnownFileType = sourcecode.c.c; name = asn1parse.c; path = https/mbedtls/library/asn1parse.c; sourceTree = "<group>"; };
		45F99756253B6AAB0053E7A0 /* ecp.c */ = {isa = PBXFileReference; fileEncoding = 4; lastKnownFileType = sourcecode.c.c; name = ecp.c; path = https/mbedtls/library/ecp.c; sourceTree = "<group>"; };
		45F99757253B6AAB0053E7A0 /* pkcs5.c */ = {isa = PBXFileReference; fileEncoding = 4; lastKnownFileType = sourcecode.c.c; name = pkcs5.c; path = https/mbedtls/library/pkcs5.c; sourceTree = "<group>"; };
		45F99758253B6AAB0053E7A0 /* sha256.c */ = {isa = PBXFileReference; fileEncoding = 4; lastKnownFileType = sourcecode.c.c; name = sha256.c; path = https/mbedtls/library/sha256.c; sourceTree = "<group>"; };
		45F99759253B6AAC0053E7A0 /* aesni.c */ = {isa = PBXFileReference; fileEncoding = 4; lastKnownFileType = sourcecode.c.c; name = aesni.c; path = https/mbedtls/library/aesni.c; sourceTree = "<group>"; };
		45F9975A253B6AAC0053E7A0 /* x509_crt.c */ = {isa = PBXFileReference; fileEncoding = 4; lastKnownFileType = sourcecode.c.c; name = x509_crt.c; path = https/mbedtls/library/x509_crt.c; sourceTree = "<group>"; };
		45F9975B253B6AAC0053E7A0 /* ecp_curves.c */ = {isa = PBXFileReference; fileEncoding = 4; lastKnownFileType = sourcecode.c.c; name = ecp_curves.c; path = https/mbedtls/library/ecp_curves.c; sourceTree = "<group>"; };
		45F9975C253B6AAC0053E7A0 /* rsa.c */ = {isa = PBXFileReference; fileEncoding = 4; lastKnownFileType = sourcecode.c.c; name = rsa.c; path = https/mbedtls/library/rsa.c; sourceTree = "<group>"; };
		45F9975D253B6AAC0053E7A0 /* ssl_ticket.c */ = {isa = PBXFileReference; fileEncoding = 4; lastKnownFileType = sourcecode.c.c; name = ssl_ticket.c; path = https/mbedtls/library/ssl_ticket.c; sourceTree = "<group>"; };
		45F9975E253B6AAC0053E7A0 /* camellia.c */ = {isa = PBXFileReference; fileEncoding = 4; lastKnownFileType = sourcecode.c.c; name = camellia.c; path = https/mbedtls/library/camellia.c; sourceTree = "<group>"; };
		45F9975F253B6AAC0053E7A0 /* pk_wrap.c */ = {isa = PBXFileReference; fileEncoding = 4; lastKnownFileType = sourcecode.c.c; name = pk_wrap.c; path = https/mbedtls/library/pk_wrap.c; sourceTree = "<group>"; };
		45F99760253B6AAC0053E7A0 /* md.c */ = {isa = PBXFileReference; fileEncoding = 4; lastKnownFileType = sourcecode.c.c; name = md.c; path = https/mbedtls/library/md.c; sourceTree = "<group>"; };
		45F99761253B6AAC0053E7A0 /* ripemd160.c */ = {isa = PBXFileReference; fileEncoding = 4; lastKnownFileType = sourcecode.c.c; name = ripemd160.c; path = https/mbedtls/library/ripemd160.c; sourceTree = "<group>"; };
		45F99762253B6AAC0053E7A0 /* ssl_ciphersuites.c */ = {isa = PBXFileReference; fileEncoding = 4; lastKnownFileType = sourcecode.c.c; name = ssl_ciphersuites.c; path = https/mbedtls/library/ssl_ciphersuites.c; sourceTree = "<group>"; };
		45F99763253B6AAC0053E7A0 /* arc4.c */ = {isa = PBXFileReference; fileEncoding = 4; lastKnownFileType = sourcecode.c.c; name = arc4.c; path = https/mbedtls/library/arc4.c; sourceTree = "<group>"; };
		45F99764253B6AAC0053E7A0 /* threading.c */ = {isa = PBXFileReference; fileEncoding = 4; lastKnownFileType = sourcecode.c.c; name = threading.c; path = https/mbedtls/library/threading.c; sourceTree = "<group>"; };
		45F99765253B6AAC0053E7A0 /* xtea.c */ = {isa = PBXFileReference; fileEncoding = 4; lastKnownFileType = sourcecode.c.c; name = xtea.c; path = https/mbedtls/library/xtea.c; sourceTree = "<group>"; };
		45F99766253B6AAC0053E7A0 /* platform.c */ = {isa = PBXFileReference; fileEncoding = 4; lastKnownFileType = sourcecode.c.c; name = platform.c; path = https/mbedtls/library/platform.c; sourceTree = "<group>"; };
		45F99767253B6AAC0053E7A0 /* memory_buffer_alloc.c */ = {isa = PBXFileReference; fileEncoding = 4; lastKnownFileType = sourcecode.c.c; name = memory_buffer_alloc.c; path = https/mbedtls/library/memory_buffer_alloc.c; sourceTree = "<group>"; };
		45F99768253B6AAC0053E7A0 /* ccm.c */ = {isa = PBXFileReference; fileEncoding = 4; lastKnownFileType = sourcecode.c.c; name = ccm.c; path = https/mbedtls/library/ccm.c; sourceTree = "<group>"; };
		45F99769253B6AAC0053E7A0 /* pk.c */ = {isa = PBXFileReference; fileEncoding = 4; lastKnownFileType = sourcecode.c.c; name = pk.c; path = https/mbedtls/library/pk.c; sourceTree = "<group>"; };
		45F9976A253B6AAC0053E7A0 /* version.c */ = {isa = PBXFileReference; fileEncoding = 4; lastKnownFileType = sourcecode.c.c; name = version.c; path = https/mbedtls/library/version.c; sourceTree = "<group>"; };
		45F9976B253B6AAD0053E7A0 /* hmac_drbg.c */ = {isa = PBXFileReference; fileEncoding = 4; lastKnownFileType = sourcecode.c.c; name = hmac_drbg.c; path = https/mbedtls/library/hmac_drbg.c; sourceTree = "<group>"; };
		45F9976C253B6AAD0053E7A0 /* base64.c */ = {isa = PBXFileReference; fileEncoding = 4; lastKnownFileType = sourcecode.c.c; name = base64.c; path = https/mbedtls/library/base64.c; sourceTree = "<group>"; };
		45F9976D253B6AAD0053E7A0 /* cipher.c */ = {isa = PBXFileReference; fileEncoding = 4; lastKnownFileType = sourcecode.c.c; name = cipher.c; path = https/mbedtls/library/cipher.c; sourceTree = "<group>"; };
		45F9976E253B6AAD0053E7A0 /* certs.c */ = {isa = PBXFileReference; fileEncoding = 4; lastKnownFileType = sourcecode.c.c; name = certs.c; path = https/mbedtls/library/certs.c; sourceTree = "<group>"; };
		45F9976F253B6AAD0053E7A0 /* blowfish.c */ = {isa = PBXFileReference; fileEncoding = 4; lastKnownFileType = sourcecode.c.c; name = blowfish.c; path = https/mbedtls/library/blowfish.c; sourceTree = "<group>"; };
		45F99770253B6AAD0053E7A0 /* x509_create.c */ = {isa = PBXFileReference; fileEncoding = 4; lastKnownFileType = sourcecode.c.c; name = x509_create.c; path = https/mbedtls/library/x509_create.c; sourceTree = "<group>"; };
		45F99771253B6AAD0053E7A0 /* pem.c */ = {isa = PBXFileReference; fileEncoding = 4; lastKnownFileType = sourcecode.c.c; name = pem.c; path = https/mbedtls/library/pem.c; sourceTree = "<group>"; };
		45F99772253B6AAD0053E7A0 /* ssl_cli.c */ = {isa = PBXFileReference; fileEncoding = 4; lastKnownFileType = sourcecode.c.c; name = ssl_cli.c; path = https/mbedtls/library/ssl_cli.c; sourceTree = "<group>"; };
		45F99773253B6AAD0053E7A0 /* oid.c */ = {isa = PBXFileReference; fileEncoding = 4; lastKnownFileType = sourcecode.c.c; name = oid.c; path = https/mbedtls/library/oid.c; sourceTree = "<group>"; };
		45F99774253B6AAD0053E7A0 /* md5.c */ = {isa = PBXFileReference; fileEncoding = 4; lastKnownFileType = sourcecode.c.c; name = md5.c; path = https/mbedtls/library/md5.c; sourceTree = "<group>"; };
		45F99775253B6AAD0053E7A0 /* bignum.c */ = {isa = PBXFileReference; fileEncoding = 4; lastKnownFileType = sourcecode.c.c; name = bignum.c; path = https/mbedtls/library/bignum.c; sourceTree = "<group>"; };
		45F99776253B6AAD0053E7A0 /* x509write_crt.c */ = {isa = PBXFileReference; fileEncoding = 4; lastKnownFileType = sourcecode.c.c; name = x509write_crt.c; path = https/mbedtls/library/x509write_crt.c; sourceTree = "<group>"; };
		45F99777253B6AAD0053E7A0 /* ssl_tls.c */ = {isa = PBXFileReference; fileEncoding = 4; lastKnownFileType = sourcecode.c.c; name = ssl_tls.c; path = https/mbedtls/library/ssl_tls.c; sourceTree = "<group>"; };
		45F99778253B6AAD0053E7A0 /* timing.c */ = {isa = PBXFileReference; fileEncoding = 4; lastKnownFileType = sourcecode.c.c; name = timing.c; path = https/mbedtls/library/timing.c; sourceTree = "<group>"; };
		45F99779253B6AAD0053E7A0 /* pkcs12.c */ = {isa = PBXFileReference; fileEncoding = 4; lastKnownFileType = sourcecode.c.c; name = pkcs12.c; path = https/mbedtls/library/pkcs12.c; sourceTree = "<group>"; };
		45F9977A253B6AAD0053E7A0 /* ctr_drbg.c */ = {isa = PBXFileReference; fileEncoding = 4; lastKnownFileType = sourcecode.c.c; name = ctr_drbg.c; path = https/mbedtls/library/ctr_drbg.c; sourceTree = "<group>"; };
		45F9977B253B6AAD0053E7A0 /* pkwrite.c */ = {isa = PBXFileReference; fileEncoding = 4; lastKnownFileType = sourcecode.c.c; name = pkwrite.c; path = https/mbedtls/library/pkwrite.c; sourceTree = "<group>"; };
		45F9977C253B6AAD0053E7A0 /* asn1write.c */ = {isa = PBXFileReference; fileEncoding = 4; lastKnownFileType = sourcecode.c.c; name = asn1write.c; path = https/mbedtls/library/asn1write.c; sourceTree = "<group>"; };
		45F9977D253B6AAD0053E7A0 /* sha512.c */ = {isa = PBXFileReference; fileEncoding = 4; lastKnownFileType = sourcecode.c.c; name = sha512.c; path = https/mbedtls/library/sha512.c; sourceTree = "<group>"; };
		45F9977E253B6AAD0053E7A0 /* x509_csr.c */ = {isa = PBXFileReference; fileEncoding = 4; lastKnownFileType = sourcecode.c.c; name = x509_csr.c; path = https/mbedtls/library/x509_csr.c; sourceTree = "<group>"; };
		45F9977F253B6AAD0053E7A0 /* pkcs11.c */ = {isa = PBXFileReference; fileEncoding = 4; lastKnownFileType = sourcecode.c.c; name = pkcs11.c; path = https/mbedtls/library/pkcs11.c; sourceTree = "<group>"; };
		45F99780253B6AAD0053E7A0 /* md4.c */ = {isa = PBXFileReference; fileEncoding = 4; lastKnownFileType = sourcecode.c.c; name = md4.c; path = https/mbedtls/library/md4.c; sourceTree = "<group>"; };
		45F99781253B6AAD0053E7A0 /* ssl_cookie.c */ = {isa = PBXFileReference; fileEncoding = 4; lastKnownFileType = sourcecode.c.c; name = ssl_cookie.c; path = https/mbedtls/library/ssl_cookie.c; sourceTree = "<group>"; };
		45F99782253B6AAE0053E7A0 /* debug.c */ = {isa = PBXFileReference; fileEncoding = 4; lastKnownFileType = sourcecode.c.c; name = debug.c; path = https/mbedtls/library/debug.c; sourceTree = "<group>"; };
		45F99783253B6AAE0053E7A0 /* aes.c */ = {isa = PBXFileReference; fileEncoding = 4; lastKnownFileType = sourcecode.c.c; name = aes.c; path = https/mbedtls/library/aes.c; sourceTree = "<group>"; };
		45F99784253B6AAE0053E7A0 /* md_wrap.c */ = {isa = PBXFileReference; fileEncoding = 4; lastKnownFileType = sourcecode.c.c; name = md_wrap.c; path = https/mbedtls/library/md_wrap.c; sourceTree = "<group>"; };
		45F99785253B6AAE0053E7A0 /* net_sockets.c */ = {isa = PBXFileReference; fileEncoding = 4; lastKnownFileType = sourcecode.c.c; name = net_sockets.c; path = https/mbedtls/library/net_sockets.c; sourceTree = "<group>"; };
		45F99786253B6AAE0053E7A0 /* ecjpake.c */ = {isa = PBXFileReference; fileEncoding = 4; lastKnownFileType = sourcecode.c.c; name = ecjpake.c; path = https/mbedtls/library/ecjpake.c; sourceTree = "<group>"; };
		45F99787253B6AAE0053E7A0 /* des.c */ = {isa = PBXFileReference; fileEncoding = 4; lastKnownFileType = sourcecode.c.c; name = des.c; path = https/mbedtls/library/des.c; sourceTree = "<group>"; };
		45F99788253B6AAE0053E7A0 /* pkparse.c */ = {isa = PBXFileReference; fileEncoding = 4; lastKnownFileType = sourcecode.c.c; name = pkparse.c; path = https/mbedtls/library/pkparse.c; sourceTree = "<group>"; };
		45F99789253B6AAE0053E7A0 /* cipher_wrap.c */ = {isa = PBXFileReference; fileEncoding = 4; lastKnownFileType = sourcecode.c.c; name = cipher_wrap.c; path = https/mbedtls/library/cipher_wrap.c; sourceTree = "<group>"; };
		45F9978A253B6AAE0053E7A0 /* x509_crl.c */ = {isa = PBXFileReference; fileEncoding = 4; lastKnownFileType = sourcecode.c.c; name = x509_crl.c; path = https/mbedtls/library/x509_crl.c; sourceTree = "<group>"; };
		45F9978B253B6AAE0053E7A0 /* x509.c */ = {isa = PBXFileReference; fileEncoding = 4; lastKnownFileType = sourcecode.c.c; name = x509.c; path = https/mbedtls/library/x509.c; sourceTree = "<group>"; };
		45F9978C253B6AAE0053E7A0 /* entropy_poll.c */ = {isa = PBXFileReference; fileEncoding = 4; lastKnownFileType = sourcecode.c.c; name = entropy_poll.c; path = https/mbedtls/library/entropy_poll.c; sourceTree = "<group>"; };
		45F9978D253B6AAE0053E7A0 /* ssl_srv.c */ = {isa = PBXFileReference; fileEncoding = 4; lastKnownFileType = sourcecode.c.c; name = ssl_srv.c; path = https/mbedtls/library/ssl_srv.c; sourceTree = "<group>"; };
		45F9978E253B6AAE0053E7A0 /* sha1.c */ = {isa = PBXFileReference; fileEncoding = 4; lastKnownFileType = sourcecode.c.c; name = sha1.c; path = https/mbedtls/library/sha1.c; sourceTree = "<group>"; };
		45F9978F253B6AAE0053E7A0 /* cmac.c */ = {isa = PBXFileReference; fileEncoding = 4; lastKnownFileType = sourcecode.c.c; name = cmac.c; path = https/mbedtls/library/cmac.c; sourceTree = "<group>"; };
		45F99790253B6AAE0053E7A0 /* padlock.c */ = {isa = PBXFileReference; fileEncoding = 4; lastKnownFileType = sourcecode.c.c; name = padlock.c; path = https/mbedtls/library/padlock.c; sourceTree = "<group>"; };
		45F99791253B6AAE0053E7A0 /* dhm.c */ = {isa = PBXFileReference; fileEncoding = 4; lastKnownFileType = sourcecode.c.c; name = dhm.c; path = https/mbedtls/library/dhm.c; sourceTree = "<group>"; };
		45F99792253B6AAE0053E7A0 /* md2.c */ = {isa = PBXFileReference; fileEncoding = 4; lastKnownFileType = sourcecode.c.c; name = md2.c; path = https/mbedtls/library/md2.c; sourceTree = "<group>"; };
		45F99793253B6AAE0053E7A0 /* ssl_cache.c */ = {isa = PBXFileReference; fileEncoding = 4; lastKnownFileType = sourcecode.c.c; name = ssl_cache.c; path = https/mbedtls/library/ssl_cache.c; sourceTree = "<group>"; };
		45F997DC253B6ABB0053E7A0 /* memory_buffer_alloc.h */ = {isa = PBXFileReference; fileEncoding = 4; lastKnownFileType = sourcecode.c.h; name = memory_buffer_alloc.h; path = https/mbedtls/include/mbedtls/memory_buffer_alloc.h; sourceTree = "<group>"; };
		45F997DD253B6ABB0053E7A0 /* sha256.h */ = {isa = PBXFileReference; fileEncoding = 4; lastKnownFileType = sourcecode.c.h; name = sha256.h; path = https/mbedtls/include/mbedtls/sha256.h; sourceTree = "<group>"; };
		45F997DE253B6ABB0053E7A0 /* version.h */ = {isa = PBXFileReference; fileEncoding = 4; lastKnownFileType = sourcecode.c.h; name = version.h; path = https/mbedtls/include/mbedtls/version.h; sourceTree = "<group>"; };
		45F997DF253B6ABB0053E7A0 /* asn1write.h */ = {isa = PBXFileReference; fileEncoding = 4; lastKnownFileType = sourcecode.c.h; name = asn1write.h; path = https/mbedtls/include/mbedtls/asn1write.h; sourceTree = "<group>"; };
		45F997E0253B6ABB0053E7A0 /* ecdsa.h */ = {isa = PBXFileReference; fileEncoding = 4; lastKnownFileType = sourcecode.c.h; name = ecdsa.h; path = https/mbedtls/include/mbedtls/ecdsa.h; sourceTree = "<group>"; };
		45F997E1253B6ABC0053E7A0 /* platform_time.h */ = {isa = PBXFileReference; fileEncoding = 4; lastKnownFileType = sourcecode.c.h; name = platform_time.h; path = https/mbedtls/include/mbedtls/platform_time.h; sourceTree = "<group>"; };
		45F997E2253B6ABC0053E7A0 /* cmac.h */ = {isa = PBXFileReference; fileEncoding = 4; lastKnownFileType = sourcecode.c.h; name = cmac.h; path = https/mbedtls/include/mbedtls/cmac.h; sourceTree = "<group>"; };
		45F997E3253B6ABC0053E7A0 /* ssl.h */ = {isa = PBXFileReference; fileEncoding = 4; lastKnownFileType = sourcecode.c.h; name = ssl.h; path = https/mbedtls/include/mbedtls/ssl.h; sourceTree = "<group>"; };
		45F997E4253B6ABC0053E7A0 /* md2.h */ = {isa = PBXFileReference; fileEncoding = 4; lastKnownFileType = sourcecode.c.h; name = md2.h; path = https/mbedtls/include/mbedtls/md2.h; sourceTree = "<group>"; };
		45F997E5253B6ABC0053E7A0 /* havege.h */ = {isa = PBXFileReference; fileEncoding = 4; lastKnownFileType = sourcecode.c.h; name = havege.h; path = https/mbedtls/include/mbedtls/havege.h; sourceTree = "<group>"; };
		45F997E6253B6ABC0053E7A0 /* padlock.h */ = {isa = PBXFileReference; fileEncoding = 4; lastKnownFileType = sourcecode.c.h; name = padlock.h; path = https/mbedtls/include/mbedtls/padlock.h; sourceTree = "<group>"; };
		45F997E7253B6ABC0053E7A0 /* hmac_drbg.h */ = {isa = PBXFileReference; fileEncoding = 4; lastKnownFileType = sourcecode.c.h; name = hmac_drbg.h; path = https/mbedtls/include/mbedtls/hmac_drbg.h; sourceTree = "<group>"; };
		45F997E8253B6ABC0053E7A0 /* pkcs12.h */ = {isa = PBXFileReference; fileEncoding = 4; lastKnownFileType = sourcecode.c.h; name = pkcs12.h; path = https/mbedtls/include/mbedtls/pkcs12.h; sourceTree = "<group>"; };
		45F997E9253B6ABC0053E7A0 /* config.h */ = {isa = PBXFileReference; fileEncoding = 4; lastKnownFileType = sourcecode.c.h; name = config.h; path = https/mbedtls/include/mbedtls/config.h; sourceTree = "<group>"; };
		45F997EA253B6ABC0053E7A0 /* ripemd160.h */ = {isa = PBXFileReference; fileEncoding = 4; lastKnownFileType = sourcecode.c.h; name = ripemd160.h; path = https/mbedtls/include/mbedtls/ripemd160.h; sourceTree = "<group>"; };
		45F997EB253B6ABC0053E7A0 /* rsa.h */ = {isa = PBXFileReference; fileEncoding = 4; lastKnownFileType = sourcecode.c.h; name = rsa.h; path = https/mbedtls/include/mbedtls/rsa.h; sourceTree = "<group>"; };
		45F997EC253B6ABC0053E7A0 /* ssl_cookie.h */ = {isa = PBXFileReference; fileEncoding = 4; lastKnownFileType = sourcecode.c.h; name = ssl_cookie.h; path = https/mbedtls/include/mbedtls/ssl_cookie.h; sourceTree = "<group>"; };
		45F997ED253B6ABC0053E7A0 /* threading.h */ = {isa = PBXFileReference; fileEncoding = 4; lastKnownFileType = sourcecode.c.h; name = threading.h; path = https/mbedtls/include/mbedtls/threading.h; sourceTree = "<group>"; };
		45F997EE253B6ABC0053E7A0 /* md4.h */ = {isa = PBXFileReference; fileEncoding = 4; lastKnownFileType = sourcecode.c.h; name = md4.h; path = https/mbedtls/include/mbedtls/md4.h; sourceTree = "<group>"; };
		45F997EF253B6ABC0053E7A0 /* ecp.h */ = {isa = PBXFileReference; fileEncoding = 4; lastKnownFileType = sourcecode.c.h; name = ecp.h; path = https/mbedtls/include/mbedtls/ecp.h; sourceTree = "<group>"; };
		45F997F0253B6ABD0053E7A0 /* base64.h */ = {isa = PBXFileReference; fileEncoding = 4; lastKnownFileType = sourcecode.c.h; name = base64.h; path = https/mbedtls/include/mbedtls/base64.h; sourceTree = "<group>"; };
		45F997F1253B6ABD0053E7A0 /* x509.h */ = {isa = PBXFileReference; fileEncoding = 4; lastKnownFileType = sourcecode.c.h; name = x509.h; path = https/mbedtls/include/mbedtls/x509.h; sourceTree = "<group>"; };
		45F997F2253B6ABD0053E7A0 /* debug.h */ = {isa = PBXFileReference; fileEncoding = 4; lastKnownFileType = sourcecode.c.h; name = debug.h; path = https/mbedtls/include/mbedtls/debug.h; sourceTree = "<group>"; };
		45F997F3253B6ABD0053E7A0 /* pkcs11.h */ = {isa = PBXFileReference; fileEncoding = 4; lastKnownFileType = sourcecode.c.h; name = pkcs11.h; path = https/mbedtls/include/mbedtls/pkcs11.h; sourceTree = "<group>"; };
		45F997F4253B6ABD0053E7A0 /* pk.h */ = {isa = PBXFileReference; fileEncoding = 4; lastKnownFileType = sourcecode.c.h; name = pk.h; path = https/mbedtls/include/mbedtls/pk.h; sourceTree = "<group>"; };
		45F997F5253B6ABD0053E7A0 /* ssl_ticket.h */ = {isa = PBXFileReference; fileEncoding = 4; lastKnownFileType = sourcecode.c.h; name = ssl_ticket.h; path = https/mbedtls/include/mbedtls/ssl_ticket.h; sourceTree = "<group>"; };
		45F997F6253B6ABD0053E7A0 /* ccm.h */ = {isa = PBXFileReference; fileEncoding = 4; lastKnownFileType = sourcecode.c.h; name = ccm.h; path = https/mbedtls/include/mbedtls/ccm.h; sourceTree = "<group>"; };
		45F997F7253B6ABD0053E7A0 /* dhm.h */ = {isa = PBXFileReference; fileEncoding = 4; lastKnownFileType = sourcecode.c.h; name = dhm.h; path = https/mbedtls/include/mbedtls/dhm.h; sourceTree = "<group>"; };
		45F997F8253B6ABD0053E7A0 /* xtea.h */ = {isa = PBXFileReference; fileEncoding = 4; lastKnownFileType = sourcecode.c.h; name = xtea.h; path = https/mbedtls/include/mbedtls/xtea.h; sourceTree = "<group>"; };
		45F997F9253B6ABD0053E7A0 /* entropy.h */ = {isa = PBXFileReference; fileEncoding = 4; lastKnownFileType = sourcecode.c.h; name = entropy.h; path = https/mbedtls/include/mbedtls/entropy.h; sourceTree = "<group>"; };
		45F997FA253B6ABD0053E7A0 /* net.h */ = {isa = PBXFileReference; fileEncoding = 4; lastKnownFileType = sourcecode.c.h; name = net.h; path = https/mbedtls/include/mbedtls/net.h; sourceTree = "<group>"; };
		45F997FB253B6ABD0053E7A0 /* platform.h */ = {isa = PBXFileReference; fileEncoding = 4; lastKnownFileType = sourcecode.c.h; name = platform.h; path = https/mbedtls/include/mbedtls/platform.h; sourceTree = "<group>"; };
		45F997FC253B6ABD0053E7A0 /* blowfish.h */ = {isa = PBXFileReference; fileEncoding = 4; lastKnownFileType = sourcecode.c.h; name = blowfish.h; path = https/mbedtls/include/mbedtls/blowfish.h; sourceTree = "<group>"; };
		45F997FD253B6ABD0053E7A0 /* asn1.h */ = {isa = PBXFileReference; fileEncoding = 4; lastKnownFileType = sourcecode.c.h; name = asn1.h; path = https/mbedtls/include/mbedtls/asn1.h; sourceTree = "<group>"; };
		45F997FE253B6ABD0053E7A0 /* x509_crl.h */ = {isa = PBXFileReference; fileEncoding = 4; lastKnownFileType = sourcecode.c.h; name = x509_crl.h; path = https/mbedtls/include/mbedtls/x509_crl.h; sourceTree = "<group>"; };
		45F997FF253B6ABD0053E7A0 /* x509_crt.h */ = {isa = PBXFileReference; fileEncoding = 4; lastKnownFileType = sourcecode.c.h; name = x509_crt.h; path = https/mbedtls/include/mbedtls/x509_crt.h; sourceTree = "<group>"; };
		45F99800253B6ABD0053E7A0 /* gcm.h */ = {isa = PBXFileReference; fileEncoding = 4; lastKnownFileType = sourcecode.c.h; name = gcm.h; path = https/mbedtls/include/mbedtls/gcm.h; sourceTree = "<group>"; };
		45F99801253B6ABD0053E7A0 /* ssl_ciphersuites.h */ = {isa = PBXFileReference; fileEncoding = 4; lastKnownFileType = sourcecode.c.h; name = ssl_ciphersuites.h; path = https/mbedtls/include/mbedtls/ssl_ciphersuites.h; sourceTree = "<group>"; };
		45F99802253B6ABD0053E7A0 /* md.h */ = {isa = PBXFileReference; fileEncoding = 4; lastKnownFileType = sourcecode.c.h; name = md.h; path = https/mbedtls/include/mbedtls/md.h; sourceTree = "<group>"; };
		45F99803253B6ABD0053E7A0 /* net_sockets.h */ = {isa = PBXFileReference; fileEncoding = 4; lastKnownFileType = sourcecode.c.h; name = net_sockets.h; path = https/mbedtls/include/mbedtls/net_sockets.h; sourceTree = "<group>"; };
		45F99804253B6ABD0053E7A0 /* sha1.h */ = {isa = PBXFileReference; fileEncoding = 4; lastKnownFileType = sourcecode.c.h; name = sha1.h; path = https/mbedtls/include/mbedtls/sha1.h; sourceTree = "<group>"; };
		45F99805253B6ABD0053E7A0 /* aesni.h */ = {isa = PBXFileReference; fileEncoding = 4; lastKnownFileType = sourcecode.c.h; name = aesni.h; path = https/mbedtls/include/mbedtls/aesni.h; sourceTree = "<group>"; };
		45F99806253B6ABD0053E7A0 /* compat-1.3.h */ = {isa = PBXFileReference; fileEncoding = 4; lastKnownFileType = sourcecode.c.h; name = "compat-1.3.h"; path = "https/mbedtls/include/mbedtls/compat-1.3.h"; sourceTree = "<group>"; };
		45F99807253B6ABD0053E7A0 /* sha512.h */ = {isa = PBXFileReference; fileEncoding = 4; lastKnownFileType = sourcecode.c.h; name = sha512.h; path = https/mbedtls/include/mbedtls/sha512.h; sourceTree = "<group>"; };
		45F99808253B6ABD0053E7A0 /* md_internal.h */ = {isa = PBXFileReference; fileEncoding = 4; lastKnownFileType = sourcecode.c.h; name = md_internal.h; path = https/mbedtls/include/mbedtls/md_internal.h; sourceTree = "<group>"; };
		45F99809253B6ABD0053E7A0 /* check_config.h */ = {isa = PBXFileReference; fileEncoding = 4; lastKnownFileType = sourcecode.c.h; name = check_config.h; path = https/mbedtls/include/mbedtls/check_config.h; sourceTree = "<group>"; };
		45F9980A253B6ABE0053E7A0 /* md5.h */ = {isa = PBXFileReference; fileEncoding = 4; lastKnownFileType = sourcecode.c.h; name = md5.h; path = https/mbedtls/include/mbedtls/md5.h; sourceTree = "<group>"; };
		45F9980B253B6ABE0053E7A0 /* ctr_drbg.h */ = {isa = PBXFileReference; fileEncoding = 4; lastKnownFileType = sourcecode.c.h; name = ctr_drbg.h; path = https/mbedtls/include/mbedtls/ctr_drbg.h; sourceTree = "<group>"; };
		45F9980C253B6ABE0053E7A0 /* arc4.h */ = {isa = PBXFileReference; fileEncoding = 4; lastKnownFileType = sourcecode.c.h; name = arc4.h; path = https/mbedtls/include/mbedtls/arc4.h; sourceTree = "<group>"; };
		45F9980D253B6ABE0053E7A0 /* ecdh.h */ = {isa = PBXFileReference; fileEncoding = 4; lastKnownFileType = sourcecode.c.h; name = ecdh.h; path = https/mbedtls/include/mbedtls/ecdh.h; sourceTree = "<group>"; };
		45F9980E253B6ABE0053E7A0 /* ecjpake.h */ = {isa = PBXFileReference; fileEncoding = 4; lastKnownFileType = sourcecode.c.h; name = ecjpake.h; path = https/mbedtls/include/mbedtls/ecjpake.h; sourceTree = "<group>"; };
		45F9980F253B6ABE0053E7A0 /* entropy_poll.h */ = {isa = PBXFileReference; fileEncoding = 4; lastKnownFileType = sourcecode.c.h; name = entropy_poll.h; path = https/mbedtls/include/mbedtls/entropy_poll.h; sourceTree = "<group>"; };
		45F99810253B6ABE0053E7A0 /* certs.h */ = {isa = PBXFileReference; fileEncoding = 4; lastKnownFileType = sourcecode.c.h; name = certs.h; path = https/mbedtls/include/mbedtls/certs.h; sourceTree = "<group>"; };
		45F99811253B6ABE0053E7A0 /* pk_internal.h */ = {isa = PBXFileReference; fileEncoding = 4; lastKnownFileType = sourcecode.c.h; name = pk_internal.h; path = https/mbedtls/include/mbedtls/pk_internal.h; sourceTree = "<group>"; };
		45F99812253B6ABE0053E7A0 /* error.h */ = {isa = PBXFileReference; fileEncoding = 4; lastKnownFileType = sourcecode.c.h; name = error.h; path = https/mbedtls/include/mbedtls/error.h; sourceTree = "<group>"; };
		45F99813253B6ABE0053E7A0 /* ssl_cache.h */ = {isa = PBXFileReference; fileEncoding = 4; lastKnownFileType = sourcecode.c.h; name = ssl_cache.h; path = https/mbedtls/include/mbedtls/ssl_cache.h; sourceTree = "<group>"; };
		45F99814253B6ABE0053E7A0 /* bn_mul.h */ = {isa = PBXFileReference; fileEncoding = 4; lastKnownFileType = sourcecode.c.h; name = bn_mul.h; path = https/mbedtls/include/mbedtls/bn_mul.h; sourceTree = "<group>"; };
		45F99815253B6ABE0053E7A0 /* timing.h */ = {isa = PBXFileReference; fileEncoding = 4; lastKnownFileType = sourcecode.c.h; name = timing.h; path = https/mbedtls/include/mbedtls/timing.h; sourceTree = "<group>"; };
		45F99816253B6ABE0053E7A0 /* x509_csr.h */ = {isa = PBXFileReference; fileEncoding = 4; lastKnownFileType = sourcecode.c.h; name = x509_csr.h; path = https/mbedtls/include/mbedtls/x509_csr.h; sourceTree = "<group>"; };
		45F99817253B6ABE0053E7A0 /* pem.h */ = {isa = PBXFileReference; fileEncoding = 4; lastKnownFileType = sourcecode.c.h; name = pem.h; path = https/mbedtls/include/mbedtls/pem.h; sourceTree = "<group>"; };
		45F99818253B6ABE0053E7A0 /* bignum.h */ = {isa = PBXFileReference; fileEncoding = 4; lastKnownFileType = sourcecode.c.h; name = bignum.h; path = https/mbedtls/include/mbedtls/bignum.h; sourceTree = "<group>"; };
		45F99819253B6ABE0053E7A0 /* camellia.h */ = {isa = PBXFileReference; fileEncoding = 4; lastKnownFileType = sourcecode.c.h; name = camellia.h; path = https/mbedtls/include/mbedtls/camellia.h; sourceTree = "<group>"; };
		45F9981A253B6ABE0053E7A0 /* des.h */ = {isa = PBXFileReference; fileEncoding = 4; lastKnownFileType = sourcecode.c.h; name = des.h; path = https/mbedtls/include/mbedtls/des.h; sourceTree = "<group>"; };
		45F9981B253B6ABE0053E7A0 /* cipher_internal.h */ = {isa = PBXFileReference; fileEncoding = 4; lastKnownFileType = sourcecode.c.h; name = cipher_internal.h; path = https/mbedtls/include/mbedtls/cipher_internal.h; sourceTree = "<group>"; };
		45F9981C253B6ABE0053E7A0 /* ssl_internal.h */ = {isa = PBXFileReference; fileEncoding = 4; lastKnownFileType = sourcecode.c.h; name = ssl_internal.h; path = https/mbedtls/include/mbedtls/ssl_internal.h; sourceTree = "<group>"; };
		45F9981D253B6ABE0053E7A0 /* aes.h */ = {isa = PBXFileReference; fileEncoding = 4; lastKnownFileType = sourcecode.c.h; name = aes.h; path = https/mbedtls/include/mbedtls/aes.h; sourceTree = "<group>"; };
		45F9981E253B6ABE0053E7A0 /* oid.h */ = {isa = PBXFileReference; fileEncoding = 4; lastKnownFileType = sourcecode.c.h; name = oid.h; path = https/mbedtls/include/mbedtls/oid.h; sourceTree = "<group>"; };
		45F9981F253B6ABE0053E7A0 /* cipher.h */ = {isa = PBXFileReference; fileEncoding = 4; lastKnownFileType = sourcecode.c.h; name = cipher.h; path = https/mbedtls/include/mbedtls/cipher.h; sourceTree = "<group>"; };
		45F99820253B6ABE0053E7A0 /* pkcs5.h */ = {isa = PBXFileReference; fileEncoding = 4; lastKnownFileType = sourcecode.c.h; name = pkcs5.h; path = https/mbedtls/include/mbedtls/pkcs5.h; sourceTree = "<group>"; };
/* End PBXFileReference section */

/* Begin PBXFrameworksBuildPhase section */
		457248DB2020AAC600349683 /* Frameworks */ = {
			isa = PBXFrameworksBuildPhase;
			buildActionMask = 2147483647;
			files = (
				457249362020AFB400349683 /* libpthread.tbd in Frameworks */,
				457249342020AFAA00349683 /* libc.tbd in Frameworks */,
			);
			runOnlyForDeploymentPostprocessing = 0;
		};
/* End PBXFrameworksBuildPhase section */

/* Begin PBXGroup section */
		457248D52020AAC600349683 = {
			isa = PBXGroup;
			children = (
				4581C6FD226DBE5E00E88538 /* libex */,
				4581C5D6226DAA3500E88538 /* c */,
				4523723A20C8ECA500156C58 /* res */,
				4523723920C8EC8C00156C58 /* lib */,
				45ECB79E206D017A00CF9E7F /* libgui.dylib */,
				45ECB79C206D017900CF9E7F /* libjnitest.dylib */,
				457248E02020AAC600349683 /* jvm_macos */,
				457248DF2020AAC600349683 /* Products */,
				457249322020AFAA00349683 /* Frameworks */,
			);
			sourceTree = "<group>";
		};
		457248DF2020AAC600349683 /* Products */ = {
			isa = PBXGroup;
			children = (
				457248DE2020AAC600349683 /* jvm_macos */,
			);
			name = Products;
			sourceTree = "<group>";
		};
		457248E02020AAC600349683 /* jvm_macos */ = {
			isa = PBXGroup;
			children = (
				457248E12020AAC600349683 /* main.swift */,
				457248EA2020ABE200349683 /* invoke.c */,
				457248E82020ABE100349683 /* jvm_macos-Bridging-Header.h */,
				45EAB02720DCDC2300896201 /* pcallstack.m */,
			);
			path = jvm_macos;
			sourceTree = "<group>";
		};
		457249322020AFAA00349683 /* Frameworks */ = {
			isa = PBXGroup;
			children = (
				457249352020AFB400349683 /* libpthread.tbd */,
				457249332020AFAA00349683 /* libc.tbd */,
			);
			name = Frameworks;
			sourceTree = "<group>";
		};
		4581C5D6226DAA3500E88538 /* c */ = {
			isa = PBXGroup;
			children = (
				4581C62A226DAA3500E88538 /* jvm */,
				4581C63E226DAA3500E88538 /* utils */,
			);
			name = c;
			path = ../../minijvm/c;
			sourceTree = "<group>";
		};
		4581C62A226DAA3500E88538 /* jvm */ = {
			isa = PBXGroup;
			children = (
				459A79C123A32B18007C85C6 /* jit.c */,
				459A79C223A32B18007C85C6 /* jit.h */,
				4581C62B226DAA3500E88538 /* garbage.c */,
				4581C62C226DAA3500E88538 /* runtime.c */,
				4581C62D226DAA3500E88538 /* jvm.c */,
				4581C62E226DAA3500E88538 /* jdwp.h */,
				4581C62F226DAA3500E88538 /* class.c */,
				4581C630226DAA3500E88538 /* jvm_util.c */,
				4581C631226DAA3500E88538 /* java_native_std.h */,
				4581C632226DAA3500E88538 /* java_native_reflect.h */,
				4581C633226DAA3500E88538 /* java_native_io.h */,
				4581C634226DAA3500E88538 /* jvm.h */,
				4581C635226DAA3500E88538 /* garbage.h */,
				4581C636226DAA3500E88538 /* java_native_std.c */,
				4581C637226DAA3500E88538 /* jvm_util.h */,
				4581C638226DAA3500E88538 /* class_load.c */,
				4581C639226DAA3500E88538 /* jdwp.c */,
				4581C63A226DAA3500E88538 /* interpreter.c */,
				4581C63B226DAA3500E88538 /* java_native_reflect.c */,
				4581C63C226DAA3500E88538 /* global.c */,
				4581C63D226DAA3500E88538 /* java_native_io.c */,
			);
			path = jvm;
			sourceTree = "<group>";
		};
		4581C63E226DAA3500E88538 /* utils */ = {
			isa = PBXGroup;
			children = (
				45F99743253B6A660053E7A0 /* https */,
				459A79C423A32B29007C85C6 /* sljit */,
				4581C63F226DAA3500E88538 /* dirent_win.h */,
				4581C640226DAA3500E88538 /* spinlock.h */,
				4581C641226DAA3500E88538 /* ltalloc.c */,
				4581C642226DAA3500E88538 /* miniz.c */,
				4581C643226DAA3500E88538 /* bytebuf.h */,
				4581C644226DAA3500E88538 /* miniz_wrapper.h */,
				4581C645226DAA3500E88538 /* hashtable.h */,
				4581C646226DAA3500E88538 /* hashset.c */,
				4581C647226DAA3500E88538 /* tinycthread.c */,
				4581C648226DAA3500E88538 /* arraylist.c */,
				4581C649226DAA3500E88538 /* utf8_string.c */,
				4581C64A226DAA3500E88538 /* linkedlist.h */,
				4581C64B226DAA3500E88538 /* d_type.c */,
				4581C64C226DAA3500E88538 /* miniz.h */,
				4581C64D226DAA3500E88538 /* ltalloc.h */,
				4581C64E226DAA3500E88538 /* hashset.h */,
				4581C64F226DAA3500E88538 /* hashtable.c */,
				4581C650226DAA3500E88538 /* miniz_wrapper.c */,
				4581C651226DAA3500E88538 /* bytebuf.c */,
				4581C652226DAA3500E88538 /* pairlist.h */,
				4581C653226DAA3500E88538 /* utf8_string.h */,
				4581C654226DAA3500E88538 /* arraylist.h */,
				4581C655226DAA3500E88538 /* tinycthread.h */,
				4581C656226DAA3500E88538 /* d_type.h */,
				4581C657226DAA3500E88538 /* linkedlist.c */,
			);
			path = utils;
			sourceTree = "<group>";
		};
		459A79C423A32B29007C85C6 /* sljit */ = {
			isa = PBXGroup;
			children = (
				459A79CC23A32B29007C85C6 /* sljitLir.h */,
				459A79D523A32B29007C85C6 /* sljitLir.c */,
			);
			path = sljit;
			sourceTree = "<group>";
		};
		45F99743253B6A660053E7A0 /* https */ = {
			isa = PBXGroup;
			children = (
				45F99744253B6A700053E7A0 /* mbedtls */,
			);
			name = https;
			sourceTree = "<group>";
		};
		45F99744253B6A700053E7A0 /* mbedtls */ = {
			isa = PBXGroup;
			children = (
				45F99748253B6A9E0053E7A0 /* ca_cert.h */,
				45F9974A253B6A9E0053E7A0 /* https.c */,
				45F99749253B6A9E0053E7A0 /* https.h */,
				45F99746253B6A7F0053E7A0 /* library */,
				45F99745253B6A790053E7A0 /* include */,
			);
			name = mbedtls;
			sourceTree = "<group>";
		};
		45F99745253B6A790053E7A0 /* include */ = {
			isa = PBXGroup;
			children = (
				45F99747253B6A870053E7A0 /* mbedtls */,
			);
			name = include;
			sourceTree = "<group>";
		};
		45F99746253B6A7F0053E7A0 /* library */ = {
			isa = PBXGroup;
			children = (
				45F99783253B6AAE0053E7A0 /* aes.c */,
				45F99759253B6AAC0053E7A0 /* aesni.c */,
				45F99763253B6AAC0053E7A0 /* arc4.c */,
				45F99755253B6AAB0053E7A0 /* asn1parse.c */,
				45F9977C253B6AAD0053E7A0 /* asn1write.c */,
				45F9976C253B6AAD0053E7A0 /* base64.c */,
				45F99775253B6AAD0053E7A0 /* bignum.c */,
				45F9976F253B6AAD0053E7A0 /* blowfish.c */,
				45F9975E253B6AAC0053E7A0 /* camellia.c */,
				45F99768253B6AAC0053E7A0 /* ccm.c */,
				45F9976E253B6AAD0053E7A0 /* certs.c */,
				45F99789253B6AAE0053E7A0 /* cipher_wrap.c */,
				45F9976D253B6AAD0053E7A0 /* cipher.c */,
				45F9978F253B6AAE0053E7A0 /* cmac.c */,
				45F9977A253B6AAD0053E7A0 /* ctr_drbg.c */,
				45F99782253B6AAE0053E7A0 /* debug.c */,
				45F99787253B6AAE0053E7A0 /* des.c */,
				45F99791253B6AAE0053E7A0 /* dhm.c */,
				45F99753253B6AAB0053E7A0 /* ecdh.c */,
				45F99754253B6AAB0053E7A0 /* ecdsa.c */,
				45F99786253B6AAE0053E7A0 /* ecjpake.c */,
				45F9975B253B6AAC0053E7A0 /* ecp_curves.c */,
				45F99756253B6AAB0053E7A0 /* ecp.c */,
				45F9978C253B6AAE0053E7A0 /* entropy_poll.c */,
				45F99752253B6AAB0053E7A0 /* entropy.c */,
				45F99751253B6AAB0053E7A0 /* error.c */,
				45F99750253B6AAB0053E7A0 /* gcm.c */,
				45F9974F253B6AAB0053E7A0 /* havege.c */,
				45F9976B253B6AAD0053E7A0 /* hmac_drbg.c */,
				45F99784253B6AAE0053E7A0 /* md_wrap.c */,
				45F99760253B6AAC0053E7A0 /* md.c */,
				45F99792253B6AAE0053E7A0 /* md2.c */,
				45F99780253B6AAD0053E7A0 /* md4.c */,
				45F99774253B6AAD0053E7A0 /* md5.c */,
				45F99767253B6AAC0053E7A0 /* memory_buffer_alloc.c */,
				45F99785253B6AAE0053E7A0 /* net_sockets.c */,
				45F99773253B6AAD0053E7A0 /* oid.c */,
				45F99790253B6AAE0053E7A0 /* padlock.c */,
				45F99771253B6AAD0053E7A0 /* pem.c */,
				45F9975F253B6AAC0053E7A0 /* pk_wrap.c */,
				45F99769253B6AAC0053E7A0 /* pk.c */,
				45F99757253B6AAB0053E7A0 /* pkcs5.c */,
				45F9977F253B6AAD0053E7A0 /* pkcs11.c */,
				45F99779253B6AAD0053E7A0 /* pkcs12.c */,
				45F99788253B6AAE0053E7A0 /* pkparse.c */,
				45F9977B253B6AAD0053E7A0 /* pkwrite.c */,
				45F99766253B6AAC0053E7A0 /* platform.c */,
				45F99761253B6AAC0053E7A0 /* ripemd160.c */,
				45F9975C253B6AAC0053E7A0 /* rsa.c */,
				45F9978E253B6AAE0053E7A0 /* sha1.c */,
				45F99758253B6AAB0053E7A0 /* sha256.c */,
				45F9977D253B6AAD0053E7A0 /* sha512.c */,
				45F99793253B6AAE0053E7A0 /* ssl_cache.c */,
				45F99762253B6AAC0053E7A0 /* ssl_ciphersuites.c */,
				45F99772253B6AAD0053E7A0 /* ssl_cli.c */,
				45F99781253B6AAD0053E7A0 /* ssl_cookie.c */,
				45F9978D253B6AAE0053E7A0 /* ssl_srv.c */,
				45F9975D253B6AAC0053E7A0 /* ssl_ticket.c */,
				45F99777253B6AAD0053E7A0 /* ssl_tls.c */,
				45F99764253B6AAC0053E7A0 /* threading.c */,
				45F99778253B6AAD0053E7A0 /* timing.c */,
				45F9974D253B6AAB0053E7A0 /* version_features.c */,
				45F9976A253B6AAC0053E7A0 /* version.c */,
				45F99770253B6AAD0053E7A0 /* x509_create.c */,
				45F9978A253B6AAE0053E7A0 /* x509_crl.c */,
				45F9975A253B6AAC0053E7A0 /* x509_crt.c */,
				45F9977E253B6AAD0053E7A0 /* x509_csr.c */,
				45F9978B253B6AAE0053E7A0 /* x509.c */,
				45F99776253B6AAD0053E7A0 /* x509write_crt.c */,
				45F9974E253B6AAB0053E7A0 /* x509write_csr.c */,
				45F99765253B6AAC0053E7A0 /* xtea.c */,
			);
			name = library;
			sourceTree = "<group>";
		};
		45F99747253B6A870053E7A0 /* mbedtls */ = {
			isa = PBXGroup;
			children = (
				45F9981D253B6ABE0053E7A0 /* aes.h */,
				45F99805253B6ABD0053E7A0 /* aesni.h */,
				45F9980C253B6ABE0053E7A0 /* arc4.h */,
				45F997FD253B6ABD0053E7A0 /* asn1.h */,
				45F997DF253B6ABB0053E7A0 /* asn1write.h */,
				45F997F0253B6ABD0053E7A0 /* base64.h */,
				45F99818253B6ABE0053E7A0 /* bignum.h */,
				45F997FC253B6ABD0053E7A0 /* blowfish.h */,
				45F99814253B6ABE0053E7A0 /* bn_mul.h */,
				45F99819253B6ABE0053E7A0 /* camellia.h */,
				45F997F6253B6ABD0053E7A0 /* ccm.h */,
				45F99810253B6ABE0053E7A0 /* certs.h */,
				45F99809253B6ABD0053E7A0 /* check_config.h */,
				45F9981B253B6ABE0053E7A0 /* cipher_internal.h */,
				45F9981F253B6ABE0053E7A0 /* cipher.h */,
				45F997E2253B6ABC0053E7A0 /* cmac.h */,
				45F99806253B6ABD0053E7A0 /* compat-1.3.h */,
				45F997E9253B6ABC0053E7A0 /* config.h */,
				45F9980B253B6ABE0053E7A0 /* ctr_drbg.h */,
				45F997F2253B6ABD0053E7A0 /* debug.h */,
				45F9981A253B6ABE0053E7A0 /* des.h */,
				45F997F7253B6ABD0053E7A0 /* dhm.h */,
				45F9980D253B6ABE0053E7A0 /* ecdh.h */,
				45F997E0253B6ABB0053E7A0 /* ecdsa.h */,
				45F9980E253B6ABE0053E7A0 /* ecjpake.h */,
				45F997EF253B6ABC0053E7A0 /* ecp.h */,
				45F9980F253B6ABE0053E7A0 /* entropy_poll.h */,
				45F997F9253B6ABD0053E7A0 /* entropy.h */,
				45F99812253B6ABE0053E7A0 /* error.h */,
				45F99800253B6ABD0053E7A0 /* gcm.h */,
				45F997E5253B6ABC0053E7A0 /* havege.h */,
				45F997E7253B6ABC0053E7A0 /* hmac_drbg.h */,
				45F99808253B6ABD0053E7A0 /* md_internal.h */,
				45F99802253B6ABD0053E7A0 /* md.h */,
				45F997E4253B6ABC0053E7A0 /* md2.h */,
				45F997EE253B6ABC0053E7A0 /* md4.h */,
				45F9980A253B6ABE0053E7A0 /* md5.h */,
				45F997DC253B6ABB0053E7A0 /* memory_buffer_alloc.h */,
				45F99803253B6ABD0053E7A0 /* net_sockets.h */,
				45F997FA253B6ABD0053E7A0 /* net.h */,
				45F9981E253B6ABE0053E7A0 /* oid.h */,
				45F997E6253B6ABC0053E7A0 /* padlock.h */,
				45F99817253B6ABE0053E7A0 /* pem.h */,
				45F99811253B6ABE0053E7A0 /* pk_internal.h */,
				45F997F4253B6ABD0053E7A0 /* pk.h */,
				45F99820253B6ABE0053E7A0 /* pkcs5.h */,
				45F997F3253B6ABD0053E7A0 /* pkcs11.h */,
				45F997E8253B6ABC0053E7A0 /* pkcs12.h */,
				45F997E1253B6ABC0053E7A0 /* platform_time.h */,
				45F997FB253B6ABD0053E7A0 /* platform.h */,
				45F997EA253B6ABC0053E7A0 /* ripemd160.h */,
				45F997EB253B6ABC0053E7A0 /* rsa.h */,
				45F99804253B6ABD0053E7A0 /* sha1.h */,
				45F997DD253B6ABB0053E7A0 /* sha256.h */,
				45F99807253B6ABD0053E7A0 /* sha512.h */,
				45F99813253B6ABE0053E7A0 /* ssl_cache.h */,
				45F99801253B6ABD0053E7A0 /* ssl_ciphersuites.h */,
				45F997EC253B6ABC0053E7A0 /* ssl_cookie.h */,
				45F9981C253B6ABE0053E7A0 /* ssl_internal.h */,
				45F997F5253B6ABD0053E7A0 /* ssl_ticket.h */,
				45F997E3253B6ABC0053E7A0 /* ssl.h */,
				45F997ED253B6ABC0053E7A0 /* threading.h */,
				45F99815253B6ABE0053E7A0 /* timing.h */,
				45F997DE253B6ABB0053E7A0 /* version.h */,
				45F997FE253B6ABD0053E7A0 /* x509_crl.h */,
				45F997FF253B6ABD0053E7A0 /* x509_crt.h */,
				45F99816253B6ABE0053E7A0 /* x509_csr.h */,
				45F997F1253B6ABD0053E7A0 /* x509.h */,
				45F997F8253B6ABD0053E7A0 /* xtea.h */,
			);
			name = mbedtls;
			sourceTree = "<group>";
		};
/* End PBXGroup section */

/* Begin PBXNativeTarget section */
		457248DD2020AAC600349683 /* jvm_macos */ = {
			isa = PBXNativeTarget;
			buildConfigurationList = 457248E52020AAC600349683 /* Build configuration list for PBXNativeTarget "jvm_macos" */;
			buildPhases = (
				457248DA2020AAC600349683 /* Sources */,
				457248DB2020AAC600349683 /* Frameworks */,
				457248DC2020AAC600349683 /* CopyFiles */,
			);
			buildRules = (
			);
			dependencies = (
			);
			name = jvm_macos;
			productName = jvm_macos;
			productReference = 457248DE2020AAC600349683 /* jvm_macos */;
			productType = "com.apple.product-type.tool";
		};
/* End PBXNativeTarget section */

/* Begin PBXProject section */
		457248D62020AAC600349683 /* Project object */ = {
			isa = PBXProject;
			attributes = {
				LastSwiftUpdateCheck = 0920;
				LastUpgradeCheck = 0920;
				ORGANIZATIONNAME = Gust;
				TargetAttributes = {
					457248DD2020AAC600349683 = {
						CreatedOnToolsVersion = 9.2;
						LastSwiftMigration = 0920;
						ProvisioningStyle = Automatic;
					};
				};
			};
			buildConfigurationList = 457248D92020AAC600349683 /* Build configuration list for PBXProject "jvm_macos" */;
			compatibilityVersion = "Xcode 8.0";
			developmentRegion = en;
			hasScannedForEncodings = 0;
			knownRegions = (
				en,
			);
			mainGroup = 457248D52020AAC600349683;
			productRefGroup = 457248DF2020AAC600349683 /* Products */;
			projectDirPath = "";
			projectRoot = "";
			targets = (
				457248DD2020AAC600349683 /* jvm_macos */,
			);
		};
/* End PBXProject section */

/* Begin PBXSourcesBuildPhase section */
		457248DA2020AAC600349683 /* Sources */ = {
			isa = PBXSourcesBuildPhase;
			buildActionMask = 2147483647;
			files = (
				45F997B8253B6AAE0053E7A0 /* pem.c in Sources */,
				45F997D7253B6AAE0053E7A0 /* padlock.c in Sources */,
				45F99797253B6AAE0053E7A0 /* gcm.c in Sources */,
				4581C6DB226DAA3600E88538 /* d_type.c in Sources */,
				45F997AE253B6AAE0053E7A0 /* memory_buffer_alloc.c in Sources */,
				4581C6D1226DAA3600E88538 /* interpreter.c in Sources */,
				45F997D1253B6AAE0053E7A0 /* x509_crl.c in Sources */,
				45F997B7253B6AAE0053E7A0 /* x509_create.c in Sources */,
				45F997BB253B6AAE0053E7A0 /* md5.c in Sources */,
				4581C6CE226DAA3600E88538 /* java_native_std.c in Sources */,
				45F997A8253B6AAE0053E7A0 /* ripemd160.c in Sources */,
				45F997BC253B6AAE0053E7A0 /* bignum.c in Sources */,
				45F997C8253B6AAE0053E7A0 /* ssl_cookie.c in Sources */,
				45F997C9253B6AAE0053E7A0 /* debug.c in Sources */,
				45F997CC253B6AAE0053E7A0 /* net_sockets.c in Sources */,
				45F99798253B6AAE0053E7A0 /* error.c in Sources */,
				4581C6D4226DAA3600E88538 /* java_native_io.c in Sources */,
				45F997A9253B6AAE0053E7A0 /* ssl_ciphersuites.c in Sources */,
				45F997A0253B6AAE0053E7A0 /* aesni.c in Sources */,
				45F997AC253B6AAE0053E7A0 /* xtea.c in Sources */,
				45F9979E253B6AAE0053E7A0 /* pkcs5.c in Sources */,
				4581C6D2226DAA3600E88538 /* java_native_reflect.c in Sources */,
				4581C6CC226DAA3600E88538 /* class.c in Sources */,
				45F9974B253B6A9E0053E7A0 /* https.c in Sources */,
				45F997AA253B6AAE0053E7A0 /* arc4.c in Sources */,
				45F9979B253B6AAE0053E7A0 /* ecdsa.c in Sources */,
				45F997D2253B6AAE0053E7A0 /* x509.c in Sources */,
				45F997AD253B6AAE0053E7A0 /* platform.c in Sources */,
				45F997CB253B6AAE0053E7A0 /* md_wrap.c in Sources */,
				45F997C1253B6AAE0053E7A0 /* ctr_drbg.c in Sources */,
				45F99794253B6AAE0053E7A0 /* version_features.c in Sources */,
				4581C6D7226DAA3600E88538 /* hashset.c in Sources */,
				45F997A6253B6AAE0053E7A0 /* pk_wrap.c in Sources */,
				45F997D9253B6AAE0053E7A0 /* md2.c in Sources */,
				45F997B9253B6AAE0053E7A0 /* ssl_cli.c in Sources */,
				45F99796253B6AAE0053E7A0 /* havege.c in Sources */,
				4581C6DE226DAA3600E88538 /* bytebuf.c in Sources */,
				45F997BA253B6AAE0053E7A0 /* oid.c in Sources */,
				45F997A4253B6AAE0053E7A0 /* ssl_ticket.c in Sources */,
				45F997B5253B6AAE0053E7A0 /* certs.c in Sources */,
				45F997D4253B6AAE0053E7A0 /* ssl_srv.c in Sources */,
				45F997C2253B6AAE0053E7A0 /* pkwrite.c in Sources */,
				45F99799253B6AAE0053E7A0 /* entropy.c in Sources */,
				45F997B3253B6AAE0053E7A0 /* base64.c in Sources */,
				45F997A1253B6AAE0053E7A0 /* x509_crt.c in Sources */,
				45F997D6253B6AAE0053E7A0 /* cmac.c in Sources */,
				4581C6D0226DAA3600E88538 /* jdwp.c in Sources */,
				45F997C3253B6AAE0053E7A0 /* asn1write.c in Sources */,
				45F9979C253B6AAE0053E7A0 /* asn1parse.c in Sources */,
				459A79EA23A32B29007C85C6 /* sljitLir.c in Sources */,
				45F997A5253B6AAE0053E7A0 /* camellia.c in Sources */,
				4581C6DF226DAA3600E88538 /* linkedlist.c in Sources */,
				45F997D0253B6AAE0053E7A0 /* cipher_wrap.c in Sources */,
				45F997D5253B6AAE0053E7A0 /* sha1.c in Sources */,
				4581C6D5226DAA3600E88538 /* ltalloc.c in Sources */,
				4581C6CB226DAA3600E88538 /* jvm.c in Sources */,
				459A79C323A32B19007C85C6 /* jit.c in Sources */,
				45F997C7253B6AAE0053E7A0 /* md4.c in Sources */,
				45F99795253B6AAE0053E7A0 /* x509write_csr.c in Sources */,
				4581C6D3226DAA3600E88538 /* global.c in Sources */,
				45F997BF253B6AAE0053E7A0 /* timing.c in Sources */,
				45F997CA253B6AAE0053E7A0 /* aes.c in Sources */,
				4581C6DC226DAA3600E88538 /* hashtable.c in Sources */,
				45F997CF253B6AAE0053E7A0 /* pkparse.c in Sources */,
				45F997C4253B6AAE0053E7A0 /* sha512.c in Sources */,
				45F9979A253B6AAE0053E7A0 /* ecdh.c in Sources */,
				45F997BE253B6AAE0053E7A0 /* ssl_tls.c in Sources */,
				4581C6DA226DAA3600E88538 /* utf8_string.c in Sources */,
				45F9979D253B6AAE0053E7A0 /* ecp.c in Sources */,
				4581C6DD226DAA3600E88538 /* miniz_wrapper.c in Sources */,
				45F997D3253B6AAE0053E7A0 /* entropy_poll.c in Sources */,
				45F997C0253B6AAE0053E7A0 /* pkcs12.c in Sources */,
				457248E22020AAC600349683 /* main.swift in Sources */,
				45F997DA253B6AAE0053E7A0 /* ssl_cache.c in Sources */,
				4581C6D8226DAA3600E88538 /* tinycthread.c in Sources */,
				45F997A7253B6AAE0053E7A0 /* md.c in Sources */,
				4581C6D9226DAA3600E88538 /* arraylist.c in Sources */,
				45F997CE253B6AAE0053E7A0 /* des.c in Sources */,
				45F997AB253B6AAE0053E7A0 /* threading.c in Sources */,
				45F997B0253B6AAE0053E7A0 /* pk.c in Sources */,
				45F997CD253B6AAE0053E7A0 /* ecjpake.c in Sources */,
				45F997D8253B6AAE0053E7A0 /* dhm.c in Sources */,
				4581C6CD226DAA3600E88538 /* jvm_util.c in Sources */,
				457248EB2020ABE200349683 /* invoke.c in Sources */,
				45F997AF253B6AAE0053E7A0 /* ccm.c in Sources */,
				4581C6CF226DAA3600E88538 /* class_load.c in Sources */,
				45F9979F253B6AAE0053E7A0 /* sha256.c in Sources */,
				45F997BD253B6AAE0053E7A0 /* x509write_crt.c in Sources */,
				45F997A3253B6AAE0053E7A0 /* rsa.c in Sources */,
				4581C6D6226DAA3600E88538 /* miniz.c in Sources */,
				45F997B1253B6AAE0053E7A0 /* version.c in Sources */,
				45F997B6253B6AAE0053E7A0 /* blowfish.c in Sources */,
				45F997A2253B6AAE0053E7A0 /* ecp_curves.c in Sources */,
				4581C6C9226DAA3600E88538 /* garbage.c in Sources */,
				45EAB02820DCDC2300896201 /* pcallstack.m in Sources */,
				4581C6CA226DAA3600E88538 /* runtime.c in Sources */,
				45F997C6253B6AAE0053E7A0 /* pkcs11.c in Sources */,
				45F997C5253B6AAE0053E7A0 /* x509_csr.c in Sources */,
				45F997B4253B6AAE0053E7A0 /* cipher.c in Sources */,
				45F997B2253B6AAE0053E7A0 /* hmac_drbg.c in Sources */,
			);
			runOnlyForDeploymentPostprocessing = 0;
		};
/* End PBXSourcesBuildPhase section */

/* Begin XCBuildConfiguration section */
		457248E32020AAC600349683 /* Debug */ = {
			isa = XCBuildConfiguration;
			buildSettings = {
				ALWAYS_SEARCH_USER_PATHS = NO;
				CLANG_ANALYZER_NONNULL = YES;
				CLANG_ANALYZER_NUMBER_OBJECT_CONVERSION = YES_AGGRESSIVE;
				CLANG_CXX_LANGUAGE_STANDARD = "gnu++14";
				CLANG_CXX_LIBRARY = "libc++";
				CLANG_ENABLE_MODULES = YES;
				CLANG_ENABLE_OBJC_ARC = YES;
				CLANG_WARN_BLOCK_CAPTURE_AUTORELEASING = YES;
				CLANG_WARN_BOOL_CONVERSION = YES;
				CLANG_WARN_COMMA = YES;
				CLANG_WARN_CONSTANT_CONVERSION = YES;
				CLANG_WARN_DIRECT_OBJC_ISA_USAGE = YES_ERROR;
				CLANG_WARN_DOCUMENTATION_COMMENTS = YES;
				CLANG_WARN_EMPTY_BODY = YES;
				CLANG_WARN_ENUM_CONVERSION = YES;
				CLANG_WARN_INFINITE_RECURSION = YES;
				CLANG_WARN_INT_CONVERSION = YES;
				CLANG_WARN_NON_LITERAL_NULL_CONVERSION = YES;
				CLANG_WARN_OBJC_LITERAL_CONVERSION = YES;
				CLANG_WARN_OBJC_ROOT_CLASS = YES_ERROR;
				CLANG_WARN_RANGE_LOOP_ANALYSIS = YES;
				CLANG_WARN_STRICT_PROTOTYPES = YES;
				CLANG_WARN_SUSPICIOUS_MOVE = YES;
				CLANG_WARN_UNGUARDED_AVAILABILITY = YES_AGGRESSIVE;
				CLANG_WARN_UNREACHABLE_CODE = YES;
				CLANG_WARN__DUPLICATE_METHOD_MATCH = YES;
				CODE_SIGN_IDENTITY = "-";
				COPY_PHASE_STRIP = NO;
				DEBUG_INFORMATION_FORMAT = dwarf;
				ENABLE_STRICT_OBJC_MSGSEND = YES;
				ENABLE_TESTABILITY = YES;
				GCC_C_LANGUAGE_STANDARD = gnu11;
				GCC_DYNAMIC_NO_PIC = NO;
				GCC_NO_COMMON_BLOCKS = YES;
				GCC_OPTIMIZATION_LEVEL = 0;
				GCC_PREPROCESSOR_DEFINITIONS = (
					"DEBUG=1",
					"$(inherited)",
				);
				GCC_WARN_64_TO_32_BIT_CONVERSION = YES;
				GCC_WARN_ABOUT_RETURN_TYPE = YES_ERROR;
				GCC_WARN_UNDECLARED_SELECTOR = YES;
				GCC_WARN_UNINITIALIZED_AUTOS = YES_AGGRESSIVE;
				GCC_WARN_UNUSED_FUNCTION = YES;
				GCC_WARN_UNUSED_VARIABLE = YES;
				MACOSX_DEPLOYMENT_TARGET = 10.13;
				MTL_ENABLE_DEBUG_INFO = YES;
				ONLY_ACTIVE_ARCH = YES;
				SDKROOT = macosx;
				SWIFT_ACTIVE_COMPILATION_CONDITIONS = DEBUG;
				SWIFT_OPTIMIZATION_LEVEL = "-Onone";
			};
			name = Debug;
		};
		457248E42020AAC600349683 /* Release */ = {
			isa = XCBuildConfiguration;
			buildSettings = {
				ALWAYS_SEARCH_USER_PATHS = NO;
				CLANG_ANALYZER_NONNULL = YES;
				CLANG_ANALYZER_NUMBER_OBJECT_CONVERSION = YES_AGGRESSIVE;
				CLANG_CXX_LANGUAGE_STANDARD = "gnu++14";
				CLANG_CXX_LIBRARY = "libc++";
				CLANG_ENABLE_MODULES = YES;
				CLANG_ENABLE_OBJC_ARC = YES;
				CLANG_WARN_BLOCK_CAPTURE_AUTORELEASING = YES;
				CLANG_WARN_BOOL_CONVERSION = YES;
				CLANG_WARN_COMMA = YES;
				CLANG_WARN_CONSTANT_CONVERSION = YES;
				CLANG_WARN_DIRECT_OBJC_ISA_USAGE = YES_ERROR;
				CLANG_WARN_DOCUMENTATION_COMMENTS = YES;
				CLANG_WARN_EMPTY_BODY = YES;
				CLANG_WARN_ENUM_CONVERSION = YES;
				CLANG_WARN_INFINITE_RECURSION = YES;
				CLANG_WARN_INT_CONVERSION = YES;
				CLANG_WARN_NON_LITERAL_NULL_CONVERSION = YES;
				CLANG_WARN_OBJC_LITERAL_CONVERSION = YES;
				CLANG_WARN_OBJC_ROOT_CLASS = YES_ERROR;
				CLANG_WARN_RANGE_LOOP_ANALYSIS = YES;
				CLANG_WARN_STRICT_PROTOTYPES = YES;
				CLANG_WARN_SUSPICIOUS_MOVE = YES;
				CLANG_WARN_UNGUARDED_AVAILABILITY = YES_AGGRESSIVE;
				CLANG_WARN_UNREACHABLE_CODE = YES;
				CLANG_WARN__DUPLICATE_METHOD_MATCH = YES;
				CODE_SIGN_IDENTITY = "-";
				COPY_PHASE_STRIP = NO;
				DEBUG_INFORMATION_FORMAT = "dwarf-with-dsym";
				ENABLE_NS_ASSERTIONS = NO;
				ENABLE_STRICT_OBJC_MSGSEND = YES;
				GCC_C_LANGUAGE_STANDARD = gnu11;
				GCC_NO_COMMON_BLOCKS = YES;
				GCC_WARN_64_TO_32_BIT_CONVERSION = YES;
				GCC_WARN_ABOUT_RETURN_TYPE = YES_ERROR;
				GCC_WARN_UNDECLARED_SELECTOR = YES;
				GCC_WARN_UNINITIALIZED_AUTOS = YES_AGGRESSIVE;
				GCC_WARN_UNUSED_FUNCTION = YES;
				GCC_WARN_UNUSED_VARIABLE = YES;
				MACOSX_DEPLOYMENT_TARGET = 10.13;
				MTL_ENABLE_DEBUG_INFO = NO;
				SDKROOT = macosx;
				SWIFT_OPTIMIZATION_LEVEL = "-Owholemodule";
			};
			name = Release;
		};
		457248E62020AAC600349683 /* Debug */ = {
			isa = XCBuildConfiguration;
			buildSettings = {
				CLANG_ENABLE_MODULES = YES;
				CODE_SIGN_STYLE = Automatic;
				HEADER_SEARCH_PATHS = "../../minijvm/c/**";
				LD_RUNPATH_SEARCH_PATHS = "$(inherited) @executable_path/../Frameworks @loader_path/../Frameworks";
				PRODUCT_NAME = "$(TARGET_NAME)";
				SWIFT_OBJC_BRIDGING_HEADER = "jvm_macos/jvm_macos-Bridging-Header.h";
				SWIFT_OPTIMIZATION_LEVEL = "-Onone";
				SWIFT_VERSION = 4.0;
				USER_HEADER_SEARCH_PATHS = "";
				USE_HEADERMAP = NO;
			};
			name = Debug;
		};
		457248E72020AAC600349683 /* Release */ = {
			isa = XCBuildConfiguration;
			buildSettings = {
				CLANG_ENABLE_MODULES = YES;
				CODE_SIGN_STYLE = Automatic;
				HEADER_SEARCH_PATHS = "../../minijvm/c/**";
				LD_RUNPATH_SEARCH_PATHS = "$(inherited) @executable_path/../Frameworks @loader_path/../Frameworks";
				PRODUCT_NAME = "$(TARGET_NAME)";
				SWIFT_OBJC_BRIDGING_HEADER = "jvm_macos/jvm_macos-Bridging-Header.h";
				SWIFT_VERSION = 4.0;
				USER_HEADER_SEARCH_PATHS = "";
				USE_HEADERMAP = NO;
			};
			name = Release;
		};
/* End XCBuildConfiguration section */

/* Begin XCConfigurationList section */
		457248D92020AAC600349683 /* Build configuration list for PBXProject "jvm_macos" */ = {
			isa = XCConfigurationList;
			buildConfigurations = (
				457248E32020AAC600349683 /* Debug */,
				457248E42020AAC600349683 /* Release */,
			);
			defaultConfigurationIsVisible = 0;
			defaultConfigurationName = Release;
		};
		457248E52020AAC600349683 /* Build configuration list for PBXNativeTarget "jvm_macos" */ = {
			isa = XCConfigurationList;
			buildConfigurations = (
				457248E62020AAC600349683 /* Debug */,
				457248E72020AAC600349683 /* Release */,
			);
			defaultConfigurationIsVisible = 0;
			defaultConfigurationName = Release;
		};
/* End XCConfigurationList section */
	};
	rootObject = 457248D62020AAC600349683 /* Project object */;
}
