// !$*UTF8*$!
{
	archiveVersion = 1;
	classes = {
	};
	objectVersion = 50;
	objects = {

/* Begin PBXBuildFile section */
		4517C54F254C60E100F03459 /* jni_io.c in Sources */ = {isa = PBXBuildFile; fileRef = 4517C54C254C60E100F03459 /* jni_io.c */; };
		4517C550254C60E100F03459 /* jni_reflect.c in Sources */ = {isa = PBXBuildFile; fileRef = 4517C54D254C60E100F03459 /* jni_reflect.c */; };
		4517C551254C60E100F03459 /* jni_std.c in Sources */ = {isa = PBXBuildFile; fileRef = 4517C54E254C60E100F03459 /* jni_std.c */; };
		451F270D23A24C1F00F99984 /* jit.c in Sources */ = {isa = PBXBuildFile; fileRef = 451F269F23A248D300F99984 /* jit.c */; };
		451F270E23A24C1F00F99984 /* garbage.c in Sources */ = {isa = PBXBuildFile; fileRef = 4581C35F226D637C00E88538 /* garbage.c */; };
		451F270F23A24C1F00F99984 /* runtime.c in Sources */ = {isa = PBXBuildFile; fileRef = 4581C360226D637C00E88538 /* runtime.c */; };
		451F271023A24C1F00F99984 /* jvm.c in Sources */ = {isa = PBXBuildFile; fileRef = 4581C361226D637C00E88538 /* jvm.c */; };
		451F271123A24C1F00F99984 /* class.c in Sources */ = {isa = PBXBuildFile; fileRef = 4581C363226D637C00E88538 /* class.c */; };
		451F271223A24C1F00F99984 /* jvm_util.c in Sources */ = {isa = PBXBuildFile; fileRef = 4581C364226D637C00E88538 /* jvm_util.c */; };
		451F271423A24C1F00F99984 /* class_load.c in Sources */ = {isa = PBXBuildFile; fileRef = 4581C36C226D637C00E88538 /* class_load.c */; };
		451F271523A24C1F00F99984 /* jdwp.c in Sources */ = {isa = PBXBuildFile; fileRef = 4581C36D226D637C00E88538 /* jdwp.c */; };
		451F271623A24C1F00F99984 /* interpreter.c in Sources */ = {isa = PBXBuildFile; fileRef = 4581C36E226D637C00E88538 /* interpreter.c */; };
		451F271823A24C1F00F99984 /* global.c in Sources */ = {isa = PBXBuildFile; fileRef = 4581C370226D637C00E88538 /* global.c */; };
		451F272723A24C3A00F99984 /* main.c in Sources */ = {isa = PBXBuildFile; fileRef = 45D78F65209D4330003B9317 /* main.c */; };
		451F272823A24C3A00F99984 /* glad.c in Sources */ = {isa = PBXBuildFile; fileRef = 45D78F5A209D4330003B9317 /* glad.c */; };
		451F272923A24C3A00F99984 /* jni_gl.c in Sources */ = {isa = PBXBuildFile; fileRef = 45D78F4C209D4330003B9317 /* jni_gl.c */; };
		451F272A23A24C3A00F99984 /* jni_glfm.c in Sources */ = {isa = PBXBuildFile; fileRef = 45D78F57209D4330003B9317 /* jni_glfm.c */; };
		451F272B23A24C3A00F99984 /* jni_nanovg.c in Sources */ = {isa = PBXBuildFile; fileRef = 45D78F4F209D4330003B9317 /* jni_nanovg.c */; };
		451F272C23A24C3A00F99984 /* media.c in Sources */ = {isa = PBXBuildFile; fileRef = 45D78F63209D4330003B9317 /* media.c */; };
		451F272D23A24C3A00F99984 /* nanovg.c in Sources */ = {isa = PBXBuildFile; fileRef = 45D78F62209D4330003B9317 /* nanovg.c */; };
		451F272F23A24C7B00F99984 /* jni_minial.m in Sources */ = {isa = PBXBuildFile; fileRef = 4535FA2721944F7300B888BA /* jni_minial.m */; };
		4581C5CC226DA7BE00E88538 /* Assets.xcassets in Resources */ = {isa = PBXBuildFile; fileRef = 45D78F2B209D3E62003B9317 /* Assets.xcassets */; };
		4589A5FD2C8DFB920079DDFC /* IAPManager.m in Sources */ = {isa = PBXBuildFile; fileRef = 4589A5FC2C8DFB920079DDFC /* IAPManager.m */; };
		45C967C52F61AD7B00C920DF /* xtea.c in Sources */ = {isa = PBXBuildFile; fileRef = 45C967482F61AD7B00C920DF /* xtea.c */; };
		45C967C62F61AD7B00C920DF /* ecdsa.c in Sources */ = {isa = PBXBuildFile; fileRef = 45C967152F61AD7B00C920DF /* ecdsa.c */; };
		45C967C72F61AD7B00C920DF /* arraylist.c in Sources */ = {isa = PBXBuildFile; fileRef = 45C967A92F61AD7B00C920DF /* arraylist.c */; };
		45C967C92F61AD7B00C920DF /* cmac.c in Sources */ = {isa = PBXBuildFile; fileRef = 45C9670F2F61AD7B00C920DF /* cmac.c */; };
		45C967CB2F61AD7B00C920DF /* ctr_drbg.c in Sources */ = {isa = PBXBuildFile; fileRef = 45C967102F61AD7B00C920DF /* ctr_drbg.c */; };
		45C967CC2F61AD7B00C920DF /* d_type.c in Sources */ = {isa = PBXBuildFile; fileRef = 45C967AD2F61AD7B00C920DF /* d_type.c */; };
		45C967CE2F61AD7B00C920DF /* debug.c in Sources */ = {isa = PBXBuildFile; fileRef = 45C967112F61AD7B00C920DF /* debug.c */; };
		45C967CF2F61AD7B00C920DF /* sha256.c in Sources */ = {isa = PBXBuildFile; fileRef = 45C967342F61AD7B00C920DF /* sha256.c */; };
		45C967D02F61AD7B00C920DF /* bytebuf.c in Sources */ = {isa = PBXBuildFile; fileRef = 45C967AB2F61AD7B00C920DF /* bytebuf.c */; };
		45C967D12F61AD7B00C920DF /* memory_buffer_alloc.c in Sources */ = {isa = PBXBuildFile; fileRef = 45C967242F61AD7B00C920DF /* memory_buffer_alloc.c */; };
		45C967D22F61AD7B00C920DF /* havege.c in Sources */ = {isa = PBXBuildFile; fileRef = 45C9671D2F61AD7B00C920DF /* havege.c */; };
		45C967D32F61AD7B00C920DF /* net_sockets.c in Sources */ = {isa = PBXBuildFile; fileRef = 45C967252F61AD7B00C920DF /* net_sockets.c */; };
		45C967D92F61AD7B00C920DF /* x509.c in Sources */ = {isa = PBXBuildFile; fileRef = 45C967412F61AD7B00C920DF /* x509.c */; };
		45C967DB2F61AD7B00C920DF /* ecp.c in Sources */ = {isa = PBXBuildFile; fileRef = 45C967172F61AD7B00C920DF /* ecp.c */; };
		45C967DC2F61AD7B00C920DF /* pk.c in Sources */ = {isa = PBXBuildFile; fileRef = 45C967292F61AD7B00C920DF /* pk.c */; };
		45C967DD2F61AD7B00C920DF /* cipher.c in Sources */ = {isa = PBXBuildFile; fileRef = 45C9670D2F61AD7B00C920DF /* cipher.c */; };
		45C967DF2F61AD7B00C920DF /* ssl_client.c in Sources */ = {isa = PBXBuildFile; fileRef = 45C9674D2F61AD7B00C920DF /* ssl_client.c */; };
		45C967E12F61AD7B00C920DF /* pkcs12.c in Sources */ = {isa = PBXBuildFile; fileRef = 45C9672D2F61AD7B00C920DF /* pkcs12.c */; };
		45C967E22F61AD7B00C920DF /* md4.c in Sources */ = {isa = PBXBuildFile; fileRef = 45C967222F61AD7B00C920DF /* md4.c */; };
		45C967E32F61AD7B00C920DF /* asn1write.c in Sources */ = {isa = PBXBuildFile; fileRef = 45C967062F61AD7B00C920DF /* asn1write.c */; };
		45C967E42F61AD7B00C920DF /* aes.c in Sources */ = {isa = PBXBuildFile; fileRef = 45C967022F61AD7B00C920DF /* aes.c */; };
		45C967E82F61AD7B00C920DF /* ssl_ciphersuites.c in Sources */ = {isa = PBXBuildFile; fileRef = 45C967372F61AD7B00C920DF /* ssl_ciphersuites.c */; };
		45C967EA2F61AD7B00C920DF /* platform.c in Sources */ = {isa = PBXBuildFile; fileRef = 45C967302F61AD7B00C920DF /* platform.c */; };
		45C967EB2F61AD7B00C920DF /* gcm.c in Sources */ = {isa = PBXBuildFile; fileRef = 45C9671C2F61AD7B00C920DF /* gcm.c */; };
		45C967EC2F61AD7B00C920DF /* oid.c in Sources */ = {isa = PBXBuildFile; fileRef = 45C967262F61AD7B00C920DF /* oid.c */; };
		45C967ED2F61AD7B00C920DF /* md5.c in Sources */ = {isa = PBXBuildFile; fileRef = 45C967232F61AD7B00C920DF /* md5.c */; };
		45C967EE2F61AD7B00C920DF /* bignum.c in Sources */ = {isa = PBXBuildFile; fileRef = 45C967082F61AD7B00C920DF /* bignum.c */; };
		45C967EF2F61AD7B00C920DF /* des.c in Sources */ = {isa = PBXBuildFile; fileRef = 45C967122F61AD7B00C920DF /* des.c */; };
		45C967F02F61AD7B00C920DF /* pem.c in Sources */ = {isa = PBXBuildFile; fileRef = 45C967282F61AD7B00C920DF /* pem.c */; };
		45C967F12F61AD7B00C920DF /* cipher_wrap.c in Sources */ = {isa = PBXBuildFile; fileRef = 45C9670E2F61AD7B00C920DF /* cipher_wrap.c */; };
		45C967F22F61AD7B00C920DF /* padlock.c in Sources */ = {isa = PBXBuildFile; fileRef = 45C967272F61AD7B00C920DF /* padlock.c */; };
		45C967F32F61AD7B00C920DF /* pkcs11.c in Sources */ = {isa = PBXBuildFile; fileRef = 45C9672C2F61AD7B00C920DF /* pkcs11.c */; };
		45C967F52F61AD7B00C920DF /* utf8_string.c in Sources */ = {isa = PBXBuildFile; fileRef = 45C967BE2F61AD7B00C920DF /* utf8_string.c */; };
		45C967F82F61AD7B00C920DF /* dhm.c in Sources */ = {isa = PBXBuildFile; fileRef = 45C967132F61AD7B00C920DF /* dhm.c */; };
		45C967FA2F61AD7B00C920DF /* version_features.c in Sources */ = {isa = PBXBuildFile; fileRef = 45C967402F61AD7B00C920DF /* version_features.c */; };
		45C967FB2F61AD7B00C920DF /* entropy_poll.c in Sources */ = {isa = PBXBuildFile; fileRef = 45C9671A2F61AD7B00C920DF /* entropy_poll.c */; };
		45C967FC2F61AD7B00C920DF /* hashset.c in Sources */ = {isa = PBXBuildFile; fileRef = 45C967B02F61AD7B00C920DF /* hashset.c */; };
		45C967FD2F61AD7B00C920DF /* miniz.c in Sources */ = {isa = PBXBuildFile; fileRef = 45C967B62F61AD7B00C920DF /* miniz.c */; };
		45C968002F61AD7B00C920DF /* arc4.c in Sources */ = {isa = PBXBuildFile; fileRef = 45C967042F61AD7B00C920DF /* arc4.c */; };
		45C968012F61AD7B00C920DF /* ccm.c in Sources */ = {isa = PBXBuildFile; fileRef = 45C9670B2F61AD7B00C920DF /* ccm.c */; };
		45C968062F61AD7B00C920DF /* x509_crl.c in Sources */ = {isa = PBXBuildFile; fileRef = 45C967432F61AD7B00C920DF /* x509_crl.c */; };
		45C968072F61AD7B00C920DF /* rsa.c in Sources */ = {isa = PBXBuildFile; fileRef = 45C967322F61AD7B00C920DF /* rsa.c */; };
		45C968082F61AD7B00C920DF /* miniz_wrapper.c in Sources */ = {isa = PBXBuildFile; fileRef = 45C967B82F61AD7B00C920DF /* miniz_wrapper.c */; };
		45C9680A2F61AD7B00C920DF /* timing.c in Sources */ = {isa = PBXBuildFile; fileRef = 45C9673E2F61AD7B00C920DF /* timing.c */; };
		45C9680D2F61AD7B00C920DF /* camellia.c in Sources */ = {isa = PBXBuildFile; fileRef = 45C9670A2F61AD7B00C920DF /* camellia.c */; };
		45C968112F61AD7B00C920DF /* ssl_tls.c in Sources */ = {isa = PBXBuildFile; fileRef = 45C9673C2F61AD7B00C920DF /* ssl_tls.c */; };
		45C968132F61AD7B00C920DF /* pk_wrap.c in Sources */ = {isa = PBXBuildFile; fileRef = 45C9672A2F61AD7B00C920DF /* pk_wrap.c */; };
		45C968142F61AD7B00C920DF /* hmac_drbg.c in Sources */ = {isa = PBXBuildFile; fileRef = 45C9671E2F61AD7B00C920DF /* hmac_drbg.c */; };
		45C968152F61AD7B00C920DF /* x509_create.c in Sources */ = {isa = PBXBuildFile; fileRef = 45C967422F61AD7B00C920DF /* x509_create.c */; };
		45C968172F61AD7B00C920DF /* tinycthread.c in Sources */ = {isa = PBXBuildFile; fileRef = 45C967BC2F61AD7B00C920DF /* tinycthread.c */; };
		45C968182F61AD7B00C920DF /* ssl_cli.c in Sources */ = {isa = PBXBuildFile; fileRef = 45C967382F61AD7B00C920DF /* ssl_cli.c */; };
		45C9681A2F61AD7B00C920DF /* ssl_ticket.c in Sources */ = {isa = PBXBuildFile; fileRef = 45C9673B2F61AD7B00C920DF /* ssl_ticket.c */; };
		45C9681B2F61AD7B00C920DF /* pkwrite.c in Sources */ = {isa = PBXBuildFile; fileRef = 45C9672F2F61AD7B00C920DF /* pkwrite.c */; };
		45C9681C2F61AD7B00C920DF /* base64.c in Sources */ = {isa = PBXBuildFile; fileRef = 45C967072F61AD7B00C920DF /* base64.c */; };
		45C9681E2F61AD7B00C920DF /* ssl_cache.c in Sources */ = {isa = PBXBuildFile; fileRef = 45C967362F61AD7B00C920DF /* ssl_cache.c */; };
		45C9681F2F61AD7B00C920DF /* ssl_srv.c in Sources */ = {isa = PBXBuildFile; fileRef = 45C9673A2F61AD7B00C920DF /* ssl_srv.c */; };
		45C968212F61AD7B00C920DF /* ssl_cookie.c in Sources */ = {isa = PBXBuildFile; fileRef = 45C967392F61AD7B00C920DF /* ssl_cookie.c */; };
		45C968232F61AD7B00C920DF /* x509write_csr.c in Sources */ = {isa = PBXBuildFile; fileRef = 45C967472F61AD7B00C920DF /* x509write_csr.c */; };
		45C968242F61AD7B00C920DF /* entropy.c in Sources */ = {isa = PBXBuildFile; fileRef = 45C967192F61AD7B00C920DF /* entropy.c */; };
		45C968262F61AD7B00C920DF /* aesni.c in Sources */ = {isa = PBXBuildFile; fileRef = 45C967032F61AD7B00C920DF /* aesni.c */; };
		45C968272F61AD7B00C920DF /* error.c in Sources */ = {isa = PBXBuildFile; fileRef = 45C9671B2F61AD7B00C920DF /* error.c */; };
		45C968282F61AD7B00C920DF /* md.c in Sources */ = {isa = PBXBuildFile; fileRef = 45C9671F2F61AD7B00C920DF /* md.c */; };
		45C968292F61AD7B00C920DF /* x509_csr.c in Sources */ = {isa = PBXBuildFile; fileRef = 45C967452F61AD7B00C920DF /* x509_csr.c */; };
		45C9682A2F61AD7B00C920DF /* x509_crt.c in Sources */ = {isa = PBXBuildFile; fileRef = 45C967442F61AD7B00C920DF /* x509_crt.c */; };
		45C9682B2F61AD7B00C920DF /* threading.c in Sources */ = {isa = PBXBuildFile; fileRef = 45C9673D2F61AD7B00C920DF /* threading.c */; };
		45C9682D2F61AD7B00C920DF /* md2.c in Sources */ = {isa = PBXBuildFile; fileRef = 45C967212F61AD7B00C920DF /* md2.c */; };
		45C9682E2F61AD7B00C920DF /* sha1.c in Sources */ = {isa = PBXBuildFile; fileRef = 45C967332F61AD7B00C920DF /* sha1.c */; };
		45C968312F61AD7B00C920DF /* x509write_crt.c in Sources */ = {isa = PBXBuildFile; fileRef = 45C967462F61AD7B00C920DF /* x509write_crt.c */; };
		45C968322F61AD7B00C920DF /* asn1parse.c in Sources */ = {isa = PBXBuildFile; fileRef = 45C967052F61AD7B00C920DF /* asn1parse.c */; };
		45C968352F61AD7B00C920DF /* hashtable.c in Sources */ = {isa = PBXBuildFile; fileRef = 45C967B22F61AD7B00C920DF /* hashtable.c */; };
		45C968362F61AD7B00C920DF /* blowfish.c in Sources */ = {isa = PBXBuildFile; fileRef = 45C967092F61AD7B00C920DF /* blowfish.c */; };
		45C968372F61AD7B00C920DF /* ecjpake.c in Sources */ = {isa = PBXBuildFile; fileRef = 45C967162F61AD7B00C920DF /* ecjpake.c */; };
		45C968392F61AD7B00C920DF /* sha512.c in Sources */ = {isa = PBXBuildFile; fileRef = 45C967352F61AD7B00C920DF /* sha512.c */; };
		45C9683C2F61AD7B00C920DF /* ecdh.c in Sources */ = {isa = PBXBuildFile; fileRef = 45C967142F61AD7B00C920DF /* ecdh.c */; };
		45C9683F2F61AD7B00C920DF /* linkedlist.c in Sources */ = {isa = PBXBuildFile; fileRef = 45C967B42F61AD7B00C920DF /* linkedlist.c */; };
		45C968432F61AD7B00C920DF /* version.c in Sources */ = {isa = PBXBuildFile; fileRef = 45C9673F2F61AD7B00C920DF /* version.c */; };
		45C968442F61AD7B00C920DF /* md_wrap.c in Sources */ = {isa = PBXBuildFile; fileRef = 45C967202F61AD7B00C920DF /* md_wrap.c */; };
		45C968492F61AD7B00C920DF /* pkparse.c in Sources */ = {isa = PBXBuildFile; fileRef = 45C9672E2F61AD7B00C920DF /* pkparse.c */; };
		45C9684A2F61AD7B00C920DF /* pkcs5.c in Sources */ = {isa = PBXBuildFile; fileRef = 45C9672B2F61AD7B00C920DF /* pkcs5.c */; };
		45C9684B2F61AD7B00C920DF /* ripemd160.c in Sources */ = {isa = PBXBuildFile; fileRef = 45C967312F61AD7B00C920DF /* ripemd160.c */; };
		45C9684C2F61AD7B00C920DF /* ecp_curves.c in Sources */ = {isa = PBXBuildFile; fileRef = 45C967182F61AD7B00C920DF /* ecp_curves.c */; };
		45C9684E2F61AD7B00C920DF /* certs.c in Sources */ = {isa = PBXBuildFile; fileRef = 45C9670C2F61AD7B00C920DF /* certs.c */; };
		45C968502F61B0E000C920DF /* static.c in Sources */ = {isa = PBXBuildFile; fileRef = 45C9684F2F61B0E000C920DF /* static.c */; };
		45C968572F61B1C300C920DF /* heapdump_hprof.c in Sources */ = {isa = PBXBuildFile; fileRef = 45C968562F61B1C300C920DF /* heapdump_hprof.c */; };
		45D7904B20A002C4003B9317 /* resfiles in Resources */ = {isa = PBXBuildFile; fileRef = 45D7904A20A002C4003B9317 /* resfiles */; };
		592538072BF5D27A00E5D1DC /* glfm_emscripten.c in Sources */ = {isa = PBXBuildFile; fileRef = 592538032BF5D27A00E5D1DC /* glfm_emscripten.c */; };
		592538082BF5D27A00E5D1DC /* glfm_android.c in Sources */ = {isa = PBXBuildFile; fileRef = 592538042BF5D27A00E5D1DC /* glfm_android.c */; };
		592538092BF5D27A00E5D1DC /* glfm_apple.m in Sources */ = {isa = PBXBuildFile; fileRef = 592538062BF5D27A00E5D1DC /* glfm_apple.m */; };
		8451B9812BEFBA23001B3BA6 /* os_win.c in Sources */ = {isa = PBXBuildFile; fileRef = 8451B97F2BEFBA23001B3BA6 /* os_win.c */; };
		8451B9822BEFBA23001B3BA6 /* os_posix.c in Sources */ = {isa = PBXBuildFile; fileRef = 8451B9802BEFBA23001B3BA6 /* os_posix.c */; };
/* End PBXBuildFile section */

/* Begin PBXFileReference section */
		4517C54C254C60E100F03459 /* jni_io.c */ = {isa = PBXFileReference; fileEncoding = 4; lastKnownFileType = sourcecode.c.c; path = jni_io.c; sourceTree = "<group>"; };
		4517C54D254C60E100F03459 /* jni_reflect.c */ = {isa = PBXFileReference; fileEncoding = 4; lastKnownFileType = sourcecode.c.c; path = jni_reflect.c; sourceTree = "<group>"; };
		4517C54E254C60E100F03459 /* jni_std.c */ = {isa = PBXFileReference; fileEncoding = 4; lastKnownFileType = sourcecode.c.c; path = jni_std.c; sourceTree = "<group>"; };
		451F269F23A248D300F99984 /* jit.c */ = {isa = PBXFileReference; fileEncoding = 4; lastKnownFileType = sourcecode.c.c; path = jit.c; sourceTree = "<group>"; };
		451F26A023A248D300F99984 /* jit.h */ = {isa = PBXFileReference; fileEncoding = 4; lastKnownFileType = sourcecode.c.h; path = jit.h; sourceTree = "<group>"; };
		452AD04323F9645D0069A699 /* nanovg_jni_assist.h */ = {isa = PBXFileReference; fileEncoding = 4; lastKnownFileType = sourcecode.c.h; path = nanovg_jni_assist.h; sourceTree = "<group>"; };
		4535FA2721944F7300B888BA /* jni_minial.m */ = {isa = PBXFileReference; fileEncoding = 4; lastKnownFileType = sourcecode.c.objc; path = jni_minial.m; sourceTree = "<group>"; };
		457AFCAE23C84C53002F5E34 /* MediaPlayer.framework */ = {isa = PBXFileReference; lastKnownFileType = wrapper.framework; name = MediaPlayer.framework; path = System/Library/Frameworks/MediaPlayer.framework; sourceTree = SDKROOT; };
		457AFCB023C84F89002F5E34 /* AVKit.framework */ = {isa = PBXFileReference; lastKnownFileType = wrapper.framework; name = AVKit.framework; path = System/Library/Frameworks/AVKit.framework; sourceTree = SDKROOT; };
		457AFCB223C84FF2002F5E34 /* AVFoundation.framework */ = {isa = PBXFileReference; lastKnownFileType = wrapper.framework; name = AVFoundation.framework; path = System/Library/Frameworks/AVFoundation.framework; sourceTree = SDKROOT; };
		4581C35F226D637C00E88538 /* garbage.c */ = {isa = PBXFileReference; fileEncoding = 4; lastKnownFileType = sourcecode.c.c; path = garbage.c; sourceTree = "<group>"; };
		4581C360226D637C00E88538 /* runtime.c */ = {isa = PBXFileReference; fileEncoding = 4; lastKnownFileType = sourcecode.c.c; path = runtime.c; sourceTree = "<group>"; };
		4581C361226D637C00E88538 /* jvm.c */ = {isa = PBXFileReference; fileEncoding = 4; lastKnownFileType = sourcecode.c.c; path = jvm.c; sourceTree = "<group>"; };
		4581C362226D637C00E88538 /* jdwp.h */ = {isa = PBXFileReference; fileEncoding = 4; lastKnownFileType = sourcecode.c.h; path = jdwp.h; sourceTree = "<group>"; };
		4581C363226D637C00E88538 /* class.c */ = {isa = PBXFileReference; fileEncoding = 4; lastKnownFileType = sourcecode.c.c; path = class.c; sourceTree = "<group>"; };
		4581C364226D637C00E88538 /* jvm_util.c */ = {isa = PBXFileReference; fileEncoding = 4; lastKnownFileType = sourcecode.c.c; path = jvm_util.c; sourceTree = "<group>"; };
		4581C368226D637C00E88538 /* jvm.h */ = {isa = PBXFileReference; fileEncoding = 4; lastKnownFileType = sourcecode.c.h; path = jvm.h; sourceTree = "<group>"; };
		4581C369226D637C00E88538 /* garbage.h */ = {isa = PBXFileReference; fileEncoding = 4; lastKnownFileType = sourcecode.c.h; path = garbage.h; sourceTree = "<group>"; };
		4581C36B226D637C00E88538 /* jvm_util.h */ = {isa = PBXFileReference; fileEncoding = 4; lastKnownFileType = sourcecode.c.h; path = jvm_util.h; sourceTree = "<group>"; };
		4581C36C226D637C00E88538 /* class_load.c */ = {isa = PBXFileReference; fileEncoding = 4; lastKnownFileType = sourcecode.c.c; path = class_load.c; sourceTree = "<group>"; };
		4581C36D226D637C00E88538 /* jdwp.c */ = {isa = PBXFileReference; fileEncoding = 4; lastKnownFileType = sourcecode.c.c; path = jdwp.c; sourceTree = "<group>"; };
		4581C36E226D637C00E88538 /* interpreter.c */ = {isa = PBXFileReference; fileEncoding = 4; lastKnownFileType = sourcecode.c.c; path = interpreter.c; sourceTree = "<group>"; };
		4581C370226D637C00E88538 /* global.c */ = {isa = PBXFileReference; fileEncoding = 4; lastKnownFileType = sourcecode.c.c; path = global.c; sourceTree = "<group>"; };
		4589A5FB2C8DFB6C0079DDFC /* IAPManager.h */ = {isa = PBXFileReference; lastKnownFileType = sourcecode.c.h; path = IAPManager.h; sourceTree = "<group>"; };
		4589A5FC2C8DFB920079DDFC /* IAPManager.m */ = {isa = PBXFileReference; lastKnownFileType = sourcecode.c.objc; path = IAPManager.m; sourceTree = "<group>"; };
		45C966BB2F61AD7B00C920DF /* aes.h */ = {isa = PBXFileReference; lastKnownFileType = sourcecode.c.h; path = aes.h; sourceTree = "<group>"; };
		45C966BC2F61AD7B00C920DF /* aesni.h */ = {isa = PBXFileReference; lastKnownFileType = sourcecode.c.h; path = aesni.h; sourceTree = "<group>"; };
		45C966BD2F61AD7B00C920DF /* arc4.h */ = {isa = PBXFileReference; lastKnownFileType = sourcecode.c.h; path = arc4.h; sourceTree = "<group>"; };
		45C966BE2F61AD7B00C920DF /* asn1.h */ = {isa = PBXFileReference; lastKnownFileType = sourcecode.c.h; path = asn1.h; sourceTree = "<group>"; };
		45C966BF2F61AD7B00C920DF /* asn1write.h */ = {isa = PBXFileReference; lastKnownFileType = sourcecode.c.h; path = asn1write.h; sourceTree = "<group>"; };
		45C966C02F61AD7B00C920DF /* base64.h */ = {isa = PBXFileReference; lastKnownFileType = sourcecode.c.h; path = base64.h; sourceTree = "<group>"; };
		45C966C12F61AD7B00C920DF /* bignum.h */ = {isa = PBXFileReference; lastKnownFileType = sourcecode.c.h; path = bignum.h; sourceTree = "<group>"; };
		45C966C22F61AD7B00C920DF /* blowfish.h */ = {isa = PBXFileReference; lastKnownFileType = sourcecode.c.h; path = blowfish.h; sourceTree = "<group>"; };
		45C966C32F61AD7B00C920DF /* bn_mul.h */ = {isa = PBXFileReference; lastKnownFileType = sourcecode.c.h; path = bn_mul.h; sourceTree = "<group>"; };
		45C966C42F61AD7B00C920DF /* camellia.h */ = {isa = PBXFileReference; lastKnownFileType = sourcecode.c.h; path = camellia.h; sourceTree = "<group>"; };
		45C966C52F61AD7B00C920DF /* ccm.h */ = {isa = PBXFileReference; lastKnownFileType = sourcecode.c.h; path = ccm.h; sourceTree = "<group>"; };
		45C966C62F61AD7B00C920DF /* certs.h */ = {isa = PBXFileReference; lastKnownFileType = sourcecode.c.h; path = certs.h; sourceTree = "<group>"; };
		45C966C72F61AD7B00C920DF /* check_config.h */ = {isa = PBXFileReference; lastKnownFileType = sourcecode.c.h; path = check_config.h; sourceTree = "<group>"; };
		45C966C82F61AD7B00C920DF /* cipher.h */ = {isa = PBXFileReference; lastKnownFileType = sourcecode.c.h; path = cipher.h; sourceTree = "<group>"; };
		45C966C92F61AD7B00C920DF /* cipher_internal.h */ = {isa = PBXFileReference; lastKnownFileType = sourcecode.c.h; path = cipher_internal.h; sourceTree = "<group>"; };
		45C966CA2F61AD7B00C920DF /* cmac.h */ = {isa = PBXFileReference; lastKnownFileType = sourcecode.c.h; path = cmac.h; sourceTree = "<group>"; };
		45C966CB2F61AD7B00C920DF /* compat-1.3.h */ = {isa = PBXFileReference; lastKnownFileType = sourcecode.c.h; path = "compat-1.3.h"; sourceTree = "<group>"; };
		45C966CC2F61AD7B00C920DF /* config.h */ = {isa = PBXFileReference; lastKnownFileType = sourcecode.c.h; path = config.h; sourceTree = "<group>"; };
		45C966CD2F61AD7B00C920DF /* ctr_drbg.h */ = {isa = PBXFileReference; lastKnownFileType = sourcecode.c.h; path = ctr_drbg.h; sourceTree = "<group>"; };
		45C966CE2F61AD7B00C920DF /* debug.h */ = {isa = PBXFileReference; lastKnownFileType = sourcecode.c.h; path = debug.h; sourceTree = "<group>"; };
		45C966CF2F61AD7B00C920DF /* des.h */ = {isa = PBXFileReference; lastKnownFileType = sourcecode.c.h; path = des.h; sourceTree = "<group>"; };
		45C966D02F61AD7B00C920DF /* dhm.h */ = {isa = PBXFileReference; lastKnownFileType = sourcecode.c.h; path = dhm.h; sourceTree = "<group>"; };
		45C966D12F61AD7B00C920DF /* ecdh.h */ = {isa = PBXFileReference; lastKnownFileType = sourcecode.c.h; path = ecdh.h; sourceTree = "<group>"; };
		45C966D22F61AD7B00C920DF /* ecdsa.h */ = {isa = PBXFileReference; lastKnownFileType = sourcecode.c.h; path = ecdsa.h; sourceTree = "<group>"; };
		45C966D32F61AD7B00C920DF /* ecjpake.h */ = {isa = PBXFileReference; lastKnownFileType = sourcecode.c.h; path = ecjpake.h; sourceTree = "<group>"; };
		45C966D42F61AD7B00C920DF /* ecp.h */ = {isa = PBXFileReference; lastKnownFileType = sourcecode.c.h; path = ecp.h; sourceTree = "<group>"; };
		45C966D52F61AD7B00C920DF /* entropy.h */ = {isa = PBXFileReference; lastKnownFileType = sourcecode.c.h; path = entropy.h; sourceTree = "<group>"; };
		45C966D62F61AD7B00C920DF /* entropy_poll.h */ = {isa = PBXFileReference; lastKnownFileType = sourcecode.c.h; path = entropy_poll.h; sourceTree = "<group>"; };
		45C966D72F61AD7B00C920DF /* error.h */ = {isa = PBXFileReference; lastKnownFileType = sourcecode.c.h; path = error.h; sourceTree = "<group>"; };
		45C966D82F61AD7B00C920DF /* gcm.h */ = {isa = PBXFileReference; lastKnownFileType = sourcecode.c.h; path = gcm.h; sourceTree = "<group>"; };
		45C966D92F61AD7B00C920DF /* havege.h */ = {isa = PBXFileReference; lastKnownFileType = sourcecode.c.h; path = havege.h; sourceTree = "<group>"; };
		45C966DA2F61AD7B00C920DF /* hmac_drbg.h */ = {isa = PBXFileReference; lastKnownFileType = sourcecode.c.h; path = hmac_drbg.h; sourceTree = "<group>"; };
		45C966DB2F61AD7B00C920DF /* md.h */ = {isa = PBXFileReference; lastKnownFileType = sourcecode.c.h; path = md.h; sourceTree = "<group>"; };
		45C966DC2F61AD7B00C920DF /* md_internal.h */ = {isa = PBXFileReference; lastKnownFileType = sourcecode.c.h; path = md_internal.h; sourceTree = "<group>"; };
		45C966DD2F61AD7B00C920DF /* md2.h */ = {isa = PBXFileReference; lastKnownFileType = sourcecode.c.h; path = md2.h; sourceTree = "<group>"; };
		45C966DE2F61AD7B00C920DF /* md4.h */ = {isa = PBXFileReference; lastKnownFileType = sourcecode.c.h; path = md4.h; sourceTree = "<group>"; };
		45C966DF2F61AD7B00C920DF /* md5.h */ = {isa = PBXFileReference; lastKnownFileType = sourcecode.c.h; path = md5.h; sourceTree = "<group>"; };
		45C966E02F61AD7B00C920DF /* memory_buffer_alloc.h */ = {isa = PBXFileReference; lastKnownFileType = sourcecode.c.h; path = memory_buffer_alloc.h; sourceTree = "<group>"; };
		45C966E12F61AD7B00C920DF /* net.h */ = {isa = PBXFileReference; lastKnownFileType = sourcecode.c.h; path = net.h; sourceTree = "<group>"; };
		45C966E22F61AD7B00C920DF /* net_sockets.h */ = {isa = PBXFileReference; lastKnownFileType = sourcecode.c.h; path = net_sockets.h; sourceTree = "<group>"; };
		45C966E32F61AD7B00C920DF /* oid.h */ = {isa = PBXFileReference; lastKnownFileType = sourcecode.c.h; path = oid.h; sourceTree = "<group>"; };
		45C966E42F61AD7B00C920DF /* padlock.h */ = {isa = PBXFileReference; lastKnownFileType = sourcecode.c.h; path = padlock.h; sourceTree = "<group>"; };
		45C966E52F61AD7B00C920DF /* pem.h */ = {isa = PBXFileReference; lastKnownFileType = sourcecode.c.h; path = pem.h; sourceTree = "<group>"; };
		45C966E62F61AD7B00C920DF /* pk.h */ = {isa = PBXFileReference; lastKnownFileType = sourcecode.c.h; path = pk.h; sourceTree = "<group>"; };
		45C966E72F61AD7B00C920DF /* pk_internal.h */ = {isa = PBXFileReference; lastKnownFileType = sourcecode.c.h; path = pk_internal.h; sourceTree = "<group>"; };
		45C966E82F61AD7B00C920DF /* pkcs5.h */ = {isa = PBXFileReference; lastKnownFileType = sourcecode.c.h; path = pkcs5.h; sourceTree = "<group>"; };
		45C966E92F61AD7B00C920DF /* pkcs11.h */ = {isa = PBXFileReference; lastKnownFileType = sourcecode.c.h; path = pkcs11.h; sourceTree = "<group>"; };
		45C966EA2F61AD7B00C920DF /* pkcs12.h */ = {isa = PBXFileReference; lastKnownFileType = sourcecode.c.h; path = pkcs12.h; sourceTree = "<group>"; };
		45C966EB2F61AD7B00C920DF /* platform.h */ = {isa = PBXFileReference; lastKnownFileType = sourcecode.c.h; path = platform.h; sourceTree = "<group>"; };
		45C966EC2F61AD7B00C920DF /* platform_time.h */ = {isa = PBXFileReference; lastKnownFileType = sourcecode.c.h; path = platform_time.h; sourceTree = "<group>"; };
		45C966ED2F61AD7B00C920DF /* ripemd160.h */ = {isa = PBXFileReference; lastKnownFileType = sourcecode.c.h; path = ripemd160.h; sourceTree = "<group>"; };
		45C966EE2F61AD7B00C920DF /* rsa.h */ = {isa = PBXFileReference; lastKnownFileType = sourcecode.c.h; path = rsa.h; sourceTree = "<group>"; };
		45C966EF2F61AD7B00C920DF /* sha1.h */ = {isa = PBXFileReference; lastKnownFileType = sourcecode.c.h; path = sha1.h; sourceTree = "<group>"; };
		45C966F02F61AD7B00C920DF /* sha256.h */ = {isa = PBXFileReference; lastKnownFileType = sourcecode.c.h; path = sha256.h; sourceTree = "<group>"; };
		45C966F12F61AD7B00C920DF /* sha512.h */ = {isa = PBXFileReference; lastKnownFileType = sourcecode.c.h; path = sha512.h; sourceTree = "<group>"; };
		45C966F22F61AD7B00C920DF /* ssl.h */ = {isa = PBXFileReference; lastKnownFileType = sourcecode.c.h; path = ssl.h; sourceTree = "<group>"; };
		45C966F32F61AD7B00C920DF /* ssl_cache.h */ = {isa = PBXFileReference; lastKnownFileType = sourcecode.c.h; path = ssl_cache.h; sourceTree = "<group>"; };
		45C966F42F61AD7B00C920DF /* ssl_ciphersuites.h */ = {isa = PBXFileReference; lastKnownFileType = sourcecode.c.h; path = ssl_ciphersuites.h; sourceTree = "<group>"; };
		45C966F52F61AD7B00C920DF /* ssl_cookie.h */ = {isa = PBXFileReference; lastKnownFileType = sourcecode.c.h; path = ssl_cookie.h; sourceTree = "<group>"; };
		45C966F62F61AD7B00C920DF /* ssl_internal.h */ = {isa = PBXFileReference; lastKnownFileType = sourcecode.c.h; path = ssl_internal.h; sourceTree = "<group>"; };
		45C966F72F61AD7B00C920DF /* ssl_ticket.h */ = {isa = PBXFileReference; lastKnownFileType = sourcecode.c.h; path = ssl_ticket.h; sourceTree = "<group>"; };
		45C966F82F61AD7B00C920DF /* threading.h */ = {isa = PBXFileReference; lastKnownFileType = sourcecode.c.h; path = threading.h; sourceTree = "<group>"; };
		45C966F92F61AD7B00C920DF /* timing.h */ = {isa = PBXFileReference; lastKnownFileType = sourcecode.c.h; path = timing.h; sourceTree = "<group>"; };
		45C966FA2F61AD7B00C920DF /* version.h */ = {isa = PBXFileReference; lastKnownFileType = sourcecode.c.h; path = version.h; sourceTree = "<group>"; };
		45C966FB2F61AD7B00C920DF /* x509.h */ = {isa = PBXFileReference; lastKnownFileType = sourcecode.c.h; path = x509.h; sourceTree = "<group>"; };
		45C966FC2F61AD7B00C920DF /* x509_crl.h */ = {isa = PBXFileReference; lastKnownFileType = sourcecode.c.h; path = x509_crl.h; sourceTree = "<group>"; };
		45C966FD2F61AD7B00C920DF /* x509_crt.h */ = {isa = PBXFileReference; lastKnownFileType = sourcecode.c.h; path = x509_crt.h; sourceTree = "<group>"; };
		45C966FE2F61AD7B00C920DF /* x509_csr.h */ = {isa = PBXFileReference; lastKnownFileType = sourcecode.c.h; path = x509_csr.h; sourceTree = "<group>"; };
		45C966FF2F61AD7B00C920DF /* xtea.h */ = {isa = PBXFileReference; lastKnownFileType = sourcecode.c.h; path = xtea.h; sourceTree = "<group>"; };
		45C967022F61AD7B00C920DF /* aes.c */ = {isa = PBXFileReference; lastKnownFileType = sourcecode.c.c; path = aes.c; sourceTree = "<group>"; };
		45C967032F61AD7B00C920DF /* aesni.c */ = {isa = PBXFileReference; lastKnownFileType = sourcecode.c.c; path = aesni.c; sourceTree = "<group>"; };
		45C967042F61AD7B00C920DF /* arc4.c */ = {isa = PBXFileReference; lastKnownFileType = sourcecode.c.c; path = arc4.c; sourceTree = "<group>"; };
		45C967052F61AD7B00C920DF /* asn1parse.c */ = {isa = PBXFileReference; lastKnownFileType = sourcecode.c.c; path = asn1parse.c; sourceTree = "<group>"; };
		45C967062F61AD7B00C920DF /* asn1write.c */ = {isa = PBXFileReference; lastKnownFileType = sourcecode.c.c; path = asn1write.c; sourceTree = "<group>"; };
		45C967072F61AD7B00C920DF /* base64.c */ = {isa = PBXFileReference; lastKnownFileType = sourcecode.c.c; path = base64.c; sourceTree = "<group>"; };
		45C967082F61AD7B00C920DF /* bignum.c */ = {isa = PBXFileReference; lastKnownFileType = sourcecode.c.c; path = bignum.c; sourceTree = "<group>"; };
		45C967092F61AD7B00C920DF /* blowfish.c */ = {isa = PBXFileReference; lastKnownFileType = sourcecode.c.c; path = blowfish.c; sourceTree = "<group>"; };
		45C9670A2F61AD7B00C920DF /* camellia.c */ = {isa = PBXFileReference; lastKnownFileType = sourcecode.c.c; path = camellia.c; sourceTree = "<group>"; };
		45C9670B2F61AD7B00C920DF /* ccm.c */ = {isa = PBXFileReference; lastKnownFileType = sourcecode.c.c; path = ccm.c; sourceTree = "<group>"; };
		45C9670C2F61AD7B00C920DF /* certs.c */ = {isa = PBXFileReference; lastKnownFileType = sourcecode.c.c; path = certs.c; sourceTree = "<group>"; };
		45C9670D2F61AD7B00C920DF /* cipher.c */ = {isa = PBXFileReference; lastKnownFileType = sourcecode.c.c; path = cipher.c; sourceTree = "<group>"; };
		45C9670E2F61AD7B00C920DF /* cipher_wrap.c */ = {isa = PBXFileReference; lastKnownFileType = sourcecode.c.c; path = cipher_wrap.c; sourceTree = "<group>"; };
		45C9670F2F61AD7B00C920DF /* cmac.c */ = {isa = PBXFileReference; lastKnownFileType = sourcecode.c.c; path = cmac.c; sourceTree = "<group>"; };
		45C967102F61AD7B00C920DF /* ctr_drbg.c */ = {isa = PBXFileReference; lastKnownFileType = sourcecode.c.c; path = ctr_drbg.c; sourceTree = "<group>"; };
		45C967112F61AD7B00C920DF /* debug.c */ = {isa = PBXFileReference; lastKnownFileType = sourcecode.c.c; path = debug.c; sourceTree = "<group>"; };
		45C967122F61AD7B00C920DF /* des.c */ = {isa = PBXFileReference; lastKnownFileType = sourcecode.c.c; path = des.c; sourceTree = "<group>"; };
		45C967132F61AD7B00C920DF /* dhm.c */ = {isa = PBXFileReference; lastKnownFileType = sourcecode.c.c; path = dhm.c; sourceTree = "<group>"; };
		45C967142F61AD7B00C920DF /* ecdh.c */ = {isa = PBXFileReference; lastKnownFileType = sourcecode.c.c; path = ecdh.c; sourceTree = "<group>"; };
		45C967152F61AD7B00C920DF /* ecdsa.c */ = {isa = PBXFileReference; lastKnownFileType = sourcecode.c.c; path = ecdsa.c; sourceTree = "<group>"; };
		45C967162F61AD7B00C920DF /* ecjpake.c */ = {isa = PBXFileReference; lastKnownFileType = sourcecode.c.c; path = ecjpake.c; sourceTree = "<group>"; };
		45C967172F61AD7B00C920DF /* ecp.c */ = {isa = PBXFileReference; lastKnownFileType = sourcecode.c.c; path = ecp.c; sourceTree = "<group>"; };
		45C967182F61AD7B00C920DF /* ecp_curves.c */ = {isa = PBXFileReference; lastKnownFileType = sourcecode.c.c; path = ecp_curves.c; sourceTree = "<group>"; };
		45C967192F61AD7B00C920DF /* entropy.c */ = {isa = PBXFileReference; lastKnownFileType = sourcecode.c.c; path = entropy.c; sourceTree = "<group>"; };
		45C9671A2F61AD7B00C920DF /* entropy_poll.c */ = {isa = PBXFileReference; lastKnownFileType = sourcecode.c.c; path = entropy_poll.c; sourceTree = "<group>"; };
		45C9671B2F61AD7B00C920DF /* error.c */ = {isa = PBXFileReference; lastKnownFileType = sourcecode.c.c; path = error.c; sourceTree = "<group>"; };
		45C9671C2F61AD7B00C920DF /* gcm.c */ = {isa = PBXFileReference; lastKnownFileType = sourcecode.c.c; path = gcm.c; sourceTree = "<group>"; };
		45C9671D2F61AD7B00C920DF /* havege.c */ = {isa = PBXFileReference; lastKnownFileType = sourcecode.c.c; path = havege.c; sourceTree = "<group>"; };
		45C9671E2F61AD7B00C920DF /* hmac_drbg.c */ = {isa = PBXFileReference; lastKnownFileType = sourcecode.c.c; path = hmac_drbg.c; sourceTree = "<group>"; };
		45C9671F2F61AD7B00C920DF /* md.c */ = {isa = PBXFileReference; lastKnownFileType = sourcecode.c.c; path = md.c; sourceTree = "<group>"; };
		45C967202F61AD7B00C920DF /* md_wrap.c */ = {isa = PBXFileReference; lastKnownFileType = sourcecode.c.c; path = md_wrap.c; sourceTree = "<group>"; };
		45C967212F61AD7B00C920DF /* md2.c */ = {isa = PBXFileReference; lastKnownFileType = sourcecode.c.c; path = md2.c; sourceTree = "<group>"; };
		45C967222F61AD7B00C920DF /* md4.c */ = {isa = PBXFileReference; lastKnownFileType = sourcecode.c.c; path = md4.c; sourceTree = "<group>"; };
		45C967232F61AD7B00C920DF /* md5.c */ = {isa = PBXFileReference; lastKnownFileType = sourcecode.c.c; path = md5.c; sourceTree = "<group>"; };
		45C967242F61AD7B00C920DF /* memory_buffer_alloc.c */ = {isa = PBXFileReference; lastKnownFileType = sourcecode.c.c; path = memory_buffer_alloc.c; sourceTree = "<group>"; };
		45C967252F61AD7B00C920DF /* net_sockets.c */ = {isa = PBXFileReference; lastKnownFileType = sourcecode.c.c; path = net_sockets.c; sourceTree = "<group>"; };
		45C967262F61AD7B00C920DF /* oid.c */ = {isa = PBXFileReference; lastKnownFileType = sourcecode.c.c; path = oid.c; sourceTree = "<group>"; };
		45C967272F61AD7B00C920DF /* padlock.c */ = {isa = PBXFileReference; lastKnownFileType = sourcecode.c.c; path = padlock.c; sourceTree = "<group>"; };
		45C967282F61AD7B00C920DF /* pem.c */ = {isa = PBXFileReference; lastKnownFileType = sourcecode.c.c; path = pem.c; sourceTree = "<group>"; };
		45C967292F61AD7B00C920DF /* pk.c */ = {isa = PBXFileReference; lastKnownFileType = sourcecode.c.c; path = pk.c; sourceTree = "<group>"; };
		45C9672A2F61AD7B00C920DF /* pk_wrap.c */ = {isa = PBXFileReference; lastKnownFileType = sourcecode.c.c; path = pk_wrap.c; sourceTree = "<group>"; };
		45C9672B2F61AD7B00C920DF /* pkcs5.c */ = {isa = PBXFileReference; lastKnownFileType = sourcecode.c.c; path = pkcs5.c; sourceTree = "<group>"; };
		45C9672C2F61AD7B00C920DF /* pkcs11.c */ = {isa = PBXFileReference; lastKnownFileType = sourcecode.c.c; path = pkcs11.c; sourceTree = "<group>"; };
		45C9672D2F61AD7B00C920DF /* pkcs12.c */ = {isa = PBXFileReference; lastKnownFileType = sourcecode.c.c; path = pkcs12.c; sourceTree = "<group>"; };
		45C9672E2F61AD7B00C920DF /* pkparse.c */ = {isa = PBXFileReference; lastKnownFileType = sourcecode.c.c; path = pkparse.c; sourceTree = "<group>"; };
		45C9672F2F61AD7B00C920DF /* pkwrite.c */ = {isa = PBXFileReference; lastKnownFileType = sourcecode.c.c; path = pkwrite.c; sourceTree = "<group>"; };
		45C967302F61AD7B00C920DF /* platform.c */ = {isa = PBXFileReference; lastKnownFileType = sourcecode.c.c; path = platform.c; sourceTree = "<group>"; };
		45C967312F61AD7B00C920DF /* ripemd160.c */ = {isa = PBXFileReference; lastKnownFileType = sourcecode.c.c; path = ripemd160.c; sourceTree = "<group>"; };
		45C967322F61AD7B00C920DF /* rsa.c */ = {isa = PBXFileReference; lastKnownFileType = sourcecode.c.c; path = rsa.c; sourceTree = "<group>"; };
		45C967332F61AD7B00C920DF /* sha1.c */ = {isa = PBXFileReference; lastKnownFileType = sourcecode.c.c; path = sha1.c; sourceTree = "<group>"; };
		45C967342F61AD7B00C920DF /* sha256.c */ = {isa = PBXFileReference; lastKnownFileType = sourcecode.c.c; path = sha256.c; sourceTree = "<group>"; };
		45C967352F61AD7B00C920DF /* sha512.c */ = {isa = PBXFileReference; lastKnownFileType = sourcecode.c.c; path = sha512.c; sourceTree = "<group>"; };
		45C967362F61AD7B00C920DF /* ssl_cache.c */ = {isa = PBXFileReference; lastKnownFileType = sourcecode.c.c; path = ssl_cache.c; sourceTree = "<group>"; };
		45C967372F61AD7B00C920DF /* ssl_ciphersuites.c */ = {isa = PBXFileReference; lastKnownFileType = sourcecode.c.c; path = ssl_ciphersuites.c; sourceTree = "<group>"; };
		45C967382F61AD7B00C920DF /* ssl_cli.c */ = {isa = PBXFileReference; lastKnownFileType = sourcecode.c.c; path = ssl_cli.c; sourceTree = "<group>"; };
		45C967392F61AD7B00C920DF /* ssl_cookie.c */ = {isa = PBXFileReference; lastKnownFileType = sourcecode.c.c; path = ssl_cookie.c; sourceTree = "<group>"; };
		45C9673A2F61AD7B00C920DF /* ssl_srv.c */ = {isa = PBXFileReference; lastKnownFileType = sourcecode.c.c; path = ssl_srv.c; sourceTree = "<group>"; };
		45C9673B2F61AD7B00C920DF /* ssl_ticket.c */ = {isa = PBXFileReference; lastKnownFileType = sourcecode.c.c; path = ssl_ticket.c; sourceTree = "<group>"; };
		45C9673C2F61AD7B00C920DF /* ssl_tls.c */ = {isa = PBXFileReference; lastKnownFileType = sourcecode.c.c; path = ssl_tls.c; sourceTree = "<group>"; };
		45C9673D2F61AD7B00C920DF /* threading.c */ = {isa = PBXFileReference; lastKnownFileType = sourcecode.c.c; path = threading.c; sourceTree = "<group>"; };
		45C9673E2F61AD7B00C920DF /* timing.c */ = {isa = PBXFileReference; lastKnownFileType = sourcecode.c.c; path = timing.c; sourceTree = "<group>"; };
		45C9673F2F61AD7B00C920DF /* version.c */ = {isa = PBXFileReference; lastKnownFileType = sourcecode.c.c; path = version.c; sourceTree = "<group>"; };
		45C967402F61AD7B00C920DF /* version_features.c */ = {isa = PBXFileReference; lastKnownFileType = sourcecode.c.c; path = version_features.c; sourceTree = "<group>"; };
		45C967412F61AD7B00C920DF /* x509.c */ = {isa = PBXFileReference; lastKnownFileType = sourcecode.c.c; path = x509.c; sourceTree = "<group>"; };
		45C967422F61AD7B00C920DF /* x509_create.c */ = {isa = PBXFileReference; lastKnownFileType = sourcecode.c.c; path = x509_create.c; sourceTree = "<group>"; };
		45C967432F61AD7B00C920DF /* x509_crl.c */ = {isa = PBXFileReference; lastKnownFileType = sourcecode.c.c; path = x509_crl.c; sourceTree = "<group>"; };
		45C967442F61AD7B00C920DF /* x509_crt.c */ = {isa = PBXFileReference; lastKnownFileType = sourcecode.c.c; path = x509_crt.c; sourceTree = "<group>"; };
		45C967452F61AD7B00C920DF /* x509_csr.c */ = {isa = PBXFileReference; lastKnownFileType = sourcecode.c.c; path = x509_csr.c; sourceTree = "<group>"; };
		45C967462F61AD7B00C920DF /* x509write_crt.c */ = {isa = PBXFileReference; lastKnownFileType = sourcecode.c.c; path = x509write_crt.c; sourceTree = "<group>"; };
		45C967472F61AD7B00C920DF /* x509write_csr.c */ = {isa = PBXFileReference; lastKnownFileType = sourcecode.c.c; path = x509write_csr.c; sourceTree = "<group>"; };
		45C967482F61AD7B00C920DF /* xtea.c */ = {isa = PBXFileReference; lastKnownFileType = sourcecode.c.c; path = xtea.c; sourceTree = "<group>"; };
		45C9674B2F61AD7B00C920DF /* ca_cert.h */ = {isa = PBXFileReference; lastKnownFileType = sourcecode.c.h; path = ca_cert.h; sourceTree = "<group>"; };
		45C9674C2F61AD7B00C920DF /* ssl_client.h */ = {isa = PBXFileReference; lastKnownFileType = sourcecode.c.h; path = ssl_client.h; sourceTree = "<group>"; };
		45C9674D2F61AD7B00C920DF /* ssl_client.c */ = {isa = PBXFileReference; lastKnownFileType = sourcecode.c.c; path = ssl_client.c; sourceTree = "<group>"; };
		45C967A82F61AD7B00C920DF /* arraylist.h */ = {isa = PBXFileReference; lastKnownFileType = sourcecode.c.h; path = arraylist.h; sourceTree = "<group>"; };
		45C967A92F61AD7B00C920DF /* arraylist.c */ = {isa = PBXFileReference; lastKnownFileType = sourcecode.c.c; path = arraylist.c; sourceTree = "<group>"; };
		45C967AA2F61AD7B00C920DF /* bytebuf.h */ = {isa = PBXFileReference; lastKnownFileType = sourcecode.c.h; path = bytebuf.h; sourceTree = "<group>"; };
		45C967AB2F61AD7B00C920DF /* bytebuf.c */ = {isa = PBXFileReference; lastKnownFileType = sourcecode.c.c; path = bytebuf.c; sourceTree = "<group>"; };
		45C967AC2F61AD7B00C920DF /* d_type.h */ = {isa = PBXFileReference; lastKnownFileType = sourcecode.c.h; path = d_type.h; sourceTree = "<group>"; };
		45C967AD2F61AD7B00C920DF /* d_type.c */ = {isa = PBXFileReference; lastKnownFileType = sourcecode.c.c; path = d_type.c; sourceTree = "<group>"; };
		45C967AE2F61AD7B00C920DF /* dirent_win.h */ = {isa = PBXFileReference; lastKnownFileType = sourcecode.c.h; path = dirent_win.h; sourceTree = "<group>"; };
		45C967AF2F61AD7B00C920DF /* hashset.h */ = {isa = PBXFileReference; lastKnownFileType = sourcecode.c.h; path = hashset.h; sourceTree = "<group>"; };
		45C967B02F61AD7B00C920DF /* hashset.c */ = {isa = PBXFileReference; lastKnownFileType = sourcecode.c.c; path = hashset.c; sourceTree = "<group>"; };
		45C967B12F61AD7B00C920DF /* hashtable.h */ = {isa = PBXFileReference; lastKnownFileType = sourcecode.c.h; path = hashtable.h; sourceTree = "<group>"; };
		45C967B22F61AD7B00C920DF /* hashtable.c */ = {isa = PBXFileReference; lastKnownFileType = sourcecode.c.c; path = hashtable.c; sourceTree = "<group>"; };
		45C967B32F61AD7B00C920DF /* linkedlist.h */ = {isa = PBXFileReference; lastKnownFileType = sourcecode.c.h; path = linkedlist.h; sourceTree = "<group>"; };
		45C967B42F61AD7B00C920DF /* linkedlist.c */ = {isa = PBXFileReference; lastKnownFileType = sourcecode.c.c; path = linkedlist.c; sourceTree = "<group>"; };
		45C967B52F61AD7B00C920DF /* miniz.h */ = {isa = PBXFileReference; lastKnownFileType = sourcecode.c.h; path = miniz.h; sourceTree = "<group>"; };
		45C967B62F61AD7B00C920DF /* miniz.c */ = {isa = PBXFileReference; lastKnownFileType = sourcecode.c.c; path = miniz.c; sourceTree = "<group>"; };
		45C967B72F61AD7B00C920DF /* miniz_wrapper.h */ = {isa = PBXFileReference; lastKnownFileType = sourcecode.c.h; path = miniz_wrapper.h; sourceTree = "<group>"; };
		45C967B82F61AD7B00C920DF /* miniz_wrapper.c */ = {isa = PBXFileReference; lastKnownFileType = sourcecode.c.c; path = miniz_wrapper.c; sourceTree = "<group>"; };
		45C967B92F61AD7B00C920DF /* pairlist.h */ = {isa = PBXFileReference; lastKnownFileType = sourcecode.c.h; path = pairlist.h; sourceTree = "<group>"; };
		45C967BA2F61AD7B00C920DF /* spinlock.h */ = {isa = PBXFileReference; lastKnownFileType = sourcecode.c.h; path = spinlock.h; sourceTree = "<group>"; };
		45C967BB2F61AD7B00C920DF /* tinycthread.h */ = {isa = PBXFileReference; lastKnownFileType = sourcecode.c.h; path = tinycthread.h; sourceTree = "<group>"; };
		45C967BC2F61AD7B00C920DF /* tinycthread.c */ = {isa = PBXFileReference; lastKnownFileType = sourcecode.c.c; path = tinycthread.c; sourceTree = "<group>"; };
		45C967BD2F61AD7B00C920DF /* utf8_string.h */ = {isa = PBXFileReference; lastKnownFileType = sourcecode.c.h; path = utf8_string.h; sourceTree = "<group>"; };
		45C967BE2F61AD7B00C920DF /* utf8_string.c */ = {isa = PBXFileReference; lastKnownFileType = sourcecode.c.c; path = utf8_string.c; sourceTree = "<group>"; };
		45C9684F2F61B0E000C920DF /* static.c */ = {isa = PBXFileReference; lastKnownFileType = sourcecode.c.c; name = static.c; path = mimalloc/src/static.c; sourceTree = "<group>"; };
		45C968532F61B13F00C920DF /* sljitLir.h */ = {isa = PBXFileReference; lastKnownFileType = sourcecode.c.h; name = sljitLir.h; path = sljit/sljitLir.h; sourceTree = "<group>"; };
		45C968542F61B15600C920DF /* mimalloc.h */ = {isa = PBXFileReference; lastKnownFileType = sourcecode.c.h; name = mimalloc.h; path = mimalloc/include/mimalloc.h; sourceTree = "<group>"; };
		45C968552F61B1C300C920DF /* heapdump_hprof.h */ = {isa = PBXFileReference; lastKnownFileType = sourcecode.c.h; path = heapdump_hprof.h; sourceTree = "<group>"; };
		45C968562F61B1C300C920DF /* heapdump_hprof.c */ = {isa = PBXFileReference; lastKnownFileType = sourcecode.c.c; path = heapdump_hprof.c; sourceTree = "<group>"; };
		45D78F1F209D3E61003B9317 /* iosapp.app */ = {isa = PBXFileReference; explicitFileType = wrapper.application; includeInIndex = 0; path = iosapp.app; sourceTree = BUILT_PRODUCTS_DIR; };
		45D78F2B209D3E62003B9317 /* Assets.xcassets */ = {isa = PBXFileReference; lastKnownFileType = folder.assetcatalog; path = Assets.xcassets; sourceTree = "<group>"; };
		45D78F30209D3E62003B9317 /* Info.plist */ = {isa = PBXFileReference; lastKnownFileType = text.plist.xml; path = Info.plist; sourceTree = "<group>"; };
		45D78F47209D4330003B9317 /* glfm.h */ = {isa = PBXFileReference; fileEncoding = 4; lastKnownFileType = sourcecode.c.h; path = glfm.h; sourceTree = "<group>"; };
		45D78F4C209D4330003B9317 /* jni_gl.c */ = {isa = PBXFileReference; fileEncoding = 4; lastKnownFileType = sourcecode.c.c; path = jni_gl.c; sourceTree = "<group>"; };
		45D78F4E209D4330003B9317 /* linmath.h */ = {isa = PBXFileReference; fileEncoding = 4; lastKnownFileType = sourcecode.c.h; path = linmath.h; sourceTree = "<group>"; };
		45D78F4F209D4330003B9317 /* jni_nanovg.c */ = {isa = PBXFileReference; fileEncoding = 4; lastKnownFileType = sourcecode.c.c; path = jni_nanovg.c; sourceTree = "<group>"; };
		45D78F50209D4330003B9317 /* media.h */ = {isa = PBXFileReference; fileEncoding = 4; lastKnownFileType = sourcecode.c.h; path = media.h; sourceTree = "<group>"; };
		45D78F52209D4330003B9317 /* stb_image_write.h */ = {isa = PBXFileReference; fileEncoding = 4; lastKnownFileType = sourcecode.c.h; path = stb_image_write.h; sourceTree = "<group>"; };
		45D78F53209D4330003B9317 /* stb_image.h */ = {isa = PBXFileReference; fileEncoding = 4; lastKnownFileType = sourcecode.c.h; path = stb_image.h; sourceTree = "<group>"; };
		45D78F54209D4330003B9317 /* stb_truetype.h */ = {isa = PBXFileReference; fileEncoding = 4; lastKnownFileType = sourcecode.c.h; path = stb_truetype.h; sourceTree = "<group>"; };
		45D78F56209D4330003B9317 /* khrplatform.h */ = {isa = PBXFileReference; fileEncoding = 4; lastKnownFileType = sourcecode.c.h; path = khrplatform.h; sourceTree = "<group>"; };
		45D78F57209D4330003B9317 /* jni_glfm.c */ = {isa = PBXFileReference; fileEncoding = 4; lastKnownFileType = sourcecode.c.c; path = jni_glfm.c; sourceTree = "<group>"; };
		45D78F59209D4330003B9317 /* glad.h */ = {isa = PBXFileReference; fileEncoding = 4; lastKnownFileType = sourcecode.c.h; path = glad.h; sourceTree = "<group>"; };
		45D78F5A209D4330003B9317 /* glad.c */ = {isa = PBXFileReference; fileEncoding = 4; lastKnownFileType = sourcecode.c.c; path = glad.c; sourceTree = "<group>"; };
		45D78F5B209D4330003B9317 /* glad_jni_assist.h */ = {isa = PBXFileReference; fileEncoding = 4; lastKnownFileType = sourcecode.c.h; path = glad_jni_assist.h; sourceTree = "<group>"; };
		45D78F5C209D4330003B9317 /* jni_stb_assist.h */ = {isa = PBXFileReference; fileEncoding = 4; lastKnownFileType = sourcecode.c.h; path = jni_stb_assist.h; sourceTree = "<group>"; };
		45D78F5E209D4330003B9317 /* nanovg_gl.h */ = {isa = PBXFileReference; fileEncoding = 4; lastKnownFileType = sourcecode.c.h; path = nanovg_gl.h; sourceTree = "<group>"; };
		45D78F5F209D4330003B9317 /* nanovg.h */ = {isa = PBXFileReference; fileEncoding = 4; lastKnownFileType = sourcecode.c.h; path = nanovg.h; sourceTree = "<group>"; };
		45D78F60209D4330003B9317 /* fontstash.h */ = {isa = PBXFileReference; fileEncoding = 4; lastKnownFileType = sourcecode.c.h; path = fontstash.h; sourceTree = "<group>"; };
		45D78F61209D4330003B9317 /* nanovg_gl_utils.h */ = {isa = PBXFileReference; fileEncoding = 4; lastKnownFileType = sourcecode.c.h; path = nanovg_gl_utils.h; sourceTree = "<group>"; };
		45D78F62209D4330003B9317 /* nanovg.c */ = {isa = PBXFileReference; fileEncoding = 4; lastKnownFileType = sourcecode.c.c; path = nanovg.c; sourceTree = "<group>"; };
		45D78F63209D4330003B9317 /* media.c */ = {isa = PBXFileReference; fileEncoding = 4; lastKnownFileType = sourcecode.c.c; path = media.c; sourceTree = "<group>"; };
		45D78F65209D4330003B9317 /* main.c */ = {isa = PBXFileReference; fileEncoding = 4; lastKnownFileType = sourcecode.c.c; path = main.c; sourceTree = "<group>"; };
		45D7904A20A002C4003B9317 /* resfiles */ = {isa = PBXFileReference; lastKnownFileType = folder; name = resfiles; path = ../assets/resfiles; sourceTree = "<group>"; };
		45F5E8432175E5000001F587 /* iosapp.entitlements */ = {isa = PBXFileReference; lastKnownFileType = text.plist.entitlements; path = iosapp.entitlements; sourceTree = "<group>"; };
		45F65EB9224E343800390C0D /* miniaudio.h */ = {isa = PBXFileReference; fileEncoding = 4; lastKnownFileType = sourcecode.c.h; path = miniaudio.h; sourceTree = "<group>"; };
		592538032BF5D27A00E5D1DC /* glfm_emscripten.c */ = {isa = PBXFileReference; fileEncoding = 4; lastKnownFileType = sourcecode.c.c; path = glfm_emscripten.c; sourceTree = "<group>"; };
		592538042BF5D27A00E5D1DC /* glfm_android.c */ = {isa = PBXFileReference; fileEncoding = 4; lastKnownFileType = sourcecode.c.c; path = glfm_android.c; sourceTree = "<group>"; };
		592538052BF5D27A00E5D1DC /* glfm_internal.h */ = {isa = PBXFileReference; fileEncoding = 4; lastKnownFileType = sourcecode.c.h; path = glfm_internal.h; sourceTree = "<group>"; };
		592538062BF5D27A00E5D1DC /* glfm_apple.m */ = {isa = PBXFileReference; fileEncoding = 4; lastKnownFileType = sourcecode.c.objc; path = glfm_apple.m; sourceTree = "<group>"; };
		8451B97F2BEFBA23001B3BA6 /* os_win.c */ = {isa = PBXFileReference; fileEncoding = 4; lastKnownFileType = sourcecode.c.c; path = os_win.c; sourceTree = "<group>"; };
		8451B9802BEFBA23001B3BA6 /* os_posix.c */ = {isa = PBXFileReference; fileEncoding = 4; lastKnownFileType = sourcecode.c.c; path = os_posix.c; sourceTree = "<group>"; };
/* End PBXFileReference section */

/* Begin PBXFrameworksBuildPhase section */
		45D78F1C209D3E61003B9317 /* Frameworks */ = {
			isa = PBXFrameworksBuildPhase;
			buildActionMask = 2147483647;
			files = (
			);
			runOnlyForDeploymentPostprocessing = 0;
		};
/* End PBXFrameworksBuildPhase section */

/* Begin PBXGroup section */
		4535FA2321944E4200B888BA /* minial */ = {
			isa = PBXGroup;
			children = (
				45F65EB9224E343800390C0D /* miniaudio.h */,
			);
			path = minial;
			sourceTree = "<group>";
		};
		4581C30A226D637C00E88538 /* c */ = {
			isa = PBXGroup;
			children = (
				45C967BF2F61AD7B00C920DF /* utils */,
				4581C35E226D637C00E88538 /* jvm */,
			);
			name = c;
			path = ../../../minijvm/c;
			sourceTree = "<group>";
		};
		4581C35E226D637C00E88538 /* jvm */ = {
			isa = PBXGroup;
			children = (
				45C968552F61B1C300C920DF /* heapdump_hprof.h */,
				45C968562F61B1C300C920DF /* heapdump_hprof.c */,
				8451B9802BEFBA23001B3BA6 /* os_posix.c */,
				8451B97F2BEFBA23001B3BA6 /* os_win.c */,
				4517C54C254C60E100F03459 /* jni_io.c */,
				4517C54D254C60E100F03459 /* jni_reflect.c */,
				4517C54E254C60E100F03459 /* jni_std.c */,
				4581C36C226D637C00E88538 /* class_load.c */,
				4581C363226D637C00E88538 /* class.c */,
				4581C35F226D637C00E88538 /* garbage.c */,
				4581C369226D637C00E88538 /* garbage.h */,
				4581C370226D637C00E88538 /* global.c */,
				4581C36E226D637C00E88538 /* interpreter.c */,
				4581C36D226D637C00E88538 /* jdwp.c */,
				4581C362226D637C00E88538 /* jdwp.h */,
				451F269F23A248D300F99984 /* jit.c */,
				451F26A023A248D300F99984 /* jit.h */,
				4581C364226D637C00E88538 /* jvm_util.c */,
				4581C36B226D637C00E88538 /* jvm_util.h */,
				4581C361226D637C00E88538 /* jvm.c */,
				4581C368226D637C00E88538 /* jvm.h */,
				4581C360226D637C00E88538 /* runtime.c */,
			);
			path = jvm;
			sourceTree = "<group>";
		};
		45ADDF6B21625C5A00F469AC /* Frameworks */ = {
			isa = PBXGroup;
			children = (
				457AFCB223C84FF2002F5E34 /* AVFoundation.framework */,
				457AFCB023C84F89002F5E34 /* AVKit.framework */,
				457AFCAE23C84C53002F5E34 /* MediaPlayer.framework */,
			);
			name = Frameworks;
			sourceTree = "<group>";
		};
		45C967002F61AD7B00C920DF /* mbedtls */ = {
			isa = PBXGroup;
			children = (
				45C966BB2F61AD7B00C920DF /* aes.h */,
				45C966BC2F61AD7B00C920DF /* aesni.h */,
				45C966BD2F61AD7B00C920DF /* arc4.h */,
				45C966BE2F61AD7B00C920DF /* asn1.h */,
				45C966BF2F61AD7B00C920DF /* asn1write.h */,
				45C966C02F61AD7B00C920DF /* base64.h */,
				45C966C12F61AD7B00C920DF /* bignum.h */,
				45C966C22F61AD7B00C920DF /* blowfish.h */,
				45C966C32F61AD7B00C920DF /* bn_mul.h */,
				45C966C42F61AD7B00C920DF /* camellia.h */,
				45C966C52F61AD7B00C920DF /* ccm.h */,
				45C966C62F61AD7B00C920DF /* certs.h */,
				45C966C72F61AD7B00C920DF /* check_config.h */,
				45C966C82F61AD7B00C920DF /* cipher.h */,
				45C966C92F61AD7B00C920DF /* cipher_internal.h */,
				45C966CA2F61AD7B00C920DF /* cmac.h */,
				45C966CB2F61AD7B00C920DF /* compat-1.3.h */,
				45C966CC2F61AD7B00C920DF /* config.h */,
				45C966CD2F61AD7B00C920DF /* ctr_drbg.h */,
				45C966CE2F61AD7B00C920DF /* debug.h */,
				45C966CF2F61AD7B00C920DF /* des.h */,
				45C966D02F61AD7B00C920DF /* dhm.h */,
				45C966D12F61AD7B00C920DF /* ecdh.h */,
				45C966D22F61AD7B00C920DF /* ecdsa.h */,
				45C966D32F61AD7B00C920DF /* ecjpake.h */,
				45C966D42F61AD7B00C920DF /* ecp.h */,
				45C966D52F61AD7B00C920DF /* entropy.h */,
				45C966D62F61AD7B00C920DF /* entropy_poll.h */,
				45C966D72F61AD7B00C920DF /* error.h */,
				45C966D82F61AD7B00C920DF /* gcm.h */,
				45C966D92F61AD7B00C920DF /* havege.h */,
				45C966DA2F61AD7B00C920DF /* hmac_drbg.h */,
				45C966DB2F61AD7B00C920DF /* md.h */,
				45C966DC2F61AD7B00C920DF /* md_internal.h */,
				45C966DD2F61AD7B00C920DF /* md2.h */,
				45C966DE2F61AD7B00C920DF /* md4.h */,
				45C966DF2F61AD7B00C920DF /* md5.h */,
				45C966E02F61AD7B00C920DF /* memory_buffer_alloc.h */,
				45C966E12F61AD7B00C920DF /* net.h */,
				45C966E22F61AD7B00C920DF /* net_sockets.h */,
				45C966E32F61AD7B00C920DF /* oid.h */,
				45C966E42F61AD7B00C920DF /* padlock.h */,
				45C966E52F61AD7B00C920DF /* pem.h */,
				45C966E62F61AD7B00C920DF /* pk.h */,
				45C966E72F61AD7B00C920DF /* pk_internal.h */,
				45C966E82F61AD7B00C920DF /* pkcs5.h */,
				45C966E92F61AD7B00C920DF /* pkcs11.h */,
				45C966EA2F61AD7B00C920DF /* pkcs12.h */,
				45C966EB2F61AD7B00C920DF /* platform.h */,
				45C966EC2F61AD7B00C920DF /* platform_time.h */,
				45C966ED2F61AD7B00C920DF /* ripemd160.h */,
				45C966EE2F61AD7B00C920DF /* rsa.h */,
				45C966EF2F61AD7B00C920DF /* sha1.h */,
				45C966F02F61AD7B00C920DF /* sha256.h */,
				45C966F12F61AD7B00C920DF /* sha512.h */,
				45C966F22F61AD7B00C920DF /* ssl.h */,
				45C966F32F61AD7B00C920DF /* ssl_cache.h */,
				45C966F42F61AD7B00C920DF /* ssl_ciphersuites.h */,
				45C966F52F61AD7B00C920DF /* ssl_cookie.h */,
				45C966F62F61AD7B00C920DF /* ssl_internal.h */,
				45C966F72F61AD7B00C920DF /* ssl_ticket.h */,
				45C966F82F61AD7B00C920DF /* threading.h */,
				45C966F92F61AD7B00C920DF /* timing.h */,
				45C966FA2F61AD7B00C920DF /* version.h */,
				45C966FB2F61AD7B00C920DF /* x509.h */,
				45C966FC2F61AD7B00C920DF /* x509_crl.h */,
				45C966FD2F61AD7B00C920DF /* x509_crt.h */,
				45C966FE2F61AD7B00C920DF /* x509_csr.h */,
				45C966FF2F61AD7B00C920DF /* xtea.h */,
			);
			path = mbedtls;
			sourceTree = "<group>";
		};
		45C967012F61AD7B00C920DF /* include */ = {
			isa = PBXGroup;
			children = (
				45C967002F61AD7B00C920DF /* mbedtls */,
			);
			path = include;
			sourceTree = "<group>";
		};
		45C967492F61AD7B00C920DF /* library */ = {
			isa = PBXGroup;
			children = (
				45C967022F61AD7B00C920DF /* aes.c */,
				45C967032F61AD7B00C920DF /* aesni.c */,
				45C967042F61AD7B00C920DF /* arc4.c */,
				45C967052F61AD7B00C920DF /* asn1parse.c */,
				45C967062F61AD7B00C920DF /* asn1write.c */,
				45C967072F61AD7B00C920DF /* base64.c */,
				45C967082F61AD7B00C920DF /* bignum.c */,
				45C967092F61AD7B00C920DF /* blowfish.c */,
				45C9670A2F61AD7B00C920DF /* camellia.c */,
				45C9670B2F61AD7B00C920DF /* ccm.c */,
				45C9670C2F61AD7B00C920DF /* certs.c */,
				45C9670D2F61AD7B00C920DF /* cipher.c */,
				45C9670E2F61AD7B00C920DF /* cipher_wrap.c */,
				45C9670F2F61AD7B00C920DF /* cmac.c */,
				45C967102F61AD7B00C920DF /* ctr_drbg.c */,
				45C967112F61AD7B00C920DF /* debug.c */,
				45C967122F61AD7B00C920DF /* des.c */,
				45C967132F61AD7B00C920DF /* dhm.c */,
				45C967142F61AD7B00C920DF /* ecdh.c */,
				45C967152F61AD7B00C920DF /* ecdsa.c */,
				45C967162F61AD7B00C920DF /* ecjpake.c */,
				45C967172F61AD7B00C920DF /* ecp.c */,
				45C967182F61AD7B00C920DF /* ecp_curves.c */,
				45C967192F61AD7B00C920DF /* entropy.c */,
				45C9671A2F61AD7B00C920DF /* entropy_poll.c */,
				45C9671B2F61AD7B00C920DF /* error.c */,
				45C9671C2F61AD7B00C920DF /* gcm.c */,
				45C9671D2F61AD7B00C920DF /* havege.c */,
				45C9671E2F61AD7B00C920DF /* hmac_drbg.c */,
				45C9671F2F61AD7B00C920DF /* md.c */,
				45C967202F61AD7B00C920DF /* md_wrap.c */,
				45C967212F61AD7B00C920DF /* md2.c */,
				45C967222F61AD7B00C920DF /* md4.c */,
				45C967232F61AD7B00C920DF /* md5.c */,
				45C967242F61AD7B00C920DF /* memory_buffer_alloc.c */,
				45C967252F61AD7B00C920DF /* net_sockets.c */,
				45C967262F61AD7B00C920DF /* oid.c */,
				45C967272F61AD7B00C920DF /* padlock.c */,
				45C967282F61AD7B00C920DF /* pem.c */,
				45C967292F61AD7B00C920DF /* pk.c */,
				45C9672A2F61AD7B00C920DF /* pk_wrap.c */,
				45C9672B2F61AD7B00C920DF /* pkcs5.c */,
				45C9672C2F61AD7B00C920DF /* pkcs11.c */,
				45C9672D2F61AD7B00C920DF /* pkcs12.c */,
				45C9672E2F61AD7B00C920DF /* pkparse.c */,
				45C9672F2F61AD7B00C920DF /* pkwrite.c */,
				45C967302F61AD7B00C920DF /* platform.c */,
				45C967312F61AD7B00C920DF /* ripemd160.c */,
				45C967322F61AD7B00C920DF /* rsa.c */,
				45C967332F61AD7B00C920DF /* sha1.c */,
				45C967342F61AD7B00C920DF /* sha256.c */,
				45C967352F61AD7B00C920DF /* sha512.c */,
				45C967362F61AD7B00C920DF /* ssl_cache.c */,
				45C967372F61AD7B00C920DF /* ssl_ciphersuites.c */,
				45C967382F61AD7B00C920DF /* ssl_cli.c */,
				45C967392F61AD7B00C920DF /* ssl_cookie.c */,
				45C9673A2F61AD7B00C920DF /* ssl_srv.c */,
				45C9673B2F61AD7B00C920DF /* ssl_ticket.c */,
				45C9673C2F61AD7B00C920DF /* ssl_tls.c */,
				45C9673D2F61AD7B00C920DF /* threading.c */,
				45C9673E2F61AD7B00C920DF /* timing.c */,
				45C9673F2F61AD7B00C920DF /* version.c */,
				45C967402F61AD7B00C920DF /* version_features.c */,
				45C967412F61AD7B00C920DF /* x509.c */,
				45C967422F61AD7B00C920DF /* x509_create.c */,
				45C967432F61AD7B00C920DF /* x509_crl.c */,
				45C967442F61AD7B00C920DF /* x509_crt.c */,
				45C967452F61AD7B00C920DF /* x509_csr.c */,
				45C967462F61AD7B00C920DF /* x509write_crt.c */,
				45C967472F61AD7B00C920DF /* x509write_csr.c */,
				45C967482F61AD7B00C920DF /* xtea.c */,
			);
			path = library;
			sourceTree = "<group>";
		};
		45C9674A2F61AD7B00C920DF /* mbedtls */ = {
			isa = PBXGroup;
			children = (
				45C967012F61AD7B00C920DF /* include */,
				45C967492F61AD7B00C920DF /* library */,
			);
			path = mbedtls;
			sourceTree = "<group>";
		};
		45C9674E2F61AD7B00C920DF /* https */ = {
			isa = PBXGroup;
			children = (
				45C9674A2F61AD7B00C920DF /* mbedtls */,
				45C9674B2F61AD7B00C920DF /* ca_cert.h */,
				45C9674C2F61AD7B00C920DF /* ssl_client.h */,
				45C9674D2F61AD7B00C920DF /* ssl_client.c */,
			);
			path = https;
			sourceTree = "<group>";
		};
		45C967BF2F61AD7B00C920DF /* utils */ = {
			isa = PBXGroup;
			children = (
				45C968542F61B15600C920DF /* mimalloc.h */,
				45C968532F61B13F00C920DF /* sljitLir.h */,
				45C9684F2F61B0E000C920DF /* static.c */,
				45C9674E2F61AD7B00C920DF /* https */,
				45C967A82F61AD7B00C920DF /* arraylist.h */,
				45C967A92F61AD7B00C920DF /* arraylist.c */,
				45C967AA2F61AD7B00C920DF /* bytebuf.h */,
				45C967AB2F61AD7B00C920DF /* bytebuf.c */,
				45C967AC2F61AD7B00C920DF /* d_type.h */,
				45C967AD2F61AD7B00C920DF /* d_type.c */,
				45C967AE2F61AD7B00C920DF /* dirent_win.h */,
				45C967AF2F61AD7B00C920DF /* hashset.h */,
				45C967B02F61AD7B00C920DF /* hashset.c */,
				45C967B12F61AD7B00C920DF /* hashtable.h */,
				45C967B22F61AD7B00C920DF /* hashtable.c */,
				45C967B32F61AD7B00C920DF /* linkedlist.h */,
				45C967B42F61AD7B00C920DF /* linkedlist.c */,
				45C967B52F61AD7B00C920DF /* miniz.h */,
				45C967B62F61AD7B00C920DF /* miniz.c */,
				45C967B72F61AD7B00C920DF /* miniz_wrapper.h */,
				45C967B82F61AD7B00C920DF /* miniz_wrapper.c */,
				45C967B92F61AD7B00C920DF /* pairlist.h */,
				45C967BA2F61AD7B00C920DF /* spinlock.h */,
				45C967BB2F61AD7B00C920DF /* tinycthread.h */,
				45C967BC2F61AD7B00C920DF /* tinycthread.c */,
				45C967BD2F61AD7B00C920DF /* utf8_string.h */,
				45C967BE2F61AD7B00C920DF /* utf8_string.c */,
			);
			path = utils;
			sourceTree = "<group>";
		};
		45D78F16209D3E61003B9317 = {
			isa = PBXGroup;
			children = (
				45D78F21209D3E61003B9317 /* iosapp */,
				45D78F20209D3E61003B9317 /* Products */,
				45D7904A20A002C4003B9317 /* resfiles */,
				45ADDF6B21625C5A00F469AC /* Frameworks */,
			);
			sourceTree = "<group>";
		};
		45D78F20209D3E61003B9317 /* Products */ = {
			isa = PBXGroup;
			children = (
				45D78F1F209D3E61003B9317 /* iosapp.app */,
			);
			name = Products;
			sourceTree = "<group>";
		};
		45D78F21209D3E61003B9317 /* iosapp */ = {
			isa = PBXGroup;
			children = (
				4581C30A226D637C00E88538 /* c */,
				45F5E8432175E5000001F587 /* iosapp.entitlements */,
				45D78F2B209D3E62003B9317 /* Assets.xcassets */,
				45D78F44209D4330003B9317 /* glfm */,
				45D78F64209D4330003B9317 /* glfmapp */,
				45D78F4A209D4330003B9317 /* gui */,
				45D78F30209D3E62003B9317 /* Info.plist */,
			);
			path = iosapp;
			sourceTree = "<group>";
		};
		45D78F44209D4330003B9317 /* glfm */ = {
			isa = PBXGroup;
			children = (
				592538042BF5D27A00E5D1DC /* glfm_android.c */,
				592538062BF5D27A00E5D1DC /* glfm_apple.m */,
				592538032BF5D27A00E5D1DC /* glfm_emscripten.c */,
				592538052BF5D27A00E5D1DC /* glfm_internal.h */,
				45D78F47209D4330003B9317 /* glfm.h */,
				4589A5FB2C8DFB6C0079DDFC /* IAPManager.h */,
				4589A5FC2C8DFB920079DDFC /* IAPManager.m */,
			);
			name = glfm;
			path = ../../c/glfm;
			sourceTree = "<group>";
		};
		45D78F4A209D4330003B9317 /* gui */ = {
			isa = PBXGroup;
			children = (
				45D78F58209D4330003B9317 /* glad */,
				45D78F4C209D4330003B9317 /* jni_gl.c */,
				45D78F57209D4330003B9317 /* jni_glfm.c */,
				4535FA2721944F7300B888BA /* jni_minial.m */,
				45D78F4F209D4330003B9317 /* jni_nanovg.c */,
				45D78F5C209D4330003B9317 /* jni_stb_assist.h */,
				45D78F55209D4330003B9317 /* KHR */,
				45D78F63209D4330003B9317 /* media.c */,
				45D78F50209D4330003B9317 /* media.h */,
				4535FA2321944E4200B888BA /* minial */,
				45D78F5D209D4330003B9317 /* nanovg */,
				45D78F4D209D4330003B9317 /* other */,
				45D78F51209D4330003B9317 /* stb */,
			);
			name = gui;
			path = ../../c/gui;
			sourceTree = "<group>";
		};
		45D78F4D209D4330003B9317 /* other */ = {
			isa = PBXGroup;
			children = (
				45D78F4E209D4330003B9317 /* linmath.h */,
			);
			path = other;
			sourceTree = "<group>";
		};
		45D78F51209D4330003B9317 /* stb */ = {
			isa = PBXGroup;
			children = (
				45D78F52209D4330003B9317 /* stb_image_write.h */,
				45D78F53209D4330003B9317 /* stb_image.h */,
				45D78F54209D4330003B9317 /* stb_truetype.h */,
			);
			path = stb;
			sourceTree = "<group>";
		};
		45D78F55209D4330003B9317 /* KHR */ = {
			isa = PBXGroup;
			children = (
				45D78F56209D4330003B9317 /* khrplatform.h */,
			);
			path = KHR;
			sourceTree = "<group>";
		};
		45D78F58209D4330003B9317 /* glad */ = {
			isa = PBXGroup;
			children = (
				45D78F59209D4330003B9317 /* glad.h */,
				45D78F5A209D4330003B9317 /* glad.c */,
				45D78F5B209D4330003B9317 /* glad_jni_assist.h */,
			);
			path = glad;
			sourceTree = "<group>";
		};
		45D78F5D209D4330003B9317 /* nanovg */ = {
			isa = PBXGroup;
			children = (
				452AD04323F9645D0069A699 /* nanovg_jni_assist.h */,
				45D78F5E209D4330003B9317 /* nanovg_gl.h */,
				45D78F5F209D4330003B9317 /* nanovg.h */,
				45D78F60209D4330003B9317 /* fontstash.h */,
				45D78F61209D4330003B9317 /* nanovg_gl_utils.h */,
				45D78F62209D4330003B9317 /* nanovg.c */,
			);
			path = nanovg;
			sourceTree = "<group>";
		};
		45D78F64209D4330003B9317 /* glfmapp */ = {
			isa = PBXGroup;
			children = (
				45D78F65209D4330003B9317 /* main.c */,
			);
			name = glfmapp;
			path = ../../c/glfmapp;
			sourceTree = "<group>";
		};
/* End PBXGroup section */

/* Begin PBXNativeTarget section */
		45D78F1E209D3E61003B9317 /* iosapp */ = {
			isa = PBXNativeTarget;
			buildConfigurationList = 45D78F35209D3E62003B9317 /* Build configuration list for PBXNativeTarget "iosapp" */;
			buildPhases = (
				45D78F1B209D3E61003B9317 /* Sources */,
				45D78F1C209D3E61003B9317 /* Frameworks */,
				45D78F1D209D3E61003B9317 /* Resources */,
				45D79049209E0420003B9317 /* ShellScript */,
			);
			buildRules = (
			);
			dependencies = (
			);
			name = iosapp;
			productName = iosapp;
			productReference = 45D78F1F209D3E61003B9317 /* iosapp.app */;
			productType = "com.apple.product-type.application";
		};
/* End PBXNativeTarget section */

/* Begin PBXProject section */
		45D78F17209D3E61003B9317 /* Project object */ = {
			isa = PBXProject;
			attributes = {
				LastUpgradeCheck = 0930;
				ORGANIZATIONNAME = Gust;
				TargetAttributes = {
					45D78F1E209D3E61003B9317 = {
						CreatedOnToolsVersion = 9.3;
						SystemCapabilities = {
							com.apple.BackgroundModes = {
								enabled = 0;
							};
							com.apple.Push = {
								enabled = 1;
							};
						};
					};
				};
			};
			buildConfigurationList = 45D78F1A209D3E61003B9317 /* Build configuration list for PBXProject "iosapp" */;
			compatibilityVersion = "Xcode 9.3";
			developmentRegion = en;
			hasScannedForEncodings = 0;
			knownRegions = (
				en,
				Base,
			);
			mainGroup = 45D78F16209D3E61003B9317;
			productRefGroup = 45D78F20209D3E61003B9317 /* Products */;
			projectDirPath = "";
			projectRoot = "";
			targets = (
				45D78F1E209D3E61003B9317 /* iosapp */,
			);
		};
/* End PBXProject section */

/* Begin PBXResourcesBuildPhase section */
		45D78F1D209D3E61003B9317 /* Resources */ = {
			isa = PBXResourcesBuildPhase;
			buildActionMask = 2147483647;
			files = (
				4581C5CC226DA7BE00E88538 /* Assets.xcassets in Resources */,
				45D7904B20A002C4003B9317 /* resfiles in Resources */,
			);
			runOnlyForDeploymentPostprocessing = 0;
		};
/* End PBXResourcesBuildPhase section */

/* Begin PBXShellScriptBuildPhase section */
		45D79049209E0420003B9317 /* ShellScript */ = {
			isa = PBXShellScriptBuildPhase;
			buildActionMask = 2147483647;
			files = (
			);
			inputPaths = (
			);
			outputPaths = (
			);
			runOnlyForDeploymentPostprocessing = 0;
			shellPath = /bin/sh;
			shellScript = "\n#jarfile=\"./../../../../javaSrc/g3d/dist/g3d.jar\"\n#if [ -f \"${jarfile}\" ]; then\n#cp \"${jarfile}\" ../assets/resfiles/\n#fi\n";
		};
/* End PBXShellScriptBuildPhase section */

/* Begin PBXSourcesBuildPhase section */
		45D78F1B209D3E61003B9317 /* Sources */ = {
			isa = PBXSourcesBuildPhase;
			buildActionMask = 2147483647;
			files = (
				592538072BF5D27A00E5D1DC /* glfm_emscripten.c in Sources */,
				451F272F23A24C7B00F99984 /* jni_minial.m in Sources */,
				8451B9822BEFBA23001B3BA6 /* os_posix.c in Sources */,
				592538092BF5D27A00E5D1DC /* glfm_apple.m in Sources */,
				4589A5FD2C8DFB920079DDFC /* IAPManager.m in Sources */,
				451F272723A24C3A00F99984 /* main.c in Sources */,
				4517C54F254C60E100F03459 /* jni_io.c in Sources */,
				451F272823A24C3A00F99984 /* glad.c in Sources */,
				451F272923A24C3A00F99984 /* jni_gl.c in Sources */,
				451F272A23A24C3A00F99984 /* jni_glfm.c in Sources */,
				451F272B23A24C3A00F99984 /* jni_nanovg.c in Sources */,
				4517C551254C60E100F03459 /* jni_std.c in Sources */,
				451F272C23A24C3A00F99984 /* media.c in Sources */,
				451F272D23A24C3A00F99984 /* nanovg.c in Sources */,
				451F270D23A24C1F00F99984 /* jit.c in Sources */,
				451F270E23A24C1F00F99984 /* garbage.c in Sources */,
				451F270F23A24C1F00F99984 /* runtime.c in Sources */,
				451F271023A24C1F00F99984 /* jvm.c in Sources */,
				592538082BF5D27A00E5D1DC /* glfm_android.c in Sources */,
				451F271123A24C1F00F99984 /* class.c in Sources */,
				451F271223A24C1F00F99984 /* jvm_util.c in Sources */,
				45C967C52F61AD7B00C920DF /* xtea.c in Sources */,
				45C967C62F61AD7B00C920DF /* ecdsa.c in Sources */,
				45C967C72F61AD7B00C920DF /* arraylist.c in Sources */,
				45C967C92F61AD7B00C920DF /* cmac.c in Sources */,
				45C967CB2F61AD7B00C920DF /* ctr_drbg.c in Sources */,
				45C967CC2F61AD7B00C920DF /* d_type.c in Sources */,
				45C967CE2F61AD7B00C920DF /* debug.c in Sources */,
				45C967CF2F61AD7B00C920DF /* sha256.c in Sources */,
				45C967D02F61AD7B00C920DF /* bytebuf.c in Sources */,
				45C967D12F61AD7B00C920DF /* memory_buffer_alloc.c in Sources */,
				45C967D22F61AD7B00C920DF /* havege.c in Sources */,
				45C967D32F61AD7B00C920DF /* net_sockets.c in Sources */,
				45C967D92F61AD7B00C920DF /* x509.c in Sources */,
				45C967DB2F61AD7B00C920DF /* ecp.c in Sources */,
				45C967DC2F61AD7B00C920DF /* pk.c in Sources */,
				45C967DD2F61AD7B00C920DF /* cipher.c in Sources */,
				45C967DF2F61AD7B00C920DF /* ssl_client.c in Sources */,
				45C967E12F61AD7B00C920DF /* pkcs12.c in Sources */,
				45C967E22F61AD7B00C920DF /* md4.c in Sources */,
				45C967E32F61AD7B00C920DF /* asn1write.c in Sources */,
				45C967E42F61AD7B00C920DF /* aes.c in Sources */,
				45C967E82F61AD7B00C920DF /* ssl_ciphersuites.c in Sources */,
				45C967EA2F61AD7B00C920DF /* platform.c in Sources */,
				45C967EB2F61AD7B00C920DF /* gcm.c in Sources */,
				45C967EC2F61AD7B00C920DF /* oid.c in Sources */,
				45C967ED2F61AD7B00C920DF /* md5.c in Sources */,
				45C967EE2F61AD7B00C920DF /* bignum.c in Sources */,
				45C967EF2F61AD7B00C920DF /* des.c in Sources */,
				45C967F02F61AD7B00C920DF /* pem.c in Sources */,
				45C967F12F61AD7B00C920DF /* cipher_wrap.c in Sources */,
				45C967F22F61AD7B00C920DF /* padlock.c in Sources */,
				45C967F32F61AD7B00C920DF /* pkcs11.c in Sources */,
				45C967F52F61AD7B00C920DF /* utf8_string.c in Sources */,
				45C967F82F61AD7B00C920DF /* dhm.c in Sources */,
				45C967FA2F61AD7B00C920DF /* version_features.c in Sources */,
				45C967FB2F61AD7B00C920DF /* entropy_poll.c in Sources */,
				45C967FC2F61AD7B00C920DF /* hashset.c in Sources */,
				45C967FD2F61AD7B00C920DF /* miniz.c in Sources */,
				45C968002F61AD7B00C920DF /* arc4.c in Sources */,
				45C968012F61AD7B00C920DF /* ccm.c in Sources */,
				45C968062F61AD7B00C920DF /* x509_crl.c in Sources */,
				45C968072F61AD7B00C920DF /* rsa.c in Sources */,
				45C968082F61AD7B00C920DF /* miniz_wrapper.c in Sources */,
				45C9680A2F61AD7B00C920DF /* timing.c in Sources */,
				45C9680D2F61AD7B00C920DF /* camellia.c in Sources */,
				45C968112F61AD7B00C920DF /* ssl_tls.c in Sources */,
				45C968132F61AD7B00C920DF /* pk_wrap.c in Sources */,
				45C968142F61AD7B00C920DF /* hmac_drbg.c in Sources */,
				45C968152F61AD7B00C920DF /* x509_create.c in Sources */,
				45C968172F61AD7B00C920DF /* tinycthread.c in Sources */,
				45C968182F61AD7B00C920DF /* ssl_cli.c in Sources */,
				45C9681A2F61AD7B00C920DF /* ssl_ticket.c in Sources */,
				45C9681B2F61AD7B00C920DF /* pkwrite.c in Sources */,
				45C9681C2F61AD7B00C920DF /* base64.c in Sources */,
				45C9681E2F61AD7B00C920DF /* ssl_cache.c in Sources */,
				45C9681F2F61AD7B00C920DF /* ssl_srv.c in Sources */,
				45C968502F61B0E000C920DF /* static.c in Sources */,
				45C968212F61AD7B00C920DF /* ssl_cookie.c in Sources */,
				45C968232F61AD7B00C920DF /* x509write_csr.c in Sources */,
				45C968242F61AD7B00C920DF /* entropy.c in Sources */,
				45C968262F61AD7B00C920DF /* aesni.c in Sources */,
				45C968272F61AD7B00C920DF /* error.c in Sources */,
				45C968282F61AD7B00C920DF /* md.c in Sources */,
				45C968292F61AD7B00C920DF /* x509_csr.c in Sources */,
				45C9682A2F61AD7B00C920DF /* x509_crt.c in Sources */,
				45C9682B2F61AD7B00C920DF /* threading.c in Sources */,
				45C9682D2F61AD7B00C920DF /* md2.c in Sources */,
				45C9682E2F61AD7B00C920DF /* sha1.c in Sources */,
				45C968312F61AD7B00C920DF /* x509write_crt.c in Sources */,
				45C968322F61AD7B00C920DF /* asn1parse.c in Sources */,
				45C968352F61AD7B00C920DF /* hashtable.c in Sources */,
				45C968362F61AD7B00C920DF /* blowfish.c in Sources */,
				45C968372F61AD7B00C920DF /* ecjpake.c in Sources */,
				45C968392F61AD7B00C920DF /* sha512.c in Sources */,
				45C9683C2F61AD7B00C920DF /* ecdh.c in Sources */,
				45C9683F2F61AD7B00C920DF /* linkedlist.c in Sources */,
				45C968432F61AD7B00C920DF /* version.c in Sources */,
				45C968442F61AD7B00C920DF /* md_wrap.c in Sources */,
				45C968492F61AD7B00C920DF /* pkparse.c in Sources */,
				45C9684A2F61AD7B00C920DF /* pkcs5.c in Sources */,
				45C9684B2F61AD7B00C920DF /* ripemd160.c in Sources */,
				45C9684C2F61AD7B00C920DF /* ecp_curves.c in Sources */,
				45C968572F61B1C300C920DF /* heapdump_hprof.c in Sources */,
				45C9684E2F61AD7B00C920DF /* certs.c in Sources */,
				451F271423A24C1F00F99984 /* class_load.c in Sources */,
				451F271523A24C1F00F99984 /* jdwp.c in Sources */,
				451F271623A24C1F00F99984 /* interpreter.c in Sources */,
				4517C550254C60E100F03459 /* jni_reflect.c in Sources */,
				8451B9812BEFBA23001B3BA6 /* os_win.c in Sources */,
				451F271823A24C1F00F99984 /* global.c in Sources */,
			);
			runOnlyForDeploymentPostprocessing = 0;
		};
/* End PBXSourcesBuildPhase section */

/* Begin XCBuildConfiguration section */
		45D78F33209D3E62003B9317 /* Debug */ = {
			isa = XCBuildConfiguration;
			buildSettings = {
				ALWAYS_SEARCH_USER_PATHS = NO;
				CLANG_ANALYZER_NONNULL = YES;
				CLANG_ANALYZER_NUMBER_OBJECT_CONVERSION = YES_AGGRESSIVE;
				CLANG_CXX_LANGUAGE_STANDARD = "gnu++14";
				CLANG_CXX_LIBRARY = "libc++";
				CLANG_ENABLE_MODULES = YES;
				CLANG_ENABLE_OBJC_ARC = YES;
				CLANG_ENABLE_OBJC_WEAK = YES;
				CLANG_WARN_BLOCK_CAPTURE_AUTORELEASING = YES;
				CLANG_WARN_BOOL_CONVERSION = YES;
				CLANG_WARN_COMMA = YES;
				CLANG_WARN_CONSTANT_CONVERSION = YES;
				CLANG_WARN_DEPRECATED_OBJC_IMPLEMENTATIONS = YES;
				CLANG_WARN_DIRECT_OBJC_ISA_USAGE = YES_ERROR;
				CLANG_WARN_DOCUMENTATION_COMMENTS = YES;
				CLANG_WARN_EMPTY_BODY = YES;
				CLANG_WARN_ENUM_CONVERSION = YES;
				CLANG_WARN_INFINITE_RECURSION = YES;
				CLANG_WARN_INT_CONVERSION = YES;
				CLANG_WARN_NON_LITERAL_NULL_CONVERSION = YES;
				CLANG_WARN_OBJC_IMPLICIT_RETAIN_SELF = YES;
				CLANG_WARN_OBJC_LITERAL_CONVERSION = YES;
				CLANG_WARN_OBJC_ROOT_CLASS = YES_ERROR;
				CLANG_WARN_RANGE_LOOP_ANALYSIS = YES;
				CLANG_WARN_STRICT_PROTOTYPES = YES;
				CLANG_WARN_SUSPICIOUS_MOVE = YES;
				CLANG_WARN_UNGUARDED_AVAILABILITY = YES_AGGRESSIVE;
				CLANG_WARN_UNREACHABLE_CODE = YES;
				CLANG_WARN__DUPLICATE_METHOD_MATCH = YES;
				CODE_SIGN_IDENTITY = "iPhone Developer";
				COPY_PHASE_STRIP = NO;
				DEBUG_INFORMATION_FORMAT = dwarf;
				ENABLE_STRICT_OBJC_MSGSEND = YES;
				ENABLE_TESTABILITY = YES;
				GCC_C_LANGUAGE_STANDARD = gnu11;
				GCC_DYNAMIC_NO_PIC = NO;
				GCC_NO_COMMON_BLOCKS = YES;
				GCC_OPTIMIZATION_LEVEL = 0;
				GCC_PREPROCESSOR_DEFINITIONS = (
					"DEBUG=1",
					"$(inherited)",
				);
				GCC_WARN_64_TO_32_BIT_CONVERSION = YES;
				GCC_WARN_ABOUT_RETURN_TYPE = YES_ERROR;
				GCC_WARN_UNDECLARED_SELECTOR = YES;
				GCC_WARN_UNINITIALIZED_AUTOS = YES_AGGRESSIVE;
				GCC_WARN_UNUSED_FUNCTION = YES;
				GCC_WARN_UNUSED_VARIABLE = YES;
				IPHONEOS_DEPLOYMENT_TARGET = 11.3;
				MTL_ENABLE_DEBUG_INFO = YES;
				ONLY_ACTIVE_ARCH = YES;
				SDKROOT = iphoneos;
			};
			name = Debug;
		};
		45D78F34209D3E62003B9317 /* Release */ = {
			isa = XCBuildConfiguration;
			buildSettings = {
				ALWAYS_SEARCH_USER_PATHS = NO;
				CLANG_ANALYZER_NONNULL = YES;
				CLANG_ANALYZER_NUMBER_OBJECT_CONVERSION = YES_AGGRESSIVE;
				CLANG_CXX_LANGUAGE_STANDARD = "gnu++14";
				CLANG_CXX_LIBRARY = "libc++";
				CLANG_ENABLE_MODULES = YES;
				CLANG_ENABLE_OBJC_ARC = YES;
				CLANG_ENABLE_OBJC_WEAK = YES;
				CLANG_WARN_BLOCK_CAPTURE_AUTORELEASING = YES;
				CLANG_WARN_BOOL_CONVERSION = YES;
				CLANG_WARN_COMMA = YES;
				CLANG_WARN_CONSTANT_CONVERSION = YES;
				CLANG_WARN_DEPRECATED_OBJC_IMPLEMENTATIONS = YES;
				CLANG_WARN_DIRECT_OBJC_ISA_USAGE = YES_ERROR;
				CLANG_WARN_DOCUMENTATION_COMMENTS = YES;
				CLANG_WARN_EMPTY_BODY = YES;
				CLANG_WARN_ENUM_CONVERSION = YES;
				CLANG_WARN_INFINITE_RECURSION = YES;
				CLANG_WARN_INT_CONVERSION = YES;
				CLANG_WARN_NON_LITERAL_NULL_CONVERSION = YES;
				CLANG_WARN_OBJC_IMPLICIT_RETAIN_SELF = YES;
				CLANG_WARN_OBJC_LITERAL_CONVERSION = YES;
				CLANG_WARN_OBJC_ROOT_CLASS = YES_ERROR;
				CLANG_WARN_RANGE_LOOP_ANALYSIS = YES;
				CLANG_WARN_STRICT_PROTOTYPES = YES;
				CLANG_WARN_SUSPICIOUS_MOVE = YES;
				CLANG_WARN_UNGUARDED_AVAILABILITY = YES_AGGRESSIVE;
				CLANG_WARN_UNREACHABLE_CODE = YES;
				CLANG_WARN__DUPLICATE_METHOD_MATCH = YES;
				CODE_SIGN_IDENTITY = "iPhone Developer";
				COPY_PHASE_STRIP = NO;
				DEBUG_INFORMATION_FORMAT = "dwarf-with-dsym";
				ENABLE_NS_ASSERTIONS = NO;
				ENABLE_STRICT_OBJC_MSGSEND = YES;
				GCC_C_LANGUAGE_STANDARD = gnu11;
				GCC_NO_COMMON_BLOCKS = YES;
				GCC_WARN_64_TO_32_BIT_CONVERSION = YES;
				GCC_WARN_ABOUT_RETURN_TYPE = YES_ERROR;
				GCC_WARN_UNDECLARED_SELECTOR = YES;
				GCC_WARN_UNINITIALIZED_AUTOS = YES_AGGRESSIVE;
				GCC_WARN_UNUSED_FUNCTION = YES;
				GCC_WARN_UNUSED_VARIABLE = YES;
				IPHONEOS_DEPLOYMENT_TARGET = 11.3;
				MTL_ENABLE_DEBUG_INFO = NO;
				SDKROOT = iphoneos;
				VALIDATE_PRODUCT = YES;
			};
			name = Release;
		};
		45D78F36209D3E62003B9317 /* Debug */ = {
			isa = XCBuildConfiguration;
			buildSettings = {
				ASSETCATALOG_COMPILER_APPICON_NAME = AppIcon;
				ASSETCATALOG_COMPILER_LAUNCHIMAGE_NAME = LaunchImage;
				CLANG_CXX_LANGUAGE_STANDARD = "gnu++0x";
				CODE_SIGN_ENTITLEMENTS = iosapp/iosapp.entitlements;
				CODE_SIGN_IDENTITY = "Apple Development";
				CODE_SIGN_STYLE = Automatic;
				DEVELOPMENT_TEAM = M978JH97JT;
				HEADER_SEARCH_PATHS = (
					../c/glfm/,
					../c/gui/,
					../../minijvm/c/jvm,
					"../../minijvm/c/utils/**",
				);
				INFOPLIST_FILE = iosapp/Info.plist;
				IPHONEOS_DEPLOYMENT_TARGET = 9.0;
				LD_RUNPATH_SEARCH_PATHS = (
					"$(inherited)",
					"@executable_path/Frameworks",
				);
				OTHER_CFLAGS = "";
				OTHER_LDFLAGS = "-ObjC";
				PRODUCT_BUNDLE_IDENTIFIER = org.mini.minipack;
				PRODUCT_NAME = "$(TARGET_NAME)";
				PROVISIONING_PROFILE_SPECIFIER = "";
				TARGETED_DEVICE_FAMILY = "1,2";
			};
			name = Debug;
		};
		45D78F37209D3E62003B9317 /* Release */ = {
			isa = XCBuildConfiguration;
			buildSettings = {
				ASSETCATALOG_COMPILER_APPICON_NAME = AppIcon;
				ASSETCATALOG_COMPILER_LAUNCHIMAGE_NAME = LaunchImage;
				CLANG_CXX_LANGUAGE_STANDARD = "gnu++0x";
				CODE_SIGN_ENTITLEMENTS = iosapp/iosapp.entitlements;
				CODE_SIGN_IDENTITY = "Apple Development";
				CODE_SIGN_STYLE = Automatic;
				DEVELOPMENT_TEAM = M978JH97JT;
				HEADER_SEARCH_PATHS = (
					../c/glfm/,
					../c/gui/,
					../../minijvm/c/jvm,
					"../../minijvm/c/utils/**",
				);
				INFOPLIST_FILE = iosapp/Info.plist;
				IPHONEOS_DEPLOYMENT_TARGET = 9.0;
				LD_RUNPATH_SEARCH_PATHS = (
					"$(inherited)",
					"@executable_path/Frameworks",
				);
				OTHER_CFLAGS = "";
				OTHER_LDFLAGS = "-ObjC";
				PRODUCT_BUNDLE_IDENTIFIER = org.mini.minipack;
				PRODUCT_NAME = "$(TARGET_NAME)";
				PROVISIONING_PROFILE_SPECIFIER = "";
				TARGETED_DEVICE_FAMILY = "1,2";
			};
			name = Release;
		};
/* End XCBuildConfiguration section */

/* Begin XCConfigurationList section */
		45D78F1A209D3E61003B9317 /* Build configuration list for PBXProject "iosapp" */ = {
			isa = XCConfigurationList;
			buildConfigurations = (
				45D78F33209D3E62003B9317 /* Debug */,
				45D78F34209D3E62003B9317 /* Release */,
			);
			defaultConfigurationIsVisible = 0;
			defaultConfigurationName = Release;
		};
		45D78F35209D3E62003B9317 /* Build configuration list for PBXNativeTarget "iosapp" */ = {
			isa = XCConfigurationList;
			buildConfigurations = (
				45D78F36209D3E62003B9317 /* Debug */,
				45D78F37209D3E62003B9317 /* Release */,
			);
			defaultConfigurationIsVisible = 0;
			defaultConfigurationName = Release;
		};
/* End XCConfigurationList section */
	};
	rootObject = 45D78F17209D3E61003B9317 /* Project object */;
}
