// !$*UTF8*$!
{
	archiveVersion = 1;
	classes = {
	};
	objectVersion = 50;
	objects = {

/* Begin PBXBuildFile section */
		4535FA2821944F7300B888BA /* jni_minial.m in Sources */ = {isa = PBXBuildFile; fileRef = 4535FA2721944F7300B888BA /* jni_minial.m */; };
		4581C40D226D637C00E88538 /* garbage.c in Sources */ = {isa = PBXBuildFile; fileRef = 4581C35F226D637C00E88538 /* garbage.c */; };
		4581C40E226D637C00E88538 /* runtime.c in Sources */ = {isa = PBXBuildFile; fileRef = 4581C360226D637C00E88538 /* runtime.c */; };
		4581C40F226D637C00E88538 /* jvm.c in Sources */ = {isa = PBXBuildFile; fileRef = 4581C361226D637C00E88538 /* jvm.c */; };
		4581C410226D637C00E88538 /* class.c in Sources */ = {isa = PBXBuildFile; fileRef = 4581C363226D637C00E88538 /* class.c */; };
		4581C411226D637C00E88538 /* jvm_util.c in Sources */ = {isa = PBXBuildFile; fileRef = 4581C364226D637C00E88538 /* jvm_util.c */; };
		4581C412226D637C00E88538 /* java_native_std.c in Sources */ = {isa = PBXBuildFile; fileRef = 4581C36A226D637C00E88538 /* java_native_std.c */; };
		4581C413226D637C00E88538 /* class_load.c in Sources */ = {isa = PBXBuildFile; fileRef = 4581C36C226D637C00E88538 /* class_load.c */; };
		4581C414226D637C00E88538 /* jdwp.c in Sources */ = {isa = PBXBuildFile; fileRef = 4581C36D226D637C00E88538 /* jdwp.c */; };
		4581C415226D637C00E88538 /* interpreter.c in Sources */ = {isa = PBXBuildFile; fileRef = 4581C36E226D637C00E88538 /* interpreter.c */; };
		4581C416226D637C00E88538 /* java_native_reflect.c in Sources */ = {isa = PBXBuildFile; fileRef = 4581C36F226D637C00E88538 /* java_native_reflect.c */; };
		4581C417226D637C00E88538 /* global.c in Sources */ = {isa = PBXBuildFile; fileRef = 4581C370226D637C00E88538 /* global.c */; };
		4581C418226D637C00E88538 /* java_native_io.c in Sources */ = {isa = PBXBuildFile; fileRef = 4581C371226D637C00E88538 /* java_native_io.c */; };
		4581C419226D637C00E88538 /* ltalloc.c in Sources */ = {isa = PBXBuildFile; fileRef = 4581C375226D637C00E88538 /* ltalloc.c */; };
		4581C41A226D637C00E88538 /* miniz.c in Sources */ = {isa = PBXBuildFile; fileRef = 4581C376226D637C00E88538 /* miniz.c */; };
		4581C41B226D637C00E88538 /* hashset.c in Sources */ = {isa = PBXBuildFile; fileRef = 4581C37A226D637C00E88538 /* hashset.c */; };
		4581C41C226D637C00E88538 /* tinycthread.c in Sources */ = {isa = PBXBuildFile; fileRef = 4581C37B226D637C00E88538 /* tinycthread.c */; };
		4581C41D226D637C00E88538 /* arraylist.c in Sources */ = {isa = PBXBuildFile; fileRef = 4581C37C226D637C00E88538 /* arraylist.c */; };
		4581C41E226D637C00E88538 /* utf8_string.c in Sources */ = {isa = PBXBuildFile; fileRef = 4581C37D226D637C00E88538 /* utf8_string.c */; };
		4581C41F226D637C00E88538 /* d_type.c in Sources */ = {isa = PBXBuildFile; fileRef = 4581C37F226D637C00E88538 /* d_type.c */; };
		4581C420226D637C00E88538 /* hashtable.c in Sources */ = {isa = PBXBuildFile; fileRef = 4581C383226D637C00E88538 /* hashtable.c */; };
		4581C421226D637C00E88538 /* miniz_wrapper.c in Sources */ = {isa = PBXBuildFile; fileRef = 4581C384226D637C00E88538 /* miniz_wrapper.c */; };
		4581C422226D637C00E88538 /* bytebuf.c in Sources */ = {isa = PBXBuildFile; fileRef = 4581C385226D637C00E88538 /* bytebuf.c */; };
		4581C423226D637C00E88538 /* linkedlist.c in Sources */ = {isa = PBXBuildFile; fileRef = 4581C38B226D637C00E88538 /* linkedlist.c */; };
		4581C5CC226DA7BE00E88538 /* Assets.xcassets in Resources */ = {isa = PBXBuildFile; fileRef = 45D78F2B209D3E62003B9317 /* Assets.xcassets */; };
		45D78F66209D4330003B9317 /* glfm_platform_emscripten.c in Sources */ = {isa = PBXBuildFile; fileRef = 45D78F45209D4330003B9317 /* glfm_platform_emscripten.c */; };
		45D78F67209D4330003B9317 /* glfm_platform_android.c in Sources */ = {isa = PBXBuildFile; fileRef = 45D78F46209D4330003B9317 /* glfm_platform_android.c */; };
		45D78F68209D4330003B9317 /* glfm_platform_ios.m in Sources */ = {isa = PBXBuildFile; fileRef = 45D78F49209D4330003B9317 /* glfm_platform_ios.m */; };
		45D78F69209D4330003B9317 /* jni_gl.c in Sources */ = {isa = PBXBuildFile; fileRef = 45D78F4C209D4330003B9317 /* jni_gl.c */; };
		45D78F6A209D4330003B9317 /* jni_nanovg.c in Sources */ = {isa = PBXBuildFile; fileRef = 45D78F4F209D4330003B9317 /* jni_nanovg.c */; };
		45D78F6B209D4330003B9317 /* jni_glfm.c in Sources */ = {isa = PBXBuildFile; fileRef = 45D78F57209D4330003B9317 /* jni_glfm.c */; };
		45D78F6C209D4330003B9317 /* glad.c in Sources */ = {isa = PBXBuildFile; fileRef = 45D78F5A209D4330003B9317 /* glad.c */; };
		45D78F6D209D4330003B9317 /* nanovg.c in Sources */ = {isa = PBXBuildFile; fileRef = 45D78F62209D4330003B9317 /* nanovg.c */; };
		45D78F6E209D4330003B9317 /* media.c in Sources */ = {isa = PBXBuildFile; fileRef = 45D78F63209D4330003B9317 /* media.c */; };
		45D78F6F209D4330003B9317 /* main.c in Sources */ = {isa = PBXBuildFile; fileRef = 45D78F65209D4330003B9317 /* main.c */; };
		45D7904B20A002C4003B9317 /* resfiles in Resources */ = {isa = PBXBuildFile; fileRef = 45D7904A20A002C4003B9317 /* resfiles */; };
/* End PBXBuildFile section */

/* Begin PBXFileReference section */
		4535FA2421944E4200B888BA /* dr_mp3.h */ = {isa = PBXFileReference; fileEncoding = 4; lastKnownFileType = sourcecode.c.h; path = dr_mp3.h; sourceTree = "<group>"; };
		4535FA2521944E4200B888BA /* dr_flac.h */ = {isa = PBXFileReference; fileEncoding = 4; lastKnownFileType = sourcecode.c.h; path = dr_flac.h; sourceTree = "<group>"; };
		4535FA2721944F7300B888BA /* jni_minial.m */ = {isa = PBXFileReference; fileEncoding = 4; lastKnownFileType = sourcecode.c.objc; path = jni_minial.m; sourceTree = "<group>"; };
		4581C35F226D637C00E88538 /* garbage.c */ = {isa = PBXFileReference; fileEncoding = 4; lastKnownFileType = sourcecode.c.c; path = garbage.c; sourceTree = "<group>"; };
		4581C360226D637C00E88538 /* runtime.c */ = {isa = PBXFileReference; fileEncoding = 4; lastKnownFileType = sourcecode.c.c; path = runtime.c; sourceTree = "<group>"; };
		4581C361226D637C00E88538 /* jvm.c */ = {isa = PBXFileReference; fileEncoding = 4; lastKnownFileType = sourcecode.c.c; path = jvm.c; sourceTree = "<group>"; };
		4581C362226D637C00E88538 /* jdwp.h */ = {isa = PBXFileReference; fileEncoding = 4; lastKnownFileType = sourcecode.c.h; path = jdwp.h; sourceTree = "<group>"; };
		4581C363226D637C00E88538 /* class.c */ = {isa = PBXFileReference; fileEncoding = 4; lastKnownFileType = sourcecode.c.c; path = class.c; sourceTree = "<group>"; };
		4581C364226D637C00E88538 /* jvm_util.c */ = {isa = PBXFileReference; fileEncoding = 4; lastKnownFileType = sourcecode.c.c; path = jvm_util.c; sourceTree = "<group>"; };
		4581C365226D637C00E88538 /* java_native_std.h */ = {isa = PBXFileReference; fileEncoding = 4; lastKnownFileType = sourcecode.c.h; path = java_native_std.h; sourceTree = "<group>"; };
		4581C366226D637C00E88538 /* java_native_reflect.h */ = {isa = PBXFileReference; fileEncoding = 4; lastKnownFileType = sourcecode.c.h; path = java_native_reflect.h; sourceTree = "<group>"; };
		4581C367226D637C00E88538 /* java_native_io.h */ = {isa = PBXFileReference; fileEncoding = 4; lastKnownFileType = sourcecode.c.h; path = java_native_io.h; sourceTree = "<group>"; };
		4581C368226D637C00E88538 /* jvm.h */ = {isa = PBXFileReference; fileEncoding = 4; lastKnownFileType = sourcecode.c.h; path = jvm.h; sourceTree = "<group>"; };
		4581C369226D637C00E88538 /* garbage.h */ = {isa = PBXFileReference; fileEncoding = 4; lastKnownFileType = sourcecode.c.h; path = garbage.h; sourceTree = "<group>"; };
		4581C36A226D637C00E88538 /* java_native_std.c */ = {isa = PBXFileReference; fileEncoding = 4; lastKnownFileType = sourcecode.c.c; path = java_native_std.c; sourceTree = "<group>"; };
		4581C36B226D637C00E88538 /* jvm_util.h */ = {isa = PBXFileReference; fileEncoding = 4; lastKnownFileType = sourcecode.c.h; path = jvm_util.h; sourceTree = "<group>"; };
		4581C36C226D637C00E88538 /* class_load.c */ = {isa = PBXFileReference; fileEncoding = 4; lastKnownFileType = sourcecode.c.c; path = class_load.c; sourceTree = "<group>"; };
		4581C36D226D637C00E88538 /* jdwp.c */ = {isa = PBXFileReference; fileEncoding = 4; lastKnownFileType = sourcecode.c.c; path = jdwp.c; sourceTree = "<group>"; };
		4581C36E226D637C00E88538 /* interpreter.c */ = {isa = PBXFileReference; fileEncoding = 4; lastKnownFileType = sourcecode.c.c; path = interpreter.c; sourceTree = "<group>"; };
		4581C36F226D637C00E88538 /* java_native_reflect.c */ = {isa = PBXFileReference; fileEncoding = 4; lastKnownFileType = sourcecode.c.c; path = java_native_reflect.c; sourceTree = "<group>"; };
		4581C370226D637C00E88538 /* global.c */ = {isa = PBXFileReference; fileEncoding = 4; lastKnownFileType = sourcecode.c.c; path = global.c; sourceTree = "<group>"; };
		4581C371226D637C00E88538 /* java_native_io.c */ = {isa = PBXFileReference; fileEncoding = 4; lastKnownFileType = sourcecode.c.c; path = java_native_io.c; sourceTree = "<group>"; };
		4581C373226D637C00E88538 /* dirent_win.h */ = {isa = PBXFileReference; fileEncoding = 4; lastKnownFileType = sourcecode.c.h; path = dirent_win.h; sourceTree = "<group>"; };
		4581C374226D637C00E88538 /* spinlock.h */ = {isa = PBXFileReference; fileEncoding = 4; lastKnownFileType = sourcecode.c.h; path = spinlock.h; sourceTree = "<group>"; };
		4581C375226D637C00E88538 /* ltalloc.c */ = {isa = PBXFileReference; fileEncoding = 4; lastKnownFileType = sourcecode.c.c; path = ltalloc.c; sourceTree = "<group>"; };
		4581C376226D637C00E88538 /* miniz.c */ = {isa = PBXFileReference; fileEncoding = 4; lastKnownFileType = sourcecode.c.c; path = miniz.c; sourceTree = "<group>"; };
		4581C377226D637C00E88538 /* bytebuf.h */ = {isa = PBXFileReference; fileEncoding = 4; lastKnownFileType = sourcecode.c.h; path = bytebuf.h; sourceTree = "<group>"; };
		4581C378226D637C00E88538 /* miniz_wrapper.h */ = {isa = PBXFileReference; fileEncoding = 4; lastKnownFileType = sourcecode.c.h; path = miniz_wrapper.h; sourceTree = "<group>"; };
		4581C379226D637C00E88538 /* hashtable.h */ = {isa = PBXFileReference; fileEncoding = 4; lastKnownFileType = sourcecode.c.h; path = hashtable.h; sourceTree = "<group>"; };
		4581C37A226D637C00E88538 /* hashset.c */ = {isa = PBXFileReference; fileEncoding = 4; lastKnownFileType = sourcecode.c.c; path = hashset.c; sourceTree = "<group>"; };
		4581C37B226D637C00E88538 /* tinycthread.c */ = {isa = PBXFileReference; fileEncoding = 4; lastKnownFileType = sourcecode.c.c; path = tinycthread.c; sourceTree = "<group>"; };
		4581C37C226D637C00E88538 /* arraylist.c */ = {isa = PBXFileReference; fileEncoding = 4; lastKnownFileType = sourcecode.c.c; path = arraylist.c; sourceTree = "<group>"; };
		4581C37D226D637C00E88538 /* utf8_string.c */ = {isa = PBXFileReference; fileEncoding = 4; lastKnownFileType = sourcecode.c.c; path = utf8_string.c; sourceTree = "<group>"; };
		4581C37E226D637C00E88538 /* linkedlist.h */ = {isa = PBXFileReference; fileEncoding = 4; lastKnownFileType = sourcecode.c.h; path = linkedlist.h; sourceTree = "<group>"; };
		4581C37F226D637C00E88538 /* d_type.c */ = {isa = PBXFileReference; fileEncoding = 4; lastKnownFileType = sourcecode.c.c; path = d_type.c; sourceTree = "<group>"; };
		4581C380226D637C00E88538 /* miniz.h */ = {isa = PBXFileReference; fileEncoding = 4; lastKnownFileType = sourcecode.c.h; path = miniz.h; sourceTree = "<group>"; };
		4581C381226D637C00E88538 /* ltalloc.h */ = {isa = PBXFileReference; fileEncoding = 4; lastKnownFileType = sourcecode.c.h; path = ltalloc.h; sourceTree = "<group>"; };
		4581C382226D637C00E88538 /* hashset.h */ = {isa = PBXFileReference; fileEncoding = 4; lastKnownFileType = sourcecode.c.h; path = hashset.h; sourceTree = "<group>"; };
		4581C383226D637C00E88538 /* hashtable.c */ = {isa = PBXFileReference; fileEncoding = 4; lastKnownFileType = sourcecode.c.c; path = hashtable.c; sourceTree = "<group>"; };
		4581C384226D637C00E88538 /* miniz_wrapper.c */ = {isa = PBXFileReference; fileEncoding = 4; lastKnownFileType = sourcecode.c.c; path = miniz_wrapper.c; sourceTree = "<group>"; };
		4581C385226D637C00E88538 /* bytebuf.c */ = {isa = PBXFileReference; fileEncoding = 4; lastKnownFileType = sourcecode.c.c; path = bytebuf.c; sourceTree = "<group>"; };
		4581C386226D637C00E88538 /* pairlist.h */ = {isa = PBXFileReference; fileEncoding = 4; lastKnownFileType = sourcecode.c.h; path = pairlist.h; sourceTree = "<group>"; };
		4581C387226D637C00E88538 /* utf8_string.h */ = {isa = PBXFileReference; fileEncoding = 4; lastKnownFileType = sourcecode.c.h; path = utf8_string.h; sourceTree = "<group>"; };
		4581C388226D637C00E88538 /* arraylist.h */ = {isa = PBXFileReference; fileEncoding = 4; lastKnownFileType = sourcecode.c.h; path = arraylist.h; sourceTree = "<group>"; };
		4581C389226D637C00E88538 /* tinycthread.h */ = {isa = PBXFileReference; fileEncoding = 4; lastKnownFileType = sourcecode.c.h; path = tinycthread.h; sourceTree = "<group>"; };
		4581C38A226D637C00E88538 /* d_type.h */ = {isa = PBXFileReference; fileEncoding = 4; lastKnownFileType = sourcecode.c.h; path = d_type.h; sourceTree = "<group>"; };
		4581C38B226D637C00E88538 /* linkedlist.c */ = {isa = PBXFileReference; fileEncoding = 4; lastKnownFileType = sourcecode.c.c; path = linkedlist.c; sourceTree = "<group>"; };
		45D78F1F209D3E61003B9317 /* iosapp.app */ = {isa = PBXFileReference; explicitFileType = wrapper.application; includeInIndex = 0; path = iosapp.app; sourceTree = BUILT_PRODUCTS_DIR; };
		45D78F2B209D3E62003B9317 /* Assets.xcassets */ = {isa = PBXFileReference; lastKnownFileType = folder.assetcatalog; path = Assets.xcassets; sourceTree = "<group>"; };
		45D78F30209D3E62003B9317 /* Info.plist */ = {isa = PBXFileReference; lastKnownFileType = text.plist.xml; path = Info.plist; sourceTree = "<group>"; };
		45D78F45209D4330003B9317 /* glfm_platform_emscripten.c */ = {isa = PBXFileReference; fileEncoding = 4; lastKnownFileType = sourcecode.c.c; path = glfm_platform_emscripten.c; sourceTree = "<group>"; };
		45D78F46209D4330003B9317 /* glfm_platform_android.c */ = {isa = PBXFileReference; fileEncoding = 4; lastKnownFileType = sourcecode.c.c; path = glfm_platform_android.c; sourceTree = "<group>"; };
		45D78F47209D4330003B9317 /* glfm.h */ = {isa = PBXFileReference; fileEncoding = 4; lastKnownFileType = sourcecode.c.h; path = glfm.h; sourceTree = "<group>"; };
		45D78F48209D4330003B9317 /* glfm_platform.h */ = {isa = PBXFileReference; fileEncoding = 4; lastKnownFileType = sourcecode.c.h; path = glfm_platform.h; sourceTree = "<group>"; };
		45D78F49209D4330003B9317 /* glfm_platform_ios.m */ = {isa = PBXFileReference; fileEncoding = 4; lastKnownFileType = sourcecode.c.objc; path = glfm_platform_ios.m; sourceTree = "<group>"; };
		45D78F4B209D4330003B9317 /* jni_nanovg_assist.h */ = {isa = PBXFileReference; fileEncoding = 4; lastKnownFileType = sourcecode.c.h; path = jni_nanovg_assist.h; sourceTree = "<group>"; };
		45D78F4C209D4330003B9317 /* jni_gl.c */ = {isa = PBXFileReference; fileEncoding = 4; lastKnownFileType = sourcecode.c.c; path = jni_gl.c; sourceTree = "<group>"; };
		45D78F4E209D4330003B9317 /* linmath.h */ = {isa = PBXFileReference; fileEncoding = 4; lastKnownFileType = sourcecode.c.h; path = linmath.h; sourceTree = "<group>"; };
		45D78F4F209D4330003B9317 /* jni_nanovg.c */ = {isa = PBXFileReference; fileEncoding = 4; lastKnownFileType = sourcecode.c.c; path = jni_nanovg.c; sourceTree = "<group>"; };
		45D78F50209D4330003B9317 /* media.h */ = {isa = PBXFileReference; fileEncoding = 4; lastKnownFileType = sourcecode.c.h; path = media.h; sourceTree = "<group>"; };
		45D78F52209D4330003B9317 /* stb_image_write.h */ = {isa = PBXFileReference; fileEncoding = 4; lastKnownFileType = sourcecode.c.h; path = stb_image_write.h; sourceTree = "<group>"; };
		45D78F53209D4330003B9317 /* stb_image.h */ = {isa = PBXFileReference; fileEncoding = 4; lastKnownFileType = sourcecode.c.h; path = stb_image.h; sourceTree = "<group>"; };
		45D78F54209D4330003B9317 /* stb_truetype.h */ = {isa = PBXFileReference; fileEncoding = 4; lastKnownFileType = sourcecode.c.h; path = stb_truetype.h; sourceTree = "<group>"; };
		45D78F56209D4330003B9317 /* khrplatform.h */ = {isa = PBXFileReference; fileEncoding = 4; lastKnownFileType = sourcecode.c.h; path = khrplatform.h; sourceTree = "<group>"; };
		45D78F57209D4330003B9317 /* jni_glfm.c */ = {isa = PBXFileReference; fileEncoding = 4; lastKnownFileType = sourcecode.c.c; path = jni_glfm.c; sourceTree = "<group>"; };
		45D78F59209D4330003B9317 /* glad.h */ = {isa = PBXFileReference; fileEncoding = 4; lastKnownFileType = sourcecode.c.h; path = glad.h; sourceTree = "<group>"; };
		45D78F5A209D4330003B9317 /* glad.c */ = {isa = PBXFileReference; fileEncoding = 4; lastKnownFileType = sourcecode.c.c; path = glad.c; sourceTree = "<group>"; };
		45D78F5B209D4330003B9317 /* glad_jni_assist.h */ = {isa = PBXFileReference; fileEncoding = 4; lastKnownFileType = sourcecode.c.h; path = glad_jni_assist.h; sourceTree = "<group>"; };
		45D78F5C209D4330003B9317 /* jni_stb_assist.h */ = {isa = PBXFileReference; fileEncoding = 4; lastKnownFileType = sourcecode.c.h; path = jni_stb_assist.h; sourceTree = "<group>"; };
		45D78F5E209D4330003B9317 /* nanovg_gl.h */ = {isa = PBXFileReference; fileEncoding = 4; lastKnownFileType = sourcecode.c.h; path = nanovg_gl.h; sourceTree = "<group>"; };
		45D78F5F209D4330003B9317 /* nanovg.h */ = {isa = PBXFileReference; fileEncoding = 4; lastKnownFileType = sourcecode.c.h; path = nanovg.h; sourceTree = "<group>"; };
		45D78F60209D4330003B9317 /* fontstash.h */ = {isa = PBXFileReference; fileEncoding = 4; lastKnownFileType = sourcecode.c.h; path = fontstash.h; sourceTree = "<group>"; };
		45D78F61209D4330003B9317 /* nanovg_gl_utils.h */ = {isa = PBXFileReference; fileEncoding = 4; lastKnownFileType = sourcecode.c.h; path = nanovg_gl_utils.h; sourceTree = "<group>"; };
		45D78F62209D4330003B9317 /* nanovg.c */ = {isa = PBXFileReference; fileEncoding = 4; lastKnownFileType = sourcecode.c.c; path = nanovg.c; sourceTree = "<group>"; };
		45D78F63209D4330003B9317 /* media.c */ = {isa = PBXFileReference; fileEncoding = 4; lastKnownFileType = sourcecode.c.c; path = media.c; sourceTree = "<group>"; };
		45D78F65209D4330003B9317 /* main.c */ = {isa = PBXFileReference; fileEncoding = 4; lastKnownFileType = sourcecode.c.c; path = main.c; sourceTree = "<group>"; };
		45D7904A20A002C4003B9317 /* resfiles */ = {isa = PBXFileReference; lastKnownFileType = folder; name = resfiles; path = ../assets/resfiles; sourceTree = "<group>"; };
		45F5E8432175E5000001F587 /* iosapp.entitlements */ = {isa = PBXFileReference; lastKnownFileType = text.plist.entitlements; path = iosapp.entitlements; sourceTree = "<group>"; };
		45F65EB9224E343800390C0D /* miniaudio.h */ = {isa = PBXFileReference; fileEncoding = 4; lastKnownFileType = sourcecode.c.h; path = miniaudio.h; sourceTree = "<group>"; };
/* End PBXFileReference section */

/* Begin PBXFrameworksBuildPhase section */
		45D78F1C209D3E61003B9317 /* Frameworks */ = {
			isa = PBXFrameworksBuildPhase;
			buildActionMask = 2147483647;
			files = (
			);
			runOnlyForDeploymentPostprocessing = 0;
		};
/* End PBXFrameworksBuildPhase section */

/* Begin PBXGroup section */
		4535FA2321944E4200B888BA /* minial */ = {
			isa = PBXGroup;
			children = (
				45F65EB9224E343800390C0D /* miniaudio.h */,
				4535FA2421944E4200B888BA /* dr_mp3.h */,
				4535FA2521944E4200B888BA /* dr_flac.h */,
			);
			path = minial;
			sourceTree = "<group>";
		};
		4581C30A226D637C00E88538 /* c */ = {
			isa = PBXGroup;
			children = (
				4581C35E226D637C00E88538 /* jvm */,
				4581C372226D637C00E88538 /* utils */,
			);
			name = c;
			path = ../../../minijvm/c;
			sourceTree = "<group>";
		};
		4581C35E226D637C00E88538 /* jvm */ = {
			isa = PBXGroup;
			children = (
				4581C35F226D637C00E88538 /* garbage.c */,
				4581C360226D637C00E88538 /* runtime.c */,
				4581C361226D637C00E88538 /* jvm.c */,
				4581C362226D637C00E88538 /* jdwp.h */,
				4581C363226D637C00E88538 /* class.c */,
				4581C364226D637C00E88538 /* jvm_util.c */,
				4581C365226D637C00E88538 /* java_native_std.h */,
				4581C366226D637C00E88538 /* java_native_reflect.h */,
				4581C367226D637C00E88538 /* java_native_io.h */,
				4581C368226D637C00E88538 /* jvm.h */,
				4581C369226D637C00E88538 /* garbage.h */,
				4581C36A226D637C00E88538 /* java_native_std.c */,
				4581C36B226D637C00E88538 /* jvm_util.h */,
				4581C36C226D637C00E88538 /* class_load.c */,
				4581C36D226D637C00E88538 /* jdwp.c */,
				4581C36E226D637C00E88538 /* interpreter.c */,
				4581C36F226D637C00E88538 /* java_native_reflect.c */,
				4581C370226D637C00E88538 /* global.c */,
				4581C371226D637C00E88538 /* java_native_io.c */,
			);
			path = jvm;
			sourceTree = "<group>";
		};
		4581C372226D637C00E88538 /* utils */ = {
			isa = PBXGroup;
			children = (
				4581C373226D637C00E88538 /* dirent_win.h */,
				4581C374226D637C00E88538 /* spinlock.h */,
				4581C375226D637C00E88538 /* ltalloc.c */,
				4581C376226D637C00E88538 /* miniz.c */,
				4581C377226D637C00E88538 /* bytebuf.h */,
				4581C378226D637C00E88538 /* miniz_wrapper.h */,
				4581C379226D637C00E88538 /* hashtable.h */,
				4581C37A226D637C00E88538 /* hashset.c */,
				4581C37B226D637C00E88538 /* tinycthread.c */,
				4581C37C226D637C00E88538 /* arraylist.c */,
				4581C37D226D637C00E88538 /* utf8_string.c */,
				4581C37E226D637C00E88538 /* linkedlist.h */,
				4581C37F226D637C00E88538 /* d_type.c */,
				4581C380226D637C00E88538 /* miniz.h */,
				4581C381226D637C00E88538 /* ltalloc.h */,
				4581C382226D637C00E88538 /* hashset.h */,
				4581C383226D637C00E88538 /* hashtable.c */,
				4581C384226D637C00E88538 /* miniz_wrapper.c */,
				4581C385226D637C00E88538 /* bytebuf.c */,
				4581C386226D637C00E88538 /* pairlist.h */,
				4581C387226D637C00E88538 /* utf8_string.h */,
				4581C388226D637C00E88538 /* arraylist.h */,
				4581C389226D637C00E88538 /* tinycthread.h */,
				4581C38A226D637C00E88538 /* d_type.h */,
				4581C38B226D637C00E88538 /* linkedlist.c */,
			);
			path = utils;
			sourceTree = "<group>";
		};
		45ADDF6B21625C5A00F469AC /* Frameworks */ = {
			isa = PBXGroup;
			children = (
			);
			name = Frameworks;
			sourceTree = "<group>";
		};
		45D78F16209D3E61003B9317 = {
			isa = PBXGroup;
			children = (
				45D78F21209D3E61003B9317 /* iosapp */,
				45D78F20209D3E61003B9317 /* Products */,
				45D7904A20A002C4003B9317 /* resfiles */,
				45ADDF6B21625C5A00F469AC /* Frameworks */,
			);
			sourceTree = "<group>";
		};
		45D78F20209D3E61003B9317 /* Products */ = {
			isa = PBXGroup;
			children = (
				45D78F1F209D3E61003B9317 /* iosapp.app */,
			);
			name = Products;
			sourceTree = "<group>";
		};
		45D78F21209D3E61003B9317 /* iosapp */ = {
			isa = PBXGroup;
			children = (
				4581C30A226D637C00E88538 /* c */,
				45F5E8432175E5000001F587 /* iosapp.entitlements */,
				45D78F2B209D3E62003B9317 /* Assets.xcassets */,
				45D78F44209D4330003B9317 /* glfm */,
				45D78F64209D4330003B9317 /* glfmapp */,
				45D78F4A209D4330003B9317 /* gui */,
				45D78F30209D3E62003B9317 /* Info.plist */,
			);
			path = iosapp;
			sourceTree = "<group>";
		};
		45D78F44209D4330003B9317 /* glfm */ = {
			isa = PBXGroup;
			children = (
				45D78F45209D4330003B9317 /* glfm_platform_emscripten.c */,
				45D78F46209D4330003B9317 /* glfm_platform_android.c */,
				45D78F47209D4330003B9317 /* glfm.h */,
				45D78F48209D4330003B9317 /* glfm_platform.h */,
				45D78F49209D4330003B9317 /* glfm_platform_ios.m */,
			);
			name = glfm;
			path = ../../c/glfm;
			sourceTree = "<group>";
		};
		45D78F4A209D4330003B9317 /* gui */ = {
			isa = PBXGroup;
			children = (
				45D78F58209D4330003B9317 /* glad */,
				45D78F4C209D4330003B9317 /* jni_gl.c */,
				45D78F57209D4330003B9317 /* jni_glfm.c */,
				4535FA2721944F7300B888BA /* jni_minial.m */,
				45D78F4B209D4330003B9317 /* jni_nanovg_assist.h */,
				45D78F4F209D4330003B9317 /* jni_nanovg.c */,
				45D78F5C209D4330003B9317 /* jni_stb_assist.h */,
				45D78F55209D4330003B9317 /* KHR */,
				45D78F63209D4330003B9317 /* media.c */,
				45D78F50209D4330003B9317 /* media.h */,
				4535FA2321944E4200B888BA /* minial */,
				45D78F5D209D4330003B9317 /* nanovg */,
				45D78F4D209D4330003B9317 /* other */,
				45D78F51209D4330003B9317 /* stb */,
			);
			name = gui;
			path = ../../c/gui;
			sourceTree = "<group>";
		};
		45D78F4D209D4330003B9317 /* other */ = {
			isa = PBXGroup;
			children = (
				45D78F4E209D4330003B9317 /* linmath.h */,
			);
			path = other;
			sourceTree = "<group>";
		};
		45D78F51209D4330003B9317 /* stb */ = {
			isa = PBXGroup;
			children = (
				45D78F52209D4330003B9317 /* stb_image_write.h */,
				45D78F53209D4330003B9317 /* stb_image.h */,
				45D78F54209D4330003B9317 /* stb_truetype.h */,
			);
			path = stb;
			sourceTree = "<group>";
		};
		45D78F55209D4330003B9317 /* KHR */ = {
			isa = PBXGroup;
			children = (
				45D78F56209D4330003B9317 /* khrplatform.h */,
			);
			path = KHR;
			sourceTree = "<group>";
		};
		45D78F58209D4330003B9317 /* glad */ = {
			isa = PBXGroup;
			children = (
				45D78F59209D4330003B9317 /* glad.h */,
				45D78F5A209D4330003B9317 /* glad.c */,
				45D78F5B209D4330003B9317 /* glad_jni_assist.h */,
			);
			path = glad;
			sourceTree = "<group>";
		};
		45D78F5D209D4330003B9317 /* nanovg */ = {
			isa = PBXGroup;
			children = (
				45D78F5E209D4330003B9317 /* nanovg_gl.h */,
				45D78F5F209D4330003B9317 /* nanovg.h */,
				45D78F60209D4330003B9317 /* fontstash.h */,
				45D78F61209D4330003B9317 /* nanovg_gl_utils.h */,
				45D78F62209D4330003B9317 /* nanovg.c */,
			);
			path = nanovg;
			sourceTree = "<group>";
		};
		45D78F64209D4330003B9317 /* glfmapp */ = {
			isa = PBXGroup;
			children = (
				45D78F65209D4330003B9317 /* main.c */,
			);
			name = glfmapp;
			path = ../../c/glfmapp;
			sourceTree = "<group>";
		};
/* End PBXGroup section */

/* Begin PBXNativeTarget section */
		45D78F1E209D3E61003B9317 /* iosapp */ = {
			isa = PBXNativeTarget;
			buildConfigurationList = 45D78F35209D3E62003B9317 /* Build configuration list for PBXNativeTarget "iosapp" */;
			buildPhases = (
				45D78F1B209D3E61003B9317 /* Sources */,
				45D78F1C209D3E61003B9317 /* Frameworks */,
				45D78F1D209D3E61003B9317 /* Resources */,
				45D79049209E0420003B9317 /* ShellScript */,
			);
			buildRules = (
			);
			dependencies = (
			);
			name = iosapp;
			productName = iosapp;
			productReference = 45D78F1F209D3E61003B9317 /* iosapp.app */;
			productType = "com.apple.product-type.application";
		};
/* End PBXNativeTarget section */

/* Begin PBXProject section */
		45D78F17209D3E61003B9317 /* Project object */ = {
			isa = PBXProject;
			attributes = {
				LastUpgradeCheck = 0930;
				ORGANIZATIONNAME = Gust;
				TargetAttributes = {
					45D78F1E209D3E61003B9317 = {
						CreatedOnToolsVersion = 9.3;
						SystemCapabilities = {
							com.apple.BackgroundModes = {
								enabled = 0;
							};
							com.apple.Push = {
								enabled = 1;
							};
						};
					};
				};
			};
			buildConfigurationList = 45D78F1A209D3E61003B9317 /* Build configuration list for PBXProject "iosapp" */;
			compatibilityVersion = "Xcode 9.3";
			developmentRegion = en;
			hasScannedForEncodings = 0;
			knownRegions = (
				en,
				Base,
			);
			mainGroup = 45D78F16209D3E61003B9317;
			productRefGroup = 45D78F20209D3E61003B9317 /* Products */;
			projectDirPath = "";
			projectRoot = "";
			targets = (
				45D78F1E209D3E61003B9317 /* iosapp */,
			);
		};
/* End PBXProject section */

/* Begin PBXResourcesBuildPhase section */
		45D78F1D209D3E61003B9317 /* Resources */ = {
			isa = PBXResourcesBuildPhase;
			buildActionMask = 2147483647;
			files = (
				4581C5CC226DA7BE00E88538 /* Assets.xcassets in Resources */,
				45D7904B20A002C4003B9317 /* resfiles in Resources */,
			);
			runOnlyForDeploymentPostprocessing = 0;
		};
/* End PBXResourcesBuildPhase section */

/* Begin PBXShellScriptBuildPhase section */
		45D79049209E0420003B9317 /* ShellScript */ = {
			isa = PBXShellScriptBuildPhase;
			buildActionMask = 2147483647;
			files = (
			);
			inputPaths = (
			);
			outputPaths = (
			);
			runOnlyForDeploymentPostprocessing = 0;
			shellPath = /bin/sh;
			shellScript = "\n#jarfile=\"./../../../../javaSrc/g3d/dist/g3d.jar\"\n#if [ -f \"${jarfile}\" ]; then\n#cp \"${jarfile}\" ../assets/resfiles/\n#fi\n";
		};
/* End PBXShellScriptBuildPhase section */

/* Begin PBXSourcesBuildPhase section */
		45D78F1B209D3E61003B9317 /* Sources */ = {
			isa = PBXSourcesBuildPhase;
			buildActionMask = 2147483647;
			files = (
				4581C410226D637C00E88538 /* class.c in Sources */,
				4581C423226D637C00E88538 /* linkedlist.c in Sources */,
				4581C40F226D637C00E88538 /* jvm.c in Sources */,
				4581C413226D637C00E88538 /* class_load.c in Sources */,
				4581C41C226D637C00E88538 /* tinycthread.c in Sources */,
				4581C41F226D637C00E88538 /* d_type.c in Sources */,
				45D78F69209D4330003B9317 /* jni_gl.c in Sources */,
				45D78F6B209D4330003B9317 /* jni_glfm.c in Sources */,
				45D78F6D209D4330003B9317 /* nanovg.c in Sources */,
				4581C41B226D637C00E88538 /* hashset.c in Sources */,
				4581C420226D637C00E88538 /* hashtable.c in Sources */,
				4581C422226D637C00E88538 /* bytebuf.c in Sources */,
				4581C40D226D637C00E88538 /* garbage.c in Sources */,
				45D78F6A209D4330003B9317 /* jni_nanovg.c in Sources */,
				4581C41D226D637C00E88538 /* arraylist.c in Sources */,
				4581C421226D637C00E88538 /* miniz_wrapper.c in Sources */,
				4581C418226D637C00E88538 /* java_native_io.c in Sources */,
				4581C416226D637C00E88538 /* java_native_reflect.c in Sources */,
				45D78F6E209D4330003B9317 /* media.c in Sources */,
				4581C419226D637C00E88538 /* ltalloc.c in Sources */,
				45D78F67209D4330003B9317 /* glfm_platform_android.c in Sources */,
				4581C41A226D637C00E88538 /* miniz.c in Sources */,
				45D78F6F209D4330003B9317 /* main.c in Sources */,
				45D78F68209D4330003B9317 /* glfm_platform_ios.m in Sources */,
				45D78F66209D4330003B9317 /* glfm_platform_emscripten.c in Sources */,
				4581C417226D637C00E88538 /* global.c in Sources */,
				4535FA2821944F7300B888BA /* jni_minial.m in Sources */,
				4581C412226D637C00E88538 /* java_native_std.c in Sources */,
				4581C415226D637C00E88538 /* interpreter.c in Sources */,
				4581C41E226D637C00E88538 /* utf8_string.c in Sources */,
				4581C40E226D637C00E88538 /* runtime.c in Sources */,
				4581C411226D637C00E88538 /* jvm_util.c in Sources */,
				4581C414226D637C00E88538 /* jdwp.c in Sources */,
				45D78F6C209D4330003B9317 /* glad.c in Sources */,
			);
			runOnlyForDeploymentPostprocessing = 0;
		};
/* End PBXSourcesBuildPhase section */

/* Begin XCBuildConfiguration section */
		45D78F33209D3E62003B9317 /* Debug */ = {
			isa = XCBuildConfiguration;
			buildSettings = {
				ALWAYS_SEARCH_USER_PATHS = NO;
				CLANG_ANALYZER_NONNULL = YES;
				CLANG_ANALYZER_NUMBER_OBJECT_CONVERSION = YES_AGGRESSIVE;
				CLANG_CXX_LANGUAGE_STANDARD = "gnu++14";
				CLANG_CXX_LIBRARY = "libc++";
				CLANG_ENABLE_MODULES = YES;
				CLANG_ENABLE_OBJC_ARC = YES;
				CLANG_ENABLE_OBJC_WEAK = YES;
				CLANG_WARN_BLOCK_CAPTURE_AUTORELEASING = YES;
				CLANG_WARN_BOOL_CONVERSION = YES;
				CLANG_WARN_COMMA = YES;
				CLANG_WARN_CONSTANT_CONVERSION = YES;
				CLANG_WARN_DEPRECATED_OBJC_IMPLEMENTATIONS = YES;
				CLANG_WARN_DIRECT_OBJC_ISA_USAGE = YES_ERROR;
				CLANG_WARN_DOCUMENTATION_COMMENTS = YES;
				CLANG_WARN_EMPTY_BODY = YES;
				CLANG_WARN_ENUM_CONVERSION = YES;
				CLANG_WARN_INFINITE_RECURSION = YES;
				CLANG_WARN_INT_CONVERSION = YES;
				CLANG_WARN_NON_LITERAL_NULL_CONVERSION = YES;
				CLANG_WARN_OBJC_IMPLICIT_RETAIN_SELF = YES;
				CLANG_WARN_OBJC_LITERAL_CONVERSION = YES;
				CLANG_WARN_OBJC_ROOT_CLASS = YES_ERROR;
				CLANG_WARN_RANGE_LOOP_ANALYSIS = YES;
				CLANG_WARN_STRICT_PROTOTYPES = YES;
				CLANG_WARN_SUSPICIOUS_MOVE = YES;
				CLANG_WARN_UNGUARDED_AVAILABILITY = YES_AGGRESSIVE;
				CLANG_WARN_UNREACHABLE_CODE = YES;
				CLANG_WARN__DUPLICATE_METHOD_MATCH = YES;
				CODE_SIGN_IDENTITY = "iPhone Developer";
				COPY_PHASE_STRIP = NO;
				DEBUG_INFORMATION_FORMAT = dwarf;
				ENABLE_STRICT_OBJC_MSGSEND = YES;
				ENABLE_TESTABILITY = YES;
				GCC_C_LANGUAGE_STANDARD = gnu11;
				GCC_DYNAMIC_NO_PIC = NO;
				GCC_NO_COMMON_BLOCKS = YES;
				GCC_OPTIMIZATION_LEVEL = 0;
				GCC_PREPROCESSOR_DEFINITIONS = (
					"DEBUG=1",
					"$(inherited)",
				);
				GCC_WARN_64_TO_32_BIT_CONVERSION = YES;
				GCC_WARN_ABOUT_RETURN_TYPE = YES_ERROR;
				GCC_WARN_UNDECLARED_SELECTOR = YES;
				GCC_WARN_UNINITIALIZED_AUTOS = YES_AGGRESSIVE;
				GCC_WARN_UNUSED_FUNCTION = YES;
				GCC_WARN_UNUSED_VARIABLE = YES;
				IPHONEOS_DEPLOYMENT_TARGET = 11.3;
				MTL_ENABLE_DEBUG_INFO = YES;
				ONLY_ACTIVE_ARCH = YES;
				SDKROOT = iphoneos;
			};
			name = Debug;
		};
		45D78F34209D3E62003B9317 /* Release */ = {
			isa = XCBuildConfiguration;
			buildSettings = {
				ALWAYS_SEARCH_USER_PATHS = NO;
				CLANG_ANALYZER_NONNULL = YES;
				CLANG_ANALYZER_NUMBER_OBJECT_CONVERSION = YES_AGGRESSIVE;
				CLANG_CXX_LANGUAGE_STANDARD = "gnu++14";
				CLANG_CXX_LIBRARY = "libc++";
				CLANG_ENABLE_MODULES = YES;
				CLANG_ENABLE_OBJC_ARC = YES;
				CLANG_ENABLE_OBJC_WEAK = YES;
				CLANG_WARN_BLOCK_CAPTURE_AUTORELEASING = YES;
				CLANG_WARN_BOOL_CONVERSION = YES;
				CLANG_WARN_COMMA = YES;
				CLANG_WARN_CONSTANT_CONVERSION = YES;
				CLANG_WARN_DEPRECATED_OBJC_IMPLEMENTATIONS = YES;
				CLANG_WARN_DIRECT_OBJC_ISA_USAGE = YES_ERROR;
				CLANG_WARN_DOCUMENTATION_COMMENTS = YES;
				CLANG_WARN_EMPTY_BODY = YES;
				CLANG_WARN_ENUM_CONVERSION = YES;
				CLANG_WARN_INFINITE_RECURSION = YES;
				CLANG_WARN_INT_CONVERSION = YES;
				CLANG_WARN_NON_LITERAL_NULL_CONVERSION = YES;
				CLANG_WARN_OBJC_IMPLICIT_RETAIN_SELF = YES;
				CLANG_WARN_OBJC_LITERAL_CONVERSION = YES;
				CLANG_WARN_OBJC_ROOT_CLASS = YES_ERROR;
				CLANG_WARN_RANGE_LOOP_ANALYSIS = YES;
				CLANG_WARN_STRICT_PROTOTYPES = YES;
				CLANG_WARN_SUSPICIOUS_MOVE = YES;
				CLANG_WARN_UNGUARDED_AVAILABILITY = YES_AGGRESSIVE;
				CLANG_WARN_UNREACHABLE_CODE = YES;
				CLANG_WARN__DUPLICATE_METHOD_MATCH = YES;
				CODE_SIGN_IDENTITY = "iPhone Developer";
				COPY_PHASE_STRIP = NO;
				DEBUG_INFORMATION_FORMAT = "dwarf-with-dsym";
				ENABLE_NS_ASSERTIONS = NO;
				ENABLE_STRICT_OBJC_MSGSEND = YES;
				GCC_C_LANGUAGE_STANDARD = gnu11;
				GCC_NO_COMMON_BLOCKS = YES;
				GCC_WARN_64_TO_32_BIT_CONVERSION = YES;
				GCC_WARN_ABOUT_RETURN_TYPE = YES_ERROR;
				GCC_WARN_UNDECLARED_SELECTOR = YES;
				GCC_WARN_UNINITIALIZED_AUTOS = YES_AGGRESSIVE;
				GCC_WARN_UNUSED_FUNCTION = YES;
				GCC_WARN_UNUSED_VARIABLE = YES;
				IPHONEOS_DEPLOYMENT_TARGET = 11.3;
				MTL_ENABLE_DEBUG_INFO = NO;
				SDKROOT = iphoneos;
				VALIDATE_PRODUCT = YES;
			};
			name = Release;
		};
		45D78F36209D3E62003B9317 /* Debug */ = {
			isa = XCBuildConfiguration;
			buildSettings = {
				ASSETCATALOG_COMPILER_APPICON_NAME = AppIcon;
				ASSETCATALOG_COMPILER_LAUNCHIMAGE_NAME = LaunchImage;
				CLANG_CXX_LANGUAGE_STANDARD = "gnu++0x";
				CODE_SIGN_ENTITLEMENTS = iosapp/iosapp.entitlements;
				CODE_SIGN_IDENTITY = "iPhone Developer";
				CODE_SIGN_STYLE = Automatic;
				DEVELOPMENT_TEAM = M978JH97JT;
				"HEADER_SEARCH_PATHS[arch=*]" = (
					../c/glfm/,
					../c/gui/,
					../../../mini_jvm/jvm,
					../../../mini_jvm/utils,
				);
				INFOPLIST_FILE = iosapp/Info.plist;
				IPHONEOS_DEPLOYMENT_TARGET = 9.0;
				LD_RUNPATH_SEARCH_PATHS = (
					"$(inherited)",
					"@executable_path/Frameworks",
				);
				PRODUCT_BUNDLE_IDENTIFIER = com.minijvm.minipack;
				PRODUCT_NAME = "$(TARGET_NAME)";
				PROVISIONING_PROFILE_SPECIFIER = "";
				TARGETED_DEVICE_FAMILY = 1;
			};
			name = Debug;
		};
		45D78F37209D3E62003B9317 /* Release */ = {
			isa = XCBuildConfiguration;
			buildSettings = {
				ASSETCATALOG_COMPILER_APPICON_NAME = AppIcon;
				ASSETCATALOG_COMPILER_LAUNCHIMAGE_NAME = LaunchImage;
				CLANG_CXX_LANGUAGE_STANDARD = "gnu++0x";
				CODE_SIGN_ENTITLEMENTS = iosapp/iosapp.entitlements;
				CODE_SIGN_IDENTITY = "iPhone Developer";
				CODE_SIGN_STYLE = Automatic;
				DEVELOPMENT_TEAM = M978JH97JT;
				"HEADER_SEARCH_PATHS[arch=*]" = (
					../c/glfm/,
					../c/gui/,
					../../../mini_jvm/jvm,
					../../../mini_jvm/utils,
				);
				INFOPLIST_FILE = iosapp/Info.plist;
				IPHONEOS_DEPLOYMENT_TARGET = 9.0;
				LD_RUNPATH_SEARCH_PATHS = (
					"$(inherited)",
					"@executable_path/Frameworks",
				);
				PRODUCT_BUNDLE_IDENTIFIER = com.minijvm.minipack;
				PRODUCT_NAME = "$(TARGET_NAME)";
				PROVISIONING_PROFILE_SPECIFIER = "";
				TARGETED_DEVICE_FAMILY = 1;
			};
			name = Release;
		};
/* End XCBuildConfiguration section */

/* Begin XCConfigurationList section */
		45D78F1A209D3E61003B9317 /* Build configuration list for PBXProject "iosapp" */ = {
			isa = XCConfigurationList;
			buildConfigurations = (
				45D78F33209D3E62003B9317 /* Debug */,
				45D78F34209D3E62003B9317 /* Release */,
			);
			defaultConfigurationIsVisible = 0;
			defaultConfigurationName = Release;
		};
		45D78F35209D3E62003B9317 /* Build configuration list for PBXNativeTarget "iosapp" */ = {
			isa = XCConfigurationList;
			buildConfigurations = (
				45D78F36209D3E62003B9317 /* Debug */,
				45D78F37209D3E62003B9317 /* Release */,
			);
			defaultConfigurationIsVisible = 0;
			defaultConfigurationName = Release;
		};
/* End XCConfigurationList section */
	};
	rootObject = 45D78F17209D3E61003B9317 /* Project object */;
}
